
Microsoft Visual Studio Solution File, Format Version 12.00
# Visual Studio 15
VisualStudioVersion = 15.0.26403.7
MinimumVisualStudioVersion = 10.0.40219.1
Project("{FAE04EC0-301F-11D3-BF4B-00C04F79EFBC}") = "VGtime.Services", "VGtime.Services\VGtime.Services.csproj", "{EFBE8575-C14F-4FB1-8702-41ED214A18D1}"
EndProject
Project("{FAE04EC0-301F-11D3-BF4B-00C04F79EFBC}") = "VGtime.Models", "VGtime.Models\VGtime.Models.csproj", "{C70780E2-F68C-4F53-A8EE-FB449D926B8B}"
EndProject
Project("{FAE04EC0-301F-11D3-BF4B-00C04F79EFBC}") = "VGtime.Services.Tests", "VGtime.Services.Tests\VGtime.Services.Tests.csproj", "{C956136F-417E-4359-8BA2-676B8627993B}"
EndProject
Project("{FAE04EC0-301F-11D3-BF4B-00C04F79EFBC}") = "VGtime.Utils", "VGtime.Utils\VGtime.Utils.csproj", "{667A8EB0-178D-45D0-9E9A-0F7EC270FA3B}"
EndProject
Project("{FAE04EC0-301F-11D3-BF4B-00C04F79EFBC}") = "VGtime.Uwp.15063", "VGtime.Uwp.15063\VGtime.Uwp.15063.csproj", "{3E7EBB89-CB20-429C-B238-3686D859AFFA}"
EndProject
Project("{FAE04EC0-301F-11D3-BF4B-00C04F79EFBC}") = "SoftwareKobo.Utils.Uwp", "..\Libraries\SoftwareKobo.Utils.Uwp\SoftwareKobo.Utils.Uwp.csproj", "{E325FCD6-2E6B-44FC-85D0-D49957258C98}"
EndProject
Project("{9A19103F-16F7-4668-BE54-9A1E7A4F7556}") = "SoftwareKobo.Utils", "..\Libraries\SoftwareKobo.Utils\SoftwareKobo.Utils.csproj", "{5A2DCD3B-CCDA-449B-B6D9-929F9FD5455E}"
EndProject
Project("{2150E333-8FDC-42A3-9474-1A3956D46DE8}") = "Libraries", "Libraries", "{DC3C5043-506D-4314-BFBE-B2A7D44BFB4A}"
EndProject
Project("{FAE04EC0-301F-11D3-BF4B-00C04F79EFBC}") = "VGtime.Services.Uwp.15063", "VGtime.Services.Uwp.15063\VGtime.Services.Uwp.15063.csproj", "{73432F3D-CD13-49AB-A77E-863141680F3E}"
EndProject
Project("{FAE04EC0-301F-11D3-BF4B-00C04F79EFBC}") = "SoftwareKobo.Icons", "..\Libraries\SoftwareKobo.Icons\SoftwareKobo.Icons.csproj", "{F9127F6D-C993-4071-B7D2-22C6A317D1D1}"
EndProject
Project("{FAE04EC0-301F-11D3-BF4B-00C04F79EFBC}") = "SoftwareKobo.Controls.ToastPrompt.Uwp", "..\Libraries\SoftwareKobo.Controls.ToastPrompt.Uwp\SoftwareKobo.Controls.ToastPrompt.Uwp.csproj", "{C48BD2CB-FB6A-4677-A2F0-B04F07360B6A}"
EndProject
Project("{FAE04EC0-301F-11D3-BF4B-00C04F79EFBC}") = "VGtime.Configuration", "VGtime.Configuration\VGtime.Configuration.csproj", "{41F0003F-C8AB-4A96-B8C0-3A32BFC5FCE3}"
EndProject
Project("{FAE04EC0-301F-11D3-BF4B-00C04F79EFBC}") = "VGtime.Configuration.Uwp.15063", "VGtime.Configuration.Uwp.15063\VGtime.Configuration.Uwp.15063.csproj", "{3C4A1D90-7B99-421D-86E1-1384A9F5812F}"
EndProject
Project("{9A19103F-16F7-4668-BE54-9A1E7A4F7556}") = "SoftwareKobo.Controls.ImageEx.Core", "..\Libraries\SoftwareKobo.Controls.ImageEx.Core\SoftwareKobo.Controls.ImageEx.Core.csproj", "{218DD945-B472-4D22-B8B4-3FDF88B9F361}"
EndProject
Project("{FAE04EC0-301F-11D3-BF4B-00C04F79EFBC}") = "SoftwareKobo.Controls.ImageEx.Uwp", "..\Libraries\SoftwareKobo.Controls.ImageEx.Uwp\SoftwareKobo.Controls.ImageEx.Uwp.csproj", "{3D0A2072-6B7C-4C2F-B350-38FBF3547899}"
EndProject
Project("{FAE04EC0-301F-11D3-BF4B-00C04F79EFBC}") = "SoftwareKobo.Controls.ImageEx.Uwp.14393", "..\Libraries\SoftwareKobo.Controls.ImageEx.Uwp.14393\SoftwareKobo.Controls.ImageEx.Uwp.14393.csproj", "{6AB289CA-714C-4D98-962D-E7EBB445AEC1}"
EndProject
Global
	GlobalSection(SolutionConfigurationPlatforms) = preSolution
		Debug|Any CPU = Debug|Any CPU
		Debug|ARM = Debug|ARM
		Debug|x64 = Debug|x64
		Debug|x86 = Debug|x86
		Release|Any CPU = Release|Any CPU
		Release|ARM = Release|ARM
		Release|x64 = Release|x64
		Release|x86 = Release|x86
	EndGlobalSection
	GlobalSection(ProjectConfigurationPlatforms) = postSolution
		{EFBE8575-C14F-4FB1-8702-41ED214A18D1}.Debug|Any CPU.ActiveCfg = Debug|Any CPU
		{EFBE8575-C14F-4FB1-8702-41ED214A18D1}.Debug|Any CPU.Build.0 = Debug|Any CPU
		{EFBE8575-C14F-4FB1-8702-41ED214A18D1}.Debug|ARM.ActiveCfg = Debug|Any CPU
		{EFBE8575-C14F-4FB1-8702-41ED214A18D1}.Debug|ARM.Build.0 = Debug|Any CPU
		{EFBE8575-C14F-4FB1-8702-41ED214A18D1}.Debug|x64.ActiveCfg = Debug|Any CPU
		{EFBE8575-C14F-4FB1-8702-41ED214A18D1}.Debug|x64.Build.0 = Debug|Any CPU
		{EFBE8575-C14F-4FB1-8702-41ED214A18D1}.Debug|x86.ActiveCfg = Debug|Any CPU
		{EFBE8575-C14F-4FB1-8702-41ED214A18D1}.Debug|x86.Build.0 = Debug|Any CPU
		{EFBE8575-C14F-4FB1-8702-41ED214A18D1}.Release|Any CPU.ActiveCfg = Release|Any CPU
		{EFBE8575-C14F-4FB1-8702-41ED214A18D1}.Release|Any CPU.Build.0 = Release|Any CPU
		{EFBE8575-C14F-4FB1-8702-41ED214A18D1}.Release|ARM.ActiveCfg = Release|Any CPU
		{EFBE8575-C14F-4FB1-8702-41ED214A18D1}.Release|ARM.Build.0 = Release|Any CPU
		{EFBE8575-C14F-4FB1-8702-41ED214A18D1}.Release|x64.ActiveCfg = Release|Any CPU
		{EFBE8575-C14F-4FB1-8702-41ED214A18D1}.Release|x64.Build.0 = Release|Any CPU
		{EFBE8575-C14F-4FB1-8702-41ED214A18D1}.Release|x86.ActiveCfg = Release|Any CPU
		{EFBE8575-C14F-4FB1-8702-41ED214A18D1}.Release|x86.Build.0 = Release|Any CPU
		{C70780E2-F68C-4F53-A8EE-FB449D926B8B}.Debug|Any CPU.ActiveCfg = Debug|Any CPU
		{C70780E2-F68C-4F53-A8EE-FB449D926B8B}.Debug|Any CPU.Build.0 = Debug|Any CPU
		{C70780E2-F68C-4F53-A8EE-FB449D926B8B}.Debug|ARM.ActiveCfg = Debug|Any CPU
		{C70780E2-F68C-4F53-A8EE-FB449D926B8B}.Debug|ARM.Build.0 = Debug|Any CPU
		{C70780E2-F68C-4F53-A8EE-FB449D926B8B}.Debug|x64.ActiveCfg = Debug|Any CPU
		{C70780E2-F68C-4F53-A8EE-FB449D926B8B}.Debug|x64.Build.0 = Debug|Any CPU
		{C70780E2-F68C-4F53-A8EE-FB449D926B8B}.Debug|x86.ActiveCfg = Debug|Any CPU
		{C70780E2-F68C-4F53-A8EE-FB449D926B8B}.Debug|x86.Build.0 = Debug|Any CPU
		{C70780E2-F68C-4F53-A8EE-FB449D926B8B}.Release|Any CPU.ActiveCfg = Release|Any CPU
		{C70780E2-F68C-4F53-A8EE-FB449D926B8B}.Release|Any CPU.Build.0 = Release|Any CPU
		{C70780E2-F68C-4F53-A8EE-FB449D926B8B}.Release|ARM.ActiveCfg = Release|Any CPU
		{C70780E2-F68C-4F53-A8EE-FB449D926B8B}.Release|ARM.Build.0 = Release|Any CPU
		{C70780E2-F68C-4F53-A8EE-FB449D926B8B}.Release|x64.ActiveCfg = Release|Any CPU
		{C70780E2-F68C-4F53-A8EE-FB449D926B8B}.Release|x64.Build.0 = Release|Any CPU
		{C70780E2-F68C-4F53-A8EE-FB449D926B8B}.Release|x86.ActiveCfg = Release|Any CPU
		{C70780E2-F68C-4F53-A8EE-FB449D926B8B}.Release|x86.Build.0 = Release|Any CPU
		{C956136F-417E-4359-8BA2-676B8627993B}.Debug|Any CPU.ActiveCfg = Debug|Any CPU
		{C956136F-417E-4359-8BA2-676B8627993B}.Debug|Any CPU.Build.0 = Debug|Any CPU
		{C956136F-417E-4359-8BA2-676B8627993B}.Debug|ARM.ActiveCfg = Debug|Any CPU
		{C956136F-417E-4359-8BA2-676B8627993B}.Debug|ARM.Build.0 = Debug|Any CPU
		{C956136F-417E-4359-8BA2-676B8627993B}.Debug|x64.ActiveCfg = Debug|Any CPU
		{C956136F-417E-4359-8BA2-676B8627993B}.Debug|x64.Build.0 = Debug|Any CPU
		{C956136F-417E-4359-8BA2-676B8627993B}.Debug|x86.ActiveCfg = Debug|Any CPU
		{C956136F-417E-4359-8BA2-676B8627993B}.Debug|x86.Build.0 = Debug|Any CPU
		{C956136F-417E-4359-8BA2-676B8627993B}.Release|Any CPU.ActiveCfg = Release|Any CPU
		{C956136F-417E-4359-8BA2-676B8627993B}.Release|Any CPU.Build.0 = Release|Any CPU
		{C956136F-417E-4359-8BA2-676B8627993B}.Release|ARM.ActiveCfg = Release|Any CPU
		{C956136F-417E-4359-8BA2-676B8627993B}.Release|ARM.Build.0 = Release|Any CPU
		{C956136F-417E-4359-8BA2-676B8627993B}.Release|x64.ActiveCfg = Release|Any CPU
		{C956136F-417E-4359-8BA2-676B8627993B}.Release|x64.Build.0 = Release|Any CPU
		{C956136F-417E-4359-8BA2-676B8627993B}.Release|x86.ActiveCfg = Release|Any CPU
		{C956136F-417E-4359-8BA2-676B8627993B}.Release|x86.Build.0 = Release|Any CPU
		{667A8EB0-178D-45D0-9E9A-0F7EC270FA3B}.Debug|Any CPU.ActiveCfg = Debug|Any CPU
		{667A8EB0-178D-45D0-9E9A-0F7EC270FA3B}.Debug|Any CPU.Build.0 = Debug|Any CPU
		{667A8EB0-178D-45D0-9E9A-0F7EC270FA3B}.Debug|ARM.ActiveCfg = Debug|Any CPU
		{667A8EB0-178D-45D0-9E9A-0F7EC270FA3B}.Debug|ARM.Build.0 = Debug|Any CPU
		{667A8EB0-178D-45D0-9E9A-0F7EC270FA3B}.Debug|x64.ActiveCfg = Debug|Any CPU
		{667A8EB0-178D-45D0-9E9A-0F7EC270FA3B}.Debug|x64.Build.0 = Debug|Any CPU
		{667A8EB0-178D-45D0-9E9A-0F7EC270FA3B}.Debug|x86.ActiveCfg = Debug|Any CPU
		{667A8EB0-178D-45D0-9E9A-0F7EC270FA3B}.Debug|x86.Build.0 = Debug|Any CPU
		{667A8EB0-178D-45D0-9E9A-0F7EC270FA3B}.Release|Any CPU.ActiveCfg = Release|Any CPU
		{667A8EB0-178D-45D0-9E9A-0F7EC270FA3B}.Release|Any CPU.Build.0 = Release|Any CPU
		{667A8EB0-178D-45D0-9E9A-0F7EC270FA3B}.Release|ARM.ActiveCfg = Release|Any CPU
		{667A8EB0-178D-45D0-9E9A-0F7EC270FA3B}.Release|ARM.Build.0 = Release|Any CPU
		{667A8EB0-178D-45D0-9E9A-0F7EC270FA3B}.Release|x64.ActiveCfg = Release|Any CPU
		{667A8EB0-178D-45D0-9E9A-0F7EC270FA3B}.Release|x64.Build.0 = Release|Any CPU
		{667A8EB0-178D-45D0-9E9A-0F7EC270FA3B}.Release|x86.ActiveCfg = Release|Any CPU
		{667A8EB0-178D-45D0-9E9A-0F7EC270FA3B}.Release|x86.Build.0 = Release|Any CPU
		{3E7EBB89-CB20-429C-B238-3686D859AFFA}.Debug|Any CPU.ActiveCfg = Debug|x86
		{3E7EBB89-CB20-429C-B238-3686D859AFFA}.Debug|ARM.ActiveCfg = Debug|ARM
		{3E7EBB89-CB20-429C-B238-3686D859AFFA}.Debug|ARM.Build.0 = Debug|ARM
		{3E7EBB89-CB20-429C-B238-3686D859AFFA}.Debug|ARM.Deploy.0 = Debug|ARM
		{3E7EBB89-CB20-429C-B238-3686D859AFFA}.Debug|x64.ActiveCfg = Debug|x64
		{3E7EBB89-CB20-429C-B238-3686D859AFFA}.Debug|x64.Build.0 = Debug|x64
		{3E7EBB89-CB20-429C-B238-3686D859AFFA}.Debug|x64.Deploy.0 = Debug|x64
		{3E7EBB89-CB20-429C-B238-3686D859AFFA}.Debug|x86.ActiveCfg = Debug|x86
		{3E7EBB89-CB20-429C-B238-3686D859AFFA}.Debug|x86.Build.0 = Debug|x86
		{3E7EBB89-CB20-429C-B238-3686D859AFFA}.Debug|x86.Deploy.0 = Debug|x86
		{3E7EBB89-CB20-429C-B238-3686D859AFFA}.Release|Any CPU.ActiveCfg = Release|x86
		{3E7EBB89-CB20-429C-B238-3686D859AFFA}.Release|ARM.ActiveCfg = Release|ARM
		{3E7EBB89-CB20-429C-B238-3686D859AFFA}.Release|ARM.Build.0 = Release|ARM
		{3E7EBB89-CB20-429C-B238-3686D859AFFA}.Release|ARM.Deploy.0 = Release|ARM
		{3E7EBB89-CB20-429C-B238-3686D859AFFA}.Release|x64.ActiveCfg = Release|x64
		{3E7EBB89-CB20-429C-B238-3686D859AFFA}.Release|x64.Build.0 = Release|x64
		{3E7EBB89-CB20-429C-B238-3686D859AFFA}.Release|x64.Deploy.0 = Release|x64
		{3E7EBB89-CB20-429C-B238-3686D859AFFA}.Release|x86.ActiveCfg = Release|x86
		{3E7EBB89-CB20-429C-B238-3686D859AFFA}.Release|x86.Build.0 = Release|x86
		{3E7EBB89-CB20-429C-B238-3686D859AFFA}.Release|x86.Deploy.0 = Release|x86
		{E325FCD6-2E6B-44FC-85D0-D49957258C98}.Debug|Any CPU.ActiveCfg = Debug|Any CPU
		{E325FCD6-2E6B-44FC-85D0-D49957258C98}.Debug|Any CPU.Build.0 = Debug|Any CPU
		{E325FCD6-2E6B-44FC-85D0-D49957258C98}.Debug|ARM.ActiveCfg = Debug|ARM
		{E325FCD6-2E6B-44FC-85D0-D49957258C98}.Debug|ARM.Build.0 = Debug|ARM
		{E325FCD6-2E6B-44FC-85D0-D49957258C98}.Debug|x64.ActiveCfg = Debug|x64
		{E325FCD6-2E6B-44FC-85D0-D49957258C98}.Debug|x64.Build.0 = Debug|x64
		{E325FCD6-2E6B-44FC-85D0-D49957258C98}.Debug|x86.ActiveCfg = Debug|x86
		{E325FCD6-2E6B-44FC-85D0-D49957258C98}.Debug|x86.Build.0 = Debug|x86
		{E325FCD6-2E6B-44FC-85D0-D49957258C98}.Release|Any CPU.ActiveCfg = Release|Any CPU
		{E325FCD6-2E6B-44FC-85D0-D49957258C98}.Release|Any CPU.Build.0 = Release|Any CPU
		{E325FCD6-2E6B-44FC-85D0-D49957258C98}.Release|ARM.ActiveCfg = Release|ARM
		{E325FCD6-2E6B-44FC-85D0-D49957258C98}.Release|ARM.Build.0 = Release|ARM
		{E325FCD6-2E6B-44FC-85D0-D49957258C98}.Release|x64.ActiveCfg = Release|x64
		{E325FCD6-2E6B-44FC-85D0-D49957258C98}.Release|x64.Build.0 = Release|x64
		{E325FCD6-2E6B-44FC-85D0-D49957258C98}.Release|x86.ActiveCfg = Release|x86
		{E325FCD6-2E6B-44FC-85D0-D49957258C98}.Release|x86.Build.0 = Release|x86
		{5A2DCD3B-CCDA-449B-B6D9-929F9FD5455E}.Debug|Any CPU.ActiveCfg = Debug|Any CPU
		{5A2DCD3B-CCDA-449B-B6D9-929F9FD5455E}.Debug|Any CPU.Build.0 = Debug|Any CPU
		{5A2DCD3B-CCDA-449B-B6D9-929F9FD5455E}.Debug|ARM.ActiveCfg = Debug|Any CPU
		{5A2DCD3B-CCDA-449B-B6D9-929F9FD5455E}.Debug|ARM.Build.0 = Debug|Any CPU
		{5A2DCD3B-CCDA-449B-B6D9-929F9FD5455E}.Debug|x64.ActiveCfg = Debug|Any CPU
		{5A2DCD3B-CCDA-449B-B6D9-929F9FD5455E}.Debug|x64.Build.0 = Debug|Any CPU
		{5A2DCD3B-CCDA-449B-B6D9-929F9FD5455E}.Debug|x86.ActiveCfg = Debug|Any CPU
		{5A2DCD3B-CCDA-449B-B6D9-929F9FD5455E}.Debug|x86.Build.0 = Debug|Any CPU
		{5A2DCD3B-CCDA-449B-B6D9-929F9FD5455E}.Release|Any CPU.ActiveCfg = Release|Any CPU
		{5A2DCD3B-CCDA-449B-B6D9-929F9FD5455E}.Release|Any CPU.Build.0 = Release|Any CPU
		{5A2DCD3B-CCDA-449B-B6D9-929F9FD5455E}.Release|ARM.ActiveCfg = Release|Any CPU
		{5A2DCD3B-CCDA-449B-B6D9-929F9FD5455E}.Release|ARM.Build.0 = Release|Any CPU
		{5A2DCD3B-CCDA-449B-B6D9-929F9FD5455E}.Release|x64.ActiveCfg = Release|Any CPU
		{5A2DCD3B-CCDA-449B-B6D9-929F9FD5455E}.Release|x64.Build.0 = Release|Any CPU
		{5A2DCD3B-CCDA-449B-B6D9-929F9FD5455E}.Release|x86.ActiveCfg = Release|Any CPU
		{5A2DCD3B-CCDA-449B-B6D9-929F9FD5455E}.Release|x86.Build.0 = Release|Any CPU
		{73432F3D-CD13-49AB-A77E-863141680F3E}.Debug|Any CPU.ActiveCfg = Debug|Any CPU
		{73432F3D-CD13-49AB-A77E-863141680F3E}.Debug|Any CPU.Build.0 = Debug|Any CPU
		{73432F3D-CD13-49AB-A77E-863141680F3E}.Debug|ARM.ActiveCfg = Debug|ARM
		{73432F3D-CD13-49AB-A77E-863141680F3E}.Debug|ARM.Build.0 = Debug|ARM
		{73432F3D-CD13-49AB-A77E-863141680F3E}.Debug|x64.ActiveCfg = Debug|x64
		{73432F3D-CD13-49AB-A77E-863141680F3E}.Debug|x64.Build.0 = Debug|x64
		{73432F3D-CD13-49AB-A77E-863141680F3E}.Debug|x86.ActiveCfg = Debug|x86
		{73432F3D-CD13-49AB-A77E-863141680F3E}.Debug|x86.Build.0 = Debug|x86
		{73432F3D-CD13-49AB-A77E-863141680F3E}.Release|Any CPU.ActiveCfg = Release|Any CPU
		{73432F3D-CD13-49AB-A77E-863141680F3E}.Release|Any CPU.Build.0 = Release|Any CPU
		{73432F3D-CD13-49AB-A77E-863141680F3E}.Release|ARM.ActiveCfg = Release|ARM
		{73432F3D-CD13-49AB-A77E-863141680F3E}.Release|ARM.Build.0 = Release|ARM
		{73432F3D-CD13-49AB-A77E-863141680F3E}.Release|x64.ActiveCfg = Release|x64
		{73432F3D-CD13-49AB-A77E-863141680F3E}.Release|x64.Build.0 = Release|x64
		{73432F3D-CD13-49AB-A77E-863141680F3E}.Release|x86.ActiveCfg = Release|x86
		{73432F3D-CD13-49AB-A77E-863141680F3E}.Release|x86.Build.0 = Release|x86
		{F9127F6D-C993-4071-B7D2-22C6A317D1D1}.Debug|Any CPU.ActiveCfg = Debug|Any CPU
		{F9127F6D-C993-4071-B7D2-22C6A317D1D1}.Debug|Any CPU.Build.0 = Debug|Any CPU
		{F9127F6D-C993-4071-B7D2-22C6A317D1D1}.Debug|ARM.ActiveCfg = Debug|ARM
		{F9127F6D-C993-4071-B7D2-22C6A317D1D1}.Debug|ARM.Build.0 = Debug|ARM
		{F9127F6D-C993-4071-B7D2-22C6A317D1D1}.Debug|x64.ActiveCfg = Debug|x64
		{F9127F6D-C993-4071-B7D2-22C6A317D1D1}.Debug|x64.Build.0 = Debug|x64
		{F9127F6D-C993-4071-B7D2-22C6A317D1D1}.Debug|x86.ActiveCfg = Debug|x86
		{F9127F6D-C993-4071-B7D2-22C6A317D1D1}.Debug|x86.Build.0 = Debug|x86
		{F9127F6D-C993-4071-B7D2-22C6A317D1D1}.Release|Any CPU.ActiveCfg = Release|Any CPU
		{F9127F6D-C993-4071-B7D2-22C6A317D1D1}.Release|Any CPU.Build.0 = Release|Any CPU
		{F9127F6D-C993-4071-B7D2-22C6A317D1D1}.Release|ARM.ActiveCfg = Release|ARM
		{F9127F6D-C993-4071-B7D2-22C6A317D1D1}.Release|ARM.Build.0 = Release|ARM
		{F9127F6D-C993-4071-B7D2-22C6A317D1D1}.Release|x64.ActiveCfg = Release|x64
		{F9127F6D-C993-4071-B7D2-22C6A317D1D1}.Release|x64.Build.0 = Release|x64
		{F9127F6D-C993-4071-B7D2-22C6A317D1D1}.Release|x86.ActiveCfg = Release|x86
		{F9127F6D-C993-4071-B7D2-22C6A317D1D1}.Release|x86.Build.0 = Release|x86
		{C48BD2CB-FB6A-4677-A2F0-B04F07360B6A}.Debug|Any CPU.ActiveCfg = Debug|Any CPU
		{C48BD2CB-FB6A-4677-A2F0-B04F07360B6A}.Debug|Any CPU.Build.0 = Debug|Any CPU
		{C48BD2CB-FB6A-4677-A2F0-B04F07360B6A}.Debug|ARM.ActiveCfg = Debug|ARM
		{C48BD2CB-FB6A-4677-A2F0-B04F07360B6A}.Debug|ARM.Build.0 = Debug|ARM
		{C48BD2CB-FB6A-4677-A2F0-B04F07360B6A}.Debug|x64.ActiveCfg = Debug|x64
		{C48BD2CB-FB6A-4677-A2F0-B04F07360B6A}.Debug|x64.Build.0 = Debug|x64
		{C48BD2CB-FB6A-4677-A2F0-B04F07360B6A}.Debug|x86.ActiveCfg = Debug|x86
		{C48BD2CB-FB6A-4677-A2F0-B04F07360B6A}.Debug|x86.Build.0 = Debug|x86
		{C48BD2CB-FB6A-4677-A2F0-B04F07360B6A}.Release|Any CPU.ActiveCfg = Release|Any CPU
		{C48BD2CB-FB6A-4677-A2F0-B04F07360B6A}.Release|Any CPU.Build.0 = Release|Any CPU
		{C48BD2CB-FB6A-4677-A2F0-B04F07360B6A}.Release|ARM.ActiveCfg = Release|ARM
		{C48BD2CB-FB6A-4677-A2F0-B04F07360B6A}.Release|ARM.Build.0 = Release|ARM
		{C48BD2CB-FB6A-4677-A2F0-B04F07360B6A}.Release|x64.ActiveCfg = Release|x64
		{C48BD2CB-FB6A-4677-A2F0-B04F07360B6A}.Release|x64.Build.0 = Release|x64
		{C48BD2CB-FB6A-4677-A2F0-B04F07360B6A}.Release|x86.ActiveCfg = Release|x86
		{C48BD2CB-FB6A-4677-A2F0-B04F07360B6A}.Release|x86.Build.0 = Release|x86
		{41F0003F-C8AB-4A96-B8C0-3A32BFC5FCE3}.Debug|Any CPU.ActiveCfg = Debug|Any CPU
		{41F0003F-C8AB-4A96-B8C0-3A32BFC5FCE3}.Debug|Any CPU.Build.0 = Debug|Any CPU
		{41F0003F-C8AB-4A96-B8C0-3A32BFC5FCE3}.Debug|ARM.ActiveCfg = Debug|Any CPU
		{41F0003F-C8AB-4A96-B8C0-3A32BFC5FCE3}.Debug|ARM.Build.0 = Debug|Any CPU
		{41F0003F-C8AB-4A96-B8C0-3A32BFC5FCE3}.Debug|x64.ActiveCfg = Debug|Any CPU
		{41F0003F-C8AB-4A96-B8C0-3A32BFC5FCE3}.Debug|x64.Build.0 = Debug|Any CPU
		{41F0003F-C8AB-4A96-B8C0-3A32BFC5FCE3}.Debug|x86.ActiveCfg = Debug|Any CPU
		{41F0003F-C8AB-4A96-B8C0-3A32BFC5FCE3}.Debug|x86.Build.0 = Debug|Any CPU
		{41F0003F-C8AB-4A96-B8C0-3A32BFC5FCE3}.Release|Any CPU.ActiveCfg = Release|Any CPU
		{41F0003F-C8AB-4A96-B8C0-3A32BFC5FCE3}.Release|Any CPU.Build.0 = Release|Any CPU
		{41F0003F-C8AB-4A96-B8C0-3A32BFC5FCE3}.Release|ARM.ActiveCfg = Release|Any CPU
		{41F0003F-C8AB-4A96-B8C0-3A32BFC5FCE3}.Release|ARM.Build.0 = Release|Any CPU
		{41F0003F-C8AB-4A96-B8C0-3A32BFC5FCE3}.Release|x64.ActiveCfg = Release|Any CPU
		{41F0003F-C8AB-4A96-B8C0-3A32BFC5FCE3}.Release|x64.Build.0 = Release|Any CPU
		{41F0003F-C8AB-4A96-B8C0-3A32BFC5FCE3}.Release|x86.ActiveCfg = Release|Any CPU
		{41F0003F-C8AB-4A96-B8C0-3A32BFC5FCE3}.Release|x86.Build.0 = Release|Any CPU
		{3C4A1D90-7B99-421D-86E1-1384A9F5812F}.Debug|Any CPU.ActiveCfg = Debug|Any CPU
		{3C4A1D90-7B99-421D-86E1-1384A9F5812F}.Debug|Any CPU.Build.0 = Debug|Any CPU
		{3C4A1D90-7B99-421D-86E1-1384A9F5812F}.Debug|ARM.ActiveCfg = Debug|ARM
		{3C4A1D90-7B99-421D-86E1-1384A9F5812F}.Debug|ARM.Build.0 = Debug|ARM
		{3C4A1D90-7B99-421D-86E1-1384A9F5812F}.Debug|x64.ActiveCfg = Debug|x64
		{3C4A1D90-7B99-421D-86E1-1384A9F5812F}.Debug|x64.Build.0 = Debug|x64
		{3C4A1D90-7B99-421D-86E1-1384A9F5812F}.Debug|x86.ActiveCfg = Debug|x86
		{3C4A1D90-7B99-421D-86E1-1384A9F5812F}.Debug|x86.Build.0 = Debug|x86
		{3C4A1D90-7B99-421D-86E1-1384A9F5812F}.Release|Any CPU.ActiveCfg = Release|Any CPU
		{3C4A1D90-7B99-421D-86E1-1384A9F5812F}.Release|Any CPU.Build.0 = Release|Any CPU
		{3C4A1D90-7B99-421D-86E1-1384A9F5812F}.Release|ARM.ActiveCfg = Release|ARM
		{3C4A1D90-7B99-421D-86E1-1384A9F5812F}.Release|ARM.Build.0 = Release|ARM
		{3C4A1D90-7B99-421D-86E1-1384A9F5812F}.Release|x64.ActiveCfg = Release|x64
		{3C4A1D90-7B99-421D-86E1-1384A9F5812F}.Release|x64.Build.0 = Release|x64
		{3C4A1D90-7B99-421D-86E1-1384A9F5812F}.Release|x86.ActiveCfg = Release|x86
		{3C4A1D90-7B99-421D-86E1-1384A9F5812F}.Release|x86.Build.0 = Release|x86
		{218DD945-B472-4D22-B8B4-3FDF88B9F361}.Debug|Any CPU.ActiveCfg = Debug|Any CPU
		{218DD945-B472-4D22-B8B4-3FDF88B9F361}.Debug|Any CPU.Build.0 = Debug|Any CPU
		{218DD945-B472-4D22-B8B4-3FDF88B9F361}.Debug|ARM.ActiveCfg = Debug|Any CPU
		{218DD945-B472-4D22-B8B4-3FDF88B9F361}.Debug|ARM.Build.0 = Debug|Any CPU
		{218DD945-B472-4D22-B8B4-3FDF88B9F361}.Debug|x64.ActiveCfg = Debug|Any CPU
		{218DD945-B472-4D22-B8B4-3FDF88B9F361}.Debug|x64.Build.0 = Debug|Any CPU
		{218DD945-B472-4D22-B8B4-3FDF88B9F361}.Debug|x86.ActiveCfg = Debug|Any CPU
		{218DD945-B472-4D22-B8B4-3FDF88B9F361}.Debug|x86.Build.0 = Debug|Any CPU
		{218DD945-B472-4D22-B8B4-3FDF88B9F361}.Release|Any CPU.ActiveCfg = Release|Any CPU
		{218DD945-B472-4D22-B8B4-3FDF88B9F361}.Release|Any CPU.Build.0 = Release|Any CPU
		{218DD945-B472-4D22-B8B4-3FDF88B9F361}.Release|ARM.ActiveCfg = Release|Any CPU
		{218DD945-B472-4D22-B8B4-3FDF88B9F361}.Release|ARM.Build.0 = Release|Any CPU
		{218DD945-B472-4D22-B8B4-3FDF88B9F361}.Release|x64.ActiveCfg = Release|Any CPU
		{218DD945-B472-4D22-B8B4-3FDF88B9F361}.Release|x64.Build.0 = Release|Any CPU
		{218DD945-B472-4D22-B8B4-3FDF88B9F361}.Release|x86.ActiveCfg = Release|Any CPU
		{218DD945-B472-4D22-B8B4-3FDF88B9F361}.Release|x86.Build.0 = Release|Any CPU
		{3D0A2072-6B7C-4C2F-B350-38FBF3547899}.Debug|Any CPU.ActiveCfg = Debug|Any CPU
		{3D0A2072-6B7C-4C2F-B350-38FBF3547899}.Debug|Any CPU.Build.0 = Debug|Any CPU
		{3D0A2072-6B7C-4C2F-B350-38FBF3547899}.Debug|ARM.ActiveCfg = Debug|ARM
		{3D0A2072-6B7C-4C2F-B350-38FBF3547899}.Debug|ARM.Build.0 = Debug|ARM
		{3D0A2072-6B7C-4C2F-B350-38FBF3547899}.Debug|x64.ActiveCfg = Debug|x64
		{3D0A2072-6B7C-4C2F-B350-38FBF3547899}.Debug|x64.Build.0 = Debug|x64
		{3D0A2072-6B7C-4C2F-B350-38FBF3547899}.Debug|x86.ActiveCfg = Debug|x86
		{3D0A2072-6B7C-4C2F-B350-38FBF3547899}.Debug|x86.Build.0 = Debug|x86
		{3D0A2072-6B7C-4C2F-B350-38FBF3547899}.Release|Any CPU.ActiveCfg = Release|Any CPU
		{3D0A2072-6B7C-4C2F-B350-38FBF3547899}.Release|Any CPU.Build.0 = Release|Any CPU
		{3D0A2072-6B7C-4C2F-B350-38FBF3547899}.Release|ARM.ActiveCfg = Release|ARM
		{3D0A2072-6B7C-4C2F-B350-38FBF3547899}.Release|ARM.Build.0 = Release|ARM
		{3D0A2072-6B7C-4C2F-B350-38FBF3547899}.Release|x64.ActiveCfg = Release|x64
		{3D0A2072-6B7C-4C2F-B350-38FBF3547899}.Release|x64.Build.0 = Release|x64
		{3D0A2072-6B7C-4C2F-B350-38FBF3547899}.Release|x86.ActiveCfg = Release|x86
		{3D0A2072-6B7C-4C2F-B350-38FBF3547899}.Release|x86.Build.0 = Release|x86
		{6AB289CA-714C-4D98-962D-E7EBB445AEC1}.Debug|Any CPU.ActiveCfg = Debug|Any CPU
		{6AB289CA-714C-4D98-962D-E7EBB445AEC1}.Debug|Any CPU.Build.0 = Debug|Any CPU
		{6AB289CA-714C-4D98-962D-E7EBB445AEC1}.Debug|ARM.ActiveCfg = Debug|ARM
		{6AB289CA-714C-4D98-962D-E7EBB445AEC1}.Debug|ARM.Build.0 = Debug|ARM
		{6AB289CA-714C-4D98-962D-E7EBB445AEC1}.Debug|x64.ActiveCfg = Debug|x64
		{6AB289CA-714C-4D98-962D-E7EBB445AEC1}.Debug|x64.Build.0 = Debug|x64
		{6AB289CA-714C-4D98-962D-E7EBB445AEC1}.Debug|x86.ActiveCfg = Debug|x86
		{6AB289CA-714C-4D98-962D-E7EBB445AEC1}.Debug|x86.Build.0 = Debug|x86
		{6AB289CA-714C-4D98-962D-E7EBB445AEC1}.Release|Any CPU.ActiveCfg = Release|Any CPU
		{6AB289CA-714C-4D98-962D-E7EBB445AEC1}.Release|Any CPU.Build.0 = Release|Any CPU
		{6AB289CA-714C-4D98-962D-E7EBB445AEC1}.Release|ARM.ActiveCfg = Release|ARM
		{6AB289CA-714C-4D98-962D-E7EBB445AEC1}.Release|ARM.Build.0 = Release|ARM
		{6AB289CA-714C-4D98-962D-E7EBB445AEC1}.Release|x64.ActiveCfg = Release|x64
		{6AB289CA-714C-4D98-962D-E7EBB445AEC1}.Release|x64.Build.0 = Release|x64
		{6AB289CA-714C-4D98-962D-E7EBB445AEC1}.Release|x86.ActiveCfg = Release|x86
		{6AB289CA-714C-4D98-962D-E7EBB445AEC1}.Release|x86.Build.0 = Release|x86
	EndGlobalSection
	GlobalSection(SolutionProperties) = preSolution
		HideSolutionNode = FALSE
	EndGlobalSection
	GlobalSection(NestedProjects) = preSolution
		{E325FCD6-2E6B-44FC-85D0-D49957258C98} = {DC3C5043-506D-4314-BFBE-B2A7D44BFB4A}
		{5A2DCD3B-CCDA-449B-B6D9-929F9FD5455E} = {DC3C5043-506D-4314-BFBE-B2A7D44BFB4A}
		{F9127F6D-C993-4071-B7D2-22C6A317D1D1} = {DC3C5043-506D-4314-BFBE-B2A7D44BFB4A}
		{C48BD2CB-FB6A-4677-A2F0-B04F07360B6A} = {DC3C5043-506D-4314-BFBE-B2A7D44BFB4A}
		{218DD945-B472-4D22-B8B4-3FDF88B9F361} = {DC3C5043-506D-4314-BFBE-B2A7D44BFB4A}
		{3D0A2072-6B7C-4C2F-B350-38FBF3547899} = {DC3C5043-506D-4314-BFBE-B2A7D44BFB4A}
		{6AB289CA-714C-4D98-962D-E7EBB445AEC1} = {DC3C5043-506D-4314-BFBE-B2A7D44BFB4A}
	EndGlobalSection
EndGlobal
