
Microsoft Visual Studio Solution File, Format Version 12.00
# Visual Studio 15
VisualStudioVersion = 15.0.26403.7
MinimumVisualStudioVersion = 10.0.40219.1
Project("{FAE04EC0-301F-11D3-BF4B-00C04F79EFBC}") = "VGtime.Services", "VGtime.Services\VGtime.Services.csproj", "{EFBE8575-C14F-4FB1-8702-41ED214A18D1}"
EndProject
Project("{FAE04EC0-301F-11D3-BF4B-00C04F79EFBC}") = "VGtime.Models", "VGtime.Models\VGtime.Models.csproj", "{C70780E2-F68C-4F53-A8EE-FB449D926B8B}"
EndProject
Project("{FAE04EC0-301F-11D3-BF4B-00C04F79EFBC}") = "VGtime.Services.Tests", "VGtime.Services.Tests\VGtime.Services.Tests.csproj", "{C956136F-417E-4359-8BA2-676B8627993B}"
EndProject
Project("{FAE04EC0-301F-11D3-BF4B-00C04F79EFBC}") = "VGtime.Utils", "VGtime.Utils\VGtime.Utils.csproj", "{667A8EB0-178D-45D0-9E9A-0F7EC270FA3B}"
EndProject
Project("{FAE04EC0-301F-11D3-BF4B-00C04F79EFBC}") = "VGtime.Uwp.15063", "VGtime.Uwp.15063\VGtime.Uwp.15063.csproj", "{3E7EBB89-CB20-429C-B238-3686D859AFFA}"
EndProject
Project("{FAE04EC0-301F-11D3-BF4B-00C04F79EFBC}") = "SoftwareKobo.Utils.Uwp", "..\Libraries\SoftwareKobo.Utils.Uwp\SoftwareKobo.Utils.Uwp.csproj", "{E325FCD6-2E6B-44FC-85D0-D49957258C98}"
EndProject
Project("{9A19103F-16F7-4668-BE54-9A1E7A4F7556}") = "SoftwareKobo.Utils", "..\Libraries\SoftwareKobo.Utils\SoftwareKobo.Utils.csproj", "{5A2DCD3B-CCDA-449B-B6D9-929F9FD5455E}"
EndProject
Project("{2150E333-8FDC-42A3-9474-1A3956D46DE8}") = "Libraries", "Libraries", "{DC3C5043-506D-4314-BFBE-B2A7D44BFB4A}"
EndProject
Global
	GlobalSection(SolutionConfigurationPlatforms) = preSolution
		Debug|Any CPU = Debug|Any CPU
		Debug|ARM = Debug|ARM
		Debug|x64 = Debug|x64
		Debug|x86 = Debug|x86
		Release|Any CPU = Release|Any CPU
		Release|ARM = Release|ARM
		Release|x64 = Release|x64
		Release|x86 = Release|x86
	EndGlobalSection
	GlobalSection(ProjectConfigurationPlatforms) = postSolution
		{EFBE8575-C14F-4FB1-8702-41ED214A18D1}.Debug|Any CPU.ActiveCfg = Debug|Any CPU
		{EFBE8575-C14F-4FB1-8702-41ED214A18D1}.Debug|Any CPU.Build.0 = Debug|Any CPU
		{EFBE8575-C14F-4FB1-8702-41ED214A18D1}.Debug|ARM.ActiveCfg = Debug|Any CPU
		{EFBE8575-C14F-4FB1-8702-41ED214A18D1}.Debug|ARM.Build.0 = Debug|Any CPU
		{EFBE8575-C14F-4FB1-8702-41ED214A18D1}.Debug|x64.ActiveCfg = Debug|Any CPU
		{EFBE8575-C14F-4FB1-8702-41ED214A18D1}.Debug|x64.Build.0 = Debug|Any CPU
		{EFBE8575-C14F-4FB1-8702-41ED214A18D1}.Debug|x86.ActiveCfg = Debug|Any CPU
		{EFBE8575-C14F-4FB1-8702-41ED214A18D1}.Debug|x86.Build.0 = Debug|Any CPU
		{EFBE8575-C14F-4FB1-8702-41ED214A18D1}.Release|Any CPU.ActiveCfg = Release|Any CPU
		{EFBE8575-C14F-4FB1-8702-41ED214A18D1}.Release|Any CPU.Build.0 = Release|Any CPU
		{EFBE8575-C14F-4FB1-8702-41ED214A18D1}.Release|ARM.ActiveCfg = Release|Any CPU
		{EFBE8575-C14F-4FB1-8702-41ED214A18D1}.Release|ARM.Build.0 = Release|Any CPU
		{EFBE8575-C14F-4FB1-8702-41ED214A18D1}.Release|x64.ActiveCfg = Release|Any CPU
		{EFBE8575-C14F-4FB1-8702-41ED214A18D1}.Release|x64.Build.0 = Release|Any CPU
		{EFBE8575-C14F-4FB1-8702-41ED214A18D1}.Release|x86.ActiveCfg = Release|Any CPU
		{EFBE8575-C14F-4FB1-8702-41ED214A18D1}.Release|x86.Build.0 = Release|Any CPU
		{C70780E2-F68C-4F53-A8EE-FB449D926B8B}.Debug|Any CPU.ActiveCfg = Debug|Any CPU
		{C70780E2-F68C-4F53-A8EE-FB449D926B8B}.Debug|Any CPU.Build.0 = Debug|Any CPU
		{C70780E2-F68C-4F53-A8EE-FB449D926B8B}.Debug|ARM.ActiveCfg = Debug|Any CPU
		{C70780E2-F68C-4F53-A8EE-FB449D926B8B}.Debug|ARM.Build.0 = Debug|Any CPU
		{C70780E2-F68C-4F53-A8EE-FB449D926B8B}.Debug|x64.ActiveCfg = Debug|Any CPU
		{C70780E2-F68C-4F53-A8EE-FB449D926B8B}.Debug|x64.Build.0 = Debug|Any CPU
		{C70780E2-F68C-4F53-A8EE-FB449D926B8B}.Debug|x86.ActiveCfg = Debug|Any CPU
		{C70780E2-F68C-4F53-A8EE-FB449D926B8B}.Debug|x86.Build.0 = Debug|Any CPU
		{C70780E2-F68C-4F53-A8EE-FB449D926B8B}.Release|Any CPU.ActiveCfg = Release|Any CPU
		{C70780E2-F68C-4F53-A8EE-FB449D926B8B}.Release|Any CPU.Build.0 = Release|Any CPU
		{C70780E2-F68C-4F53-A8EE-FB449D926B8B}.Release|ARM.ActiveCfg = Release|Any CPU
		{C70780E2-F68C-4F53-A8EE-FB449D926B8B}.Release|ARM.Build.0 = Release|Any CPU
		{C70780E2-F68C-4F53-A8EE-FB449D926B8B}.Release|x64.ActiveCfg = Release|Any CPU
		{C70780E2-F68C-4F53-A8EE-FB449D926B8B}.Release|x64.Build.0 = Release|Any CPU
		{C70780E2-F68C-4F53-A8EE-FB449D926B8B}.Release|x86.ActiveCfg = Release|Any CPU
		{C70780E2-F68C-4F53-A8EE-FB449D926B8B}.Release|x86.Build.0 = Release|Any CPU
		{C956136F-417E-4359-8BA2-676B8627993B}.Debug|Any CPU.ActiveCfg = Debug|Any CPU
		{C956136F-417E-4359-8BA2-676B8627993B}.Debug|Any CPU.Build.0 = Debug|Any CPU
		{C956136F-417E-4359-8BA2-676B8627993B}.Debug|ARM.ActiveCfg = Debug|Any CPU
		{C956136F-417E-4359-8BA2-676B8627993B}.Debug|ARM.Build.0 = Debug|Any CPU
		{C956136F-417E-4359-8BA2-676B8627993B}.Debug|x64.ActiveCfg = Debug|Any CPU
		{C956136F-417E-4359-8BA2-676B8627993B}.Debug|x64.Build.0 = Debug|Any CPU
		{C956136F-417E-4359-8BA2-676B8627993B}.Debug|x86.ActiveCfg = Debug|Any CPU
		{C956136F-417E-4359-8BA2-676B8627993B}.Debug|x86.Build.0 = Debug|Any CPU
		{C956136F-417E-4359-8BA2-676B8627993B}.Release|Any CPU.ActiveCfg = Release|Any CPU
		{C956136F-417E-4359-8BA2-676B8627993B}.Release|Any CPU.Build.0 = Release|Any CPU
		{C956136F-417E-4359-8BA2-676B8627993B}.Release|ARM.ActiveCfg = Release|Any CPU
		{C956136F-417E-4359-8BA2-676B8627993B}.Release|ARM.Build.0 = Release|Any CPU
		{C956136F-417E-4359-8BA2-676B8627993B}.Release|x64.ActiveCfg = Release|Any CPU
		{C956136F-417E-4359-8BA2-676B8627993B}.Release|x64.Build.0 = Release|Any CPU
		{C956136F-417E-4359-8BA2-676B8627993B}.Release|x86.ActiveCfg = Release|Any CPU
		{C956136F-417E-4359-8BA2-676B8627993B}.Release|x86.Build.0 = Release|Any CPU
		{667A8EB0-178D-45D0-9E9A-0F7EC270FA3B}.Debug|Any CPU.ActiveCfg = Debug|Any CPU
		{667A8EB0-178D-45D0-9E9A-0F7EC270FA3B}.Debug|Any CPU.Build.0 = Debug|Any CPU
		{667A8EB0-178D-45D0-9E9A-0F7EC270FA3B}.Debug|ARM.ActiveCfg = Debug|Any CPU
		{667A8EB0-178D-45D0-9E9A-0F7EC270FA3B}.Debug|ARM.Build.0 = Debug|Any CPU
		{667A8EB0-178D-45D0-9E9A-0F7EC270FA3B}.Debug|x64.ActiveCfg = Debug|Any CPU
		{667A8EB0-178D-45D0-9E9A-0F7EC270FA3B}.Debug|x64.Build.0 = Debug|Any CPU
		{667A8EB0-178D-45D0-9E9A-0F7EC270FA3B}.Debug|x86.ActiveCfg = Debug|Any CPU
		{667A8EB0-178D-45D0-9E9A-0F7EC270FA3B}.Debug|x86.Build.0 = Debug|Any CPU
		{667A8EB0-178D-45D0-9E9A-0F7EC270FA3B}.Release|Any CPU.ActiveCfg = Release|Any CPU
		{667A8EB0-178D-45D0-9E9A-0F7EC270FA3B}.Release|Any CPU.Build.0 = Release|Any CPU
		{667A8EB0-178D-45D0-9E9A-0F7EC270FA3B}.Release|ARM.ActiveCfg = Release|Any CPU
		{667A8EB0-178D-45D0-9E9A-0F7EC270FA3B}.Release|ARM.Build.0 = Release|Any CPU
		{667A8EB0-178D-45D0-9E9A-0F7EC270FA3B}.Release|x64.ActiveCfg = Release|Any CPU
		{667A8EB0-178D-45D0-9E9A-0F7EC270FA3B}.Release|x64.Build.0 = Release|Any CPU
		{667A8EB0-178D-45D0-9E9A-0F7EC270FA3B}.Release|x86.ActiveCfg = Release|Any CPU
		{667A8EB0-178D-45D0-9E9A-0F7EC270FA3B}.Release|x86.Build.0 = Release|Any CPU
		{3E7EBB89-CB20-429C-B238-3686D859AFFA}.Debug|Any CPU.ActiveCfg = Debug|x86
		{3E7EBB89-CB20-429C-B238-3686D859AFFA}.Debug|ARM.ActiveCfg = Debug|ARM
		{3E7EBB89-CB20-429C-B238-3686D859AFFA}.Debug|ARM.Build.0 = Debug|ARM
		{3E7EBB89-CB20-429C-B238-3686D859AFFA}.Debug|ARM.Deploy.0 = Debug|ARM
		{3E7EBB89-CB20-429C-B238-3686D859AFFA}.Debug|x64.ActiveCfg = Debug|x64
		{3E7EBB89-CB20-429C-B238-3686D859AFFA}.Debug|x64.Build.0 = Debug|x64
		{3E7EBB89-CB20-429C-B238-3686D859AFFA}.Debug|x64.Deploy.0 = Debug|x64
		{3E7EBB89-CB20-429C-B238-3686D859AFFA}.Debug|x86.ActiveCfg = Debug|x86
		{3E7EBB89-CB20-429C-B238-3686D859AFFA}.Debug|x86.Build.0 = Debug|x86
		{3E7EBB89-CB20-429C-B238-3686D859AFFA}.Debug|x86.Deploy.0 = Debug|x86
		{3E7EBB89-CB20-429C-B238-3686D859AFFA}.Release|Any CPU.ActiveCfg = Release|x86
		{3E7EBB89-CB20-429C-B238-3686D859AFFA}.Release|ARM.ActiveCfg = Release|ARM
		{3E7EBB89-CB20-429C-B238-3686D859AFFA}.Release|ARM.Build.0 = Release|ARM
		{3E7EBB89-CB20-429C-B238-3686D859AFFA}.Release|ARM.Deploy.0 = Release|ARM
		{3E7EBB89-CB20-429C-B238-3686D859AFFA}.Release|x64.ActiveCfg = Release|x64
		{3E7EBB89-CB20-429C-B238-3686D859AFFA}.Release|x64.Build.0 = Release|x64
		{3E7EBB89-CB20-429C-B238-3686D859AFFA}.Release|x64.Deploy.0 = Release|x64
		{3E7EBB89-CB20-429C-B238-3686D859AFFA}.Release|x86.ActiveCfg = Release|x86
		{3E7EBB89-CB20-429C-B238-3686D859AFFA}.Release|x86.Build.0 = Release|x86
		{3E7EBB89-CB20-429C-B238-3686D859AFFA}.Release|x86.Deploy.0 = Release|x86
		{E325FCD6-2E6B-44FC-85D0-D49957258C98}.Debug|Any CPU.ActiveCfg = Debug|Any CPU
		{E325FCD6-2E6B-44FC-85D0-D49957258C98}.Debug|Any CPU.Build.0 = Debug|Any CPU
		{E325FCD6-2E6B-44FC-85D0-D49957258C98}.Debug|ARM.ActiveCfg = Debug|ARM
		{E325FCD6-2E6B-44FC-85D0-D49957258C98}.Debug|ARM.Build.0 = Debug|ARM
		{E325FCD6-2E6B-44FC-85D0-D49957258C98}.Debug|x64.ActiveCfg = Debug|x64
		{E325FCD6-2E6B-44FC-85D0-D49957258C98}.Debug|x64.Build.0 = Debug|x64
		{E325FCD6-2E6B-44FC-85D0-D49957258C98}.Debug|x86.ActiveCfg = Debug|x86
		{E325FCD6-2E6B-44FC-85D0-D49957258C98}.Debug|x86.Build.0 = Debug|x86
		{E325FCD6-2E6B-44FC-85D0-D49957258C98}.Release|Any CPU.ActiveCfg = Release|Any CPU
		{E325FCD6-2E6B-44FC-85D0-D49957258C98}.Release|Any CPU.Build.0 = Release|Any CPU
		{E325FCD6-2E6B-44FC-85D0-D49957258C98}.Release|ARM.ActiveCfg = Release|ARM
		{E325FCD6-2E6B-44FC-85D0-D49957258C98}.Release|ARM.Build.0 = Release|ARM
		{E325FCD6-2E6B-44FC-85D0-D49957258C98}.Release|x64.ActiveCfg = Release|x64
		{E325FCD6-2E6B-44FC-85D0-D49957258C98}.Release|x64.Build.0 = Release|x64
		{E325FCD6-2E6B-44FC-85D0-D49957258C98}.Release|x86.ActiveCfg = Release|x86
		{E325FCD6-2E6B-44FC-85D0-D49957258C98}.Release|x86.Build.0 = Release|x86
		{5A2DCD3B-CCDA-449B-B6D9-929F9FD5455E}.Debug|Any CPU.ActiveCfg = Debug|Any CPU
		{5A2DCD3B-CCDA-449B-B6D9-929F9FD5455E}.Debug|Any CPU.Build.0 = Debug|Any CPU
		{5A2DCD3B-CCDA-449B-B6D9-929F9FD5455E}.Debug|ARM.ActiveCfg = Debug|Any CPU
		{5A2DCD3B-CCDA-449B-B6D9-929F9FD5455E}.Debug|ARM.Build.0 = Debug|Any CPU
		{5A2DCD3B-CCDA-449B-B6D9-929F9FD5455E}.Debug|x64.ActiveCfg = Debug|Any CPU
		{5A2DCD3B-CCDA-449B-B6D9-929F9FD5455E}.Debug|x64.Build.0 = Debug|Any CPU
		{5A2DCD3B-CCDA-449B-B6D9-929F9FD5455E}.Debug|x86.ActiveCfg = Debug|Any CPU
		{5A2DCD3B-CCDA-449B-B6D9-929F9FD5455E}.Debug|x86.Build.0 = Debug|Any CPU
		{5A2DCD3B-CCDA-449B-B6D9-929F9FD5455E}.Release|Any CPU.ActiveCfg = Release|Any CPU
		{5A2DCD3B-CCDA-449B-B6D9-929F9FD5455E}.Release|Any CPU.Build.0 = Release|Any CPU
		{5A2DCD3B-CCDA-449B-B6D9-929F9FD5455E}.Release|ARM.ActiveCfg = Release|Any CPU
		{5A2DCD3B-CCDA-449B-B6D9-929F9FD5455E}.Release|ARM.Build.0 = Release|Any CPU
		{5A2DCD3B-CCDA-449B-B6D9-929F9FD5455E}.Release|x64.ActiveCfg = Release|Any CPU
		{5A2DCD3B-CCDA-449B-B6D9-929F9FD5455E}.Release|x64.Build.0 = Release|Any CPU
		{5A2DCD3B-CCDA-449B-B6D9-929F9FD5455E}.Release|x86.ActiveCfg = Release|Any CPU
		{5A2DCD3B-CCDA-449B-B6D9-929F9FD5455E}.Release|x86.Build.0 = Release|Any CPU
	EndGlobalSection
	GlobalSection(SolutionProperties) = preSolution
		HideSolutionNode = FALSE
	EndGlobalSection
	GlobalSection(NestedProjects) = preSolution
		{E325FCD6-2E6B-44FC-85D0-D49957258C98} = {DC3C5043-506D-4314-BFBE-B2A7D44BFB4A}
		{5A2DCD3B-CCDA-449B-B6D9-929F9FD5455E} = {DC3C5043-506D-4314-BFBE-B2A7D44BFB4A}
	EndGlobalSection
EndGlobal
