
Microsoft Visual Studio Solution File, Format Version 12.00
# Visual Studio 15
VisualStudioVersion = 15.0.26228.10
MinimumVisualStudioVersion = 10.0.40219.1
Project("{FAE04EC0-301F-11D3-BF4B-00C04F79EFBC}") = "BingoWallpaper.Utils", "BingoWallpaper.Utils\BingoWallpaper.Utils.csproj", "{8439F303-451E-47BF-AB12-9C5A49D7A2F5}"
EndProject
Project("{FAE04EC0-301F-11D3-BF4B-00C04F79EFBC}") = "BingoWallpaper.Models", "BingoWallpaper.Models\BingoWallpaper.Models.csproj", "{8977E1E5-D12E-4C56-ADB1-C6D5C87EDF74}"
EndProject
Project("{FAE04EC0-301F-11D3-BF4B-00C04F79EFBC}") = "BingoWallpaper.Services", "BingoWallpaper.Services\BingoWallpaper.Services.csproj", "{C8815F4B-2CE7-4664-AC43-62D15AD8A189}"
EndProject
Project("{FAE04EC0-301F-11D3-BF4B-00C04F79EFBC}") = "BingoWallpaper.Configuration", "BingoWallpaper.Configuration\BingoWallpaper.Configuration.csproj", "{5B328B0F-853A-4C25-9CCC-8C087648F796}"
EndProject
Global
	GlobalSection(SolutionConfigurationPlatforms) = preSolution
		Debug|Any CPU = Debug|Any CPU
		Release|Any CPU = Release|Any CPU
	EndGlobalSection
	GlobalSection(ProjectConfigurationPlatforms) = postSolution
		{8439F303-451E-47BF-AB12-9C5A49D7A2F5}.Debug|Any CPU.ActiveCfg = Debug|Any CPU
		{8439F303-451E-47BF-AB12-9C5A49D7A2F5}.Debug|Any CPU.Build.0 = Debug|Any CPU
		{8439F303-451E-47BF-AB12-9C5A49D7A2F5}.Release|Any CPU.ActiveCfg = Release|Any CPU
		{8439F303-451E-47BF-AB12-9C5A49D7A2F5}.Release|Any CPU.Build.0 = Release|Any CPU
		{8977E1E5-D12E-4C56-ADB1-C6D5C87EDF74}.Debug|Any CPU.ActiveCfg = Debug|Any CPU
		{8977E1E5-D12E-4C56-ADB1-C6D5C87EDF74}.Debug|Any CPU.Build.0 = Debug|Any CPU
		{8977E1E5-D12E-4C56-ADB1-C6D5C87EDF74}.Release|Any CPU.ActiveCfg = Release|Any CPU
		{8977E1E5-D12E-4C56-ADB1-C6D5C87EDF74}.Release|Any CPU.Build.0 = Release|Any CPU
		{C8815F4B-2CE7-4664-AC43-62D15AD8A189}.Debug|Any CPU.ActiveCfg = Debug|Any CPU
		{C8815F4B-2CE7-4664-AC43-62D15AD8A189}.Debug|Any CPU.Build.0 = Debug|Any CPU
		{C8815F4B-2CE7-4664-AC43-62D15AD8A189}.Release|Any CPU.ActiveCfg = Release|Any CPU
		{C8815F4B-2CE7-4664-AC43-62D15AD8A189}.Release|Any CPU.Build.0 = Release|Any CPU
		{5B328B0F-853A-4C25-9CCC-8C087648F796}.Debug|Any CPU.ActiveCfg = Debug|Any CPU
		{5B328B0F-853A-4C25-9CCC-8C087648F796}.Debug|Any CPU.Build.0 = Debug|Any CPU
		{5B328B0F-853A-4C25-9CCC-8C087648F796}.Release|Any CPU.ActiveCfg = Release|Any CPU
		{5B328B0F-853A-4C25-9CCC-8C087648F796}.Release|Any CPU.Build.0 = Release|Any CPU
	EndGlobalSection
	GlobalSection(SolutionProperties) = preSolution
		HideSolutionNode = FALSE
	EndGlobalSection
EndGlobal
