
Microsoft Visual Studio Solution File, Format Version 12.00
# Visual Studio 15
VisualStudioVersion = 15.0.26228.10
MinimumVisualStudioVersion = 10.0.40219.1
Project("{FAE04EC0-301F-11D3-BF4B-00C04F79EFBC}") = "BingoWallpaper.Utils", "BingoWallpaper.Utils\BingoWallpaper.Utils.csproj", "{8439F303-451E-47BF-AB12-9C5A49D7A2F5}"
EndProject
Project("{FAE04EC0-301F-11D3-BF4B-00C04F79EFBC}") = "BingoWallpaper.Models", "BingoWallpaper.Models\BingoWallpaper.Models.csproj", "{8977E1E5-D12E-4C56-ADB1-C6D5C87EDF74}"
EndProject
Project("{FAE04EC0-301F-11D3-BF4B-00C04F79EFBC}") = "BingoWallpaper.Services", "BingoWallpaper.Services\BingoWallpaper.Services.csproj", "{C8815F4B-2CE7-4664-AC43-62D15AD8A189}"
EndProject
Project("{FAE04EC0-301F-11D3-BF4B-00C04F79EFBC}") = "BingoWallpaper.Configuration", "BingoWallpaper.Configuration\BingoWallpaper.Configuration.csproj", "{5B328B0F-853A-4C25-9CCC-8C087648F796}"
EndProject
Project("{FAE04EC0-301F-11D3-BF4B-00C04F79EFBC}") = "BingoWallpaper.Services.Tests", "BingoWallpaper.Services.Tests\BingoWallpaper.Services.Tests.csproj", "{AD20A540-4E2B-44FE-B1E6-9DB91D51EDF9}"
EndProject
Project("{FAE04EC0-301F-11D3-BF4B-00C04F79EFBC}") = "BingoWallpaper.Uwp.BackgroundTasks.10586", "BingoWallpaper.Uwp.BackgroundTasks.10586\BingoWallpaper.Uwp.BackgroundTasks.10586.csproj", "{8CFE91FD-AD0B-4778-A3BE-4E9035D7765C}"
EndProject
Project("{FAE04EC0-301F-11D3-BF4B-00C04F79EFBC}") = "SoftwareKobo.Controls.ImageEx.Uwp", "..\Libraries\SoftwareKobo.Controls.ImageEx.Uwp\SoftwareKobo.Controls.ImageEx.Uwp.csproj", "{CDFBF869-6A2E-4C90-A9C1-2F5ACB283404}"
EndProject
Project("{FAE04EC0-301F-11D3-BF4B-00C04F79EFBC}") = "SoftwareKobo.Utils.Uwp", "..\Libraries\SoftwareKobo.Utils.Uwp\SoftwareKobo.Utils.Uwp.csproj", "{DFF7CAE2-1363-4C68-BB0F-5F909CC3F0A7}"
EndProject
Project("{FAE04EC0-301F-11D3-BF4B-00C04F79EFBC}") = "BingoWallpaper.Services.Uwp.10586", "BingoWallpaper.Services.Uwp.10586\BingoWallpaper.Services.Uwp.10586.csproj", "{63E2C598-C4EE-4F06-8263-A2E367450BE2}"
EndProject
Project("{9A19103F-16F7-4668-BE54-9A1E7A4F7556}") = "SoftwareKobo.Utils", "..\Libraries\SoftwareKobo.Utils\SoftwareKobo.Utils.csproj", "{8B7DE148-6811-4333-8A5B-4A046C6C3525}"
EndProject
Project("{FAE04EC0-301F-11D3-BF4B-00C04F79EFBC}") = "SoftwareKobo.Icons", "..\Libraries\SoftwareKobo.Icons\SoftwareKobo.Icons.csproj", "{5F3C3804-E984-4D9E-A3E4-1CA534DB28F2}"
EndProject
Project("{FAE04EC0-301F-11D3-BF4B-00C04F79EFBC}") = "SoftwareKobo.Controls.ToastPrompt.Uwp", "..\Libraries\SoftwareKobo.Controls.ToastPrompt.Uwp\SoftwareKobo.Controls.ToastPrompt.Uwp.csproj", "{D34DD626-F540-4EE0-9B2E-61CB3623F5FE}"
EndProject
Project("{FAE04EC0-301F-11D3-BF4B-00C04F79EFBC}") = "BingoWallpaper.Utils.Uwp.10586", "BingoWallpaper.Utils.Uwp.10586\BingoWallpaper.Utils.Uwp.10586.csproj", "{19B6E115-0412-4065-8670-C9177075BEC7}"
EndProject
Project("{9A19103F-16F7-4668-BE54-9A1E7A4F7556}") = "SoftwareKobo.Controls.ImageEx.Core", "..\Libraries\SoftwareKobo.Controls.ImageEx.Core\SoftwareKobo.Controls.ImageEx.Core.csproj", "{FA15C86A-A432-4165-8D5B-6270CA26B811}"
EndProject
Project("{FAE04EC0-301F-11D3-BF4B-00C04F79EFBC}") = "SoftwareKobo.Social.SinaWeibo.Uwp", "..\Libraries\SoftwareKobo.Social.SinaWeibo.Uwp\SoftwareKobo.Social.SinaWeibo.Uwp.csproj", "{35AFB302-54E9-4E5C-878A-17E45B9158DC}"
EndProject
Project("{9A19103F-16F7-4668-BE54-9A1E7A4F7556}") = "SoftwareKobo.Social.SinaWeibo.Core", "..\Libraries\SoftwareKobo.Social.SinaWeibo.Core\SoftwareKobo.Social.SinaWeibo.Core.csproj", "{3CA966F6-437A-4D9A-BD1A-CF5853219ABD}"
EndProject
Project("{9A19103F-16F7-4668-BE54-9A1E7A4F7556}") = "SoftwareKobo.Support.ScreenService", "..\Libraries\SoftwareKobo.Support.ScreenService\SoftwareKobo.Support.ScreenService.csproj", "{5966E8F2-5E4B-49C1-B331-FF9FA39B910E}"
EndProject
Project("{FAE04EC0-301F-11D3-BF4B-00C04F79EFBC}") = "SoftwareKobo.Support.ScreenService.Uwp.10240", "..\Libraries\SoftwareKobo.Support.ScreenService.Uwp.10240\SoftwareKobo.Support.ScreenService.Uwp.10240.csproj", "{4C0B854E-F980-4EEE-BB01-FC28C49CC756}"
EndProject
Project("{8BC9CEB8-8B4A-11D0-8D11-00A0C91BC942}") = "SoftwareKobo.PInvoke", "..\Libraries\SoftwareKobo.PInvoke\SoftwareKobo.PInvoke.vcxproj", "{E2CC3FB2-528B-4679-BE56-9725B22E63B3}"
EndProject
Project("{FAE04EC0-301F-11D3-BF4B-00C04F79EFBC}") = "BingoWallpaper.Configuration.Uwp.10586", "BingoWallpaper.Configuration.Uwp.10586\BingoWallpaper.Configuration.Uwp.10586.csproj", "{C5DC060E-2AAF-4DE8-9614-CD7C551C492E}"
EndProject
Project("{FAE04EC0-301F-11D3-BF4B-00C04F79EFBC}") = "SoftwareKobo.Controls.ImageEx.Uwp.10240", "..\Libraries\SoftwareKobo.Controls.ImageEx.Uwp.10240\SoftwareKobo.Controls.ImageEx.Uwp.10240.csproj", "{8CD7958C-9F86-4530-9FF9-92289631F606}"
EndProject
Project("{FAE04EC0-301F-11D3-BF4B-00C04F79EFBC}") = "BingoWallpaper.Uwp.10586", "BingoWallpaper.Uwp.10586\BingoWallpaper.Uwp.10586.csproj", "{9DF1AD76-777A-46E1-9862-E0DF00DBAD01}"
EndProject
Global
	GlobalSection(SolutionConfigurationPlatforms) = preSolution
		Debug|Any CPU = Debug|Any CPU
		Debug|ARM = Debug|ARM
		Debug|x64 = Debug|x64
		Debug|x86 = Debug|x86
		Release|Any CPU = Release|Any CPU
		Release|ARM = Release|ARM
		Release|x64 = Release|x64
		Release|x86 = Release|x86
	EndGlobalSection
	GlobalSection(ProjectConfigurationPlatforms) = postSolution
		{8439F303-451E-47BF-AB12-9C5A49D7A2F5}.Debug|Any CPU.ActiveCfg = Debug|Any CPU
		{8439F303-451E-47BF-AB12-9C5A49D7A2F5}.Debug|Any CPU.Build.0 = Debug|Any CPU
		{8439F303-451E-47BF-AB12-9C5A49D7A2F5}.Debug|ARM.ActiveCfg = Debug|Any CPU
		{8439F303-451E-47BF-AB12-9C5A49D7A2F5}.Debug|ARM.Build.0 = Debug|Any CPU
		{8439F303-451E-47BF-AB12-9C5A49D7A2F5}.Debug|x64.ActiveCfg = Debug|Any CPU
		{8439F303-451E-47BF-AB12-9C5A49D7A2F5}.Debug|x64.Build.0 = Debug|Any CPU
		{8439F303-451E-47BF-AB12-9C5A49D7A2F5}.Debug|x86.ActiveCfg = Debug|Any CPU
		{8439F303-451E-47BF-AB12-9C5A49D7A2F5}.Debug|x86.Build.0 = Debug|Any CPU
		{8439F303-451E-47BF-AB12-9C5A49D7A2F5}.Release|Any CPU.ActiveCfg = Release|Any CPU
		{8439F303-451E-47BF-AB12-9C5A49D7A2F5}.Release|Any CPU.Build.0 = Release|Any CPU
		{8439F303-451E-47BF-AB12-9C5A49D7A2F5}.Release|ARM.ActiveCfg = Release|Any CPU
		{8439F303-451E-47BF-AB12-9C5A49D7A2F5}.Release|ARM.Build.0 = Release|Any CPU
		{8439F303-451E-47BF-AB12-9C5A49D7A2F5}.Release|x64.ActiveCfg = Release|Any CPU
		{8439F303-451E-47BF-AB12-9C5A49D7A2F5}.Release|x64.Build.0 = Release|Any CPU
		{8439F303-451E-47BF-AB12-9C5A49D7A2F5}.Release|x86.ActiveCfg = Release|Any CPU
		{8439F303-451E-47BF-AB12-9C5A49D7A2F5}.Release|x86.Build.0 = Release|Any CPU
		{8977E1E5-D12E-4C56-ADB1-C6D5C87EDF74}.Debug|Any CPU.ActiveCfg = Debug|Any CPU
		{8977E1E5-D12E-4C56-ADB1-C6D5C87EDF74}.Debug|Any CPU.Build.0 = Debug|Any CPU
		{8977E1E5-D12E-4C56-ADB1-C6D5C87EDF74}.Debug|ARM.ActiveCfg = Debug|Any CPU
		{8977E1E5-D12E-4C56-ADB1-C6D5C87EDF74}.Debug|ARM.Build.0 = Debug|Any CPU
		{8977E1E5-D12E-4C56-ADB1-C6D5C87EDF74}.Debug|x64.ActiveCfg = Debug|Any CPU
		{8977E1E5-D12E-4C56-ADB1-C6D5C87EDF74}.Debug|x64.Build.0 = Debug|Any CPU
		{8977E1E5-D12E-4C56-ADB1-C6D5C87EDF74}.Debug|x86.ActiveCfg = Debug|Any CPU
		{8977E1E5-D12E-4C56-ADB1-C6D5C87EDF74}.Debug|x86.Build.0 = Debug|Any CPU
		{8977E1E5-D12E-4C56-ADB1-C6D5C87EDF74}.Release|Any CPU.ActiveCfg = Release|Any CPU
		{8977E1E5-D12E-4C56-ADB1-C6D5C87EDF74}.Release|Any CPU.Build.0 = Release|Any CPU
		{8977E1E5-D12E-4C56-ADB1-C6D5C87EDF74}.Release|ARM.ActiveCfg = Release|Any CPU
		{8977E1E5-D12E-4C56-ADB1-C6D5C87EDF74}.Release|ARM.Build.0 = Release|Any CPU
		{8977E1E5-D12E-4C56-ADB1-C6D5C87EDF74}.Release|x64.ActiveCfg = Release|Any CPU
		{8977E1E5-D12E-4C56-ADB1-C6D5C87EDF74}.Release|x64.Build.0 = Release|Any CPU
		{8977E1E5-D12E-4C56-ADB1-C6D5C87EDF74}.Release|x86.ActiveCfg = Release|Any CPU
		{8977E1E5-D12E-4C56-ADB1-C6D5C87EDF74}.Release|x86.Build.0 = Release|Any CPU
		{C8815F4B-2CE7-4664-AC43-62D15AD8A189}.Debug|Any CPU.ActiveCfg = Debug|Any CPU
		{C8815F4B-2CE7-4664-AC43-62D15AD8A189}.Debug|Any CPU.Build.0 = Debug|Any CPU
		{C8815F4B-2CE7-4664-AC43-62D15AD8A189}.Debug|ARM.ActiveCfg = Debug|Any CPU
		{C8815F4B-2CE7-4664-AC43-62D15AD8A189}.Debug|ARM.Build.0 = Debug|Any CPU
		{C8815F4B-2CE7-4664-AC43-62D15AD8A189}.Debug|x64.ActiveCfg = Debug|Any CPU
		{C8815F4B-2CE7-4664-AC43-62D15AD8A189}.Debug|x64.Build.0 = Debug|Any CPU
		{C8815F4B-2CE7-4664-AC43-62D15AD8A189}.Debug|x86.ActiveCfg = Debug|Any CPU
		{C8815F4B-2CE7-4664-AC43-62D15AD8A189}.Debug|x86.Build.0 = Debug|Any CPU
		{C8815F4B-2CE7-4664-AC43-62D15AD8A189}.Release|Any CPU.ActiveCfg = Release|Any CPU
		{C8815F4B-2CE7-4664-AC43-62D15AD8A189}.Release|Any CPU.Build.0 = Release|Any CPU
		{C8815F4B-2CE7-4664-AC43-62D15AD8A189}.Release|ARM.ActiveCfg = Release|Any CPU
		{C8815F4B-2CE7-4664-AC43-62D15AD8A189}.Release|ARM.Build.0 = Release|Any CPU
		{C8815F4B-2CE7-4664-AC43-62D15AD8A189}.Release|x64.ActiveCfg = Release|Any CPU
		{C8815F4B-2CE7-4664-AC43-62D15AD8A189}.Release|x64.Build.0 = Release|Any CPU
		{C8815F4B-2CE7-4664-AC43-62D15AD8A189}.Release|x86.ActiveCfg = Release|Any CPU
		{C8815F4B-2CE7-4664-AC43-62D15AD8A189}.Release|x86.Build.0 = Release|Any CPU
		{5B328B0F-853A-4C25-9CCC-8C087648F796}.Debug|Any CPU.ActiveCfg = Debug|Any CPU
		{5B328B0F-853A-4C25-9CCC-8C087648F796}.Debug|Any CPU.Build.0 = Debug|Any CPU
		{5B328B0F-853A-4C25-9CCC-8C087648F796}.Debug|ARM.ActiveCfg = Debug|Any CPU
		{5B328B0F-853A-4C25-9CCC-8C087648F796}.Debug|ARM.Build.0 = Debug|Any CPU
		{5B328B0F-853A-4C25-9CCC-8C087648F796}.Debug|x64.ActiveCfg = Debug|Any CPU
		{5B328B0F-853A-4C25-9CCC-8C087648F796}.Debug|x64.Build.0 = Debug|Any CPU
		{5B328B0F-853A-4C25-9CCC-8C087648F796}.Debug|x86.ActiveCfg = Debug|Any CPU
		{5B328B0F-853A-4C25-9CCC-8C087648F796}.Debug|x86.Build.0 = Debug|Any CPU
		{5B328B0F-853A-4C25-9CCC-8C087648F796}.Release|Any CPU.ActiveCfg = Release|Any CPU
		{5B328B0F-853A-4C25-9CCC-8C087648F796}.Release|Any CPU.Build.0 = Release|Any CPU
		{5B328B0F-853A-4C25-9CCC-8C087648F796}.Release|ARM.ActiveCfg = Release|Any CPU
		{5B328B0F-853A-4C25-9CCC-8C087648F796}.Release|ARM.Build.0 = Release|Any CPU
		{5B328B0F-853A-4C25-9CCC-8C087648F796}.Release|x64.ActiveCfg = Release|Any CPU
		{5B328B0F-853A-4C25-9CCC-8C087648F796}.Release|x64.Build.0 = Release|Any CPU
		{5B328B0F-853A-4C25-9CCC-8C087648F796}.Release|x86.ActiveCfg = Release|Any CPU
		{5B328B0F-853A-4C25-9CCC-8C087648F796}.Release|x86.Build.0 = Release|Any CPU
		{AD20A540-4E2B-44FE-B1E6-9DB91D51EDF9}.Debug|Any CPU.ActiveCfg = Debug|Any CPU
		{AD20A540-4E2B-44FE-B1E6-9DB91D51EDF9}.Debug|Any CPU.Build.0 = Debug|Any CPU
		{AD20A540-4E2B-44FE-B1E6-9DB91D51EDF9}.Debug|ARM.ActiveCfg = Debug|Any CPU
		{AD20A540-4E2B-44FE-B1E6-9DB91D51EDF9}.Debug|ARM.Build.0 = Debug|Any CPU
		{AD20A540-4E2B-44FE-B1E6-9DB91D51EDF9}.Debug|x64.ActiveCfg = Debug|Any CPU
		{AD20A540-4E2B-44FE-B1E6-9DB91D51EDF9}.Debug|x64.Build.0 = Debug|Any CPU
		{AD20A540-4E2B-44FE-B1E6-9DB91D51EDF9}.Debug|x86.ActiveCfg = Debug|Any CPU
		{AD20A540-4E2B-44FE-B1E6-9DB91D51EDF9}.Debug|x86.Build.0 = Debug|Any CPU
		{AD20A540-4E2B-44FE-B1E6-9DB91D51EDF9}.Release|Any CPU.ActiveCfg = Release|Any CPU
		{AD20A540-4E2B-44FE-B1E6-9DB91D51EDF9}.Release|Any CPU.Build.0 = Release|Any CPU
		{AD20A540-4E2B-44FE-B1E6-9DB91D51EDF9}.Release|ARM.ActiveCfg = Release|Any CPU
		{AD20A540-4E2B-44FE-B1E6-9DB91D51EDF9}.Release|ARM.Build.0 = Release|Any CPU
		{AD20A540-4E2B-44FE-B1E6-9DB91D51EDF9}.Release|x64.ActiveCfg = Release|Any CPU
		{AD20A540-4E2B-44FE-B1E6-9DB91D51EDF9}.Release|x64.Build.0 = Release|Any CPU
		{AD20A540-4E2B-44FE-B1E6-9DB91D51EDF9}.Release|x86.ActiveCfg = Release|Any CPU
		{AD20A540-4E2B-44FE-B1E6-9DB91D51EDF9}.Release|x86.Build.0 = Release|Any CPU
		{8CFE91FD-AD0B-4778-A3BE-4E9035D7765C}.Debug|Any CPU.ActiveCfg = Debug|Any CPU
		{8CFE91FD-AD0B-4778-A3BE-4E9035D7765C}.Debug|Any CPU.Build.0 = Debug|Any CPU
		{8CFE91FD-AD0B-4778-A3BE-4E9035D7765C}.Debug|ARM.ActiveCfg = Debug|ARM
		{8CFE91FD-AD0B-4778-A3BE-4E9035D7765C}.Debug|ARM.Build.0 = Debug|ARM
		{8CFE91FD-AD0B-4778-A3BE-4E9035D7765C}.Debug|x64.ActiveCfg = Debug|x64
		{8CFE91FD-AD0B-4778-A3BE-4E9035D7765C}.Debug|x64.Build.0 = Debug|x64
		{8CFE91FD-AD0B-4778-A3BE-4E9035D7765C}.Debug|x86.ActiveCfg = Debug|x86
		{8CFE91FD-AD0B-4778-A3BE-4E9035D7765C}.Debug|x86.Build.0 = Debug|x86
		{8CFE91FD-AD0B-4778-A3BE-4E9035D7765C}.Release|Any CPU.ActiveCfg = Release|Any CPU
		{8CFE91FD-AD0B-4778-A3BE-4E9035D7765C}.Release|Any CPU.Build.0 = Release|Any CPU
		{8CFE91FD-AD0B-4778-A3BE-4E9035D7765C}.Release|ARM.ActiveCfg = Release|ARM
		{8CFE91FD-AD0B-4778-A3BE-4E9035D7765C}.Release|ARM.Build.0 = Release|ARM
		{8CFE91FD-AD0B-4778-A3BE-4E9035D7765C}.Release|x64.ActiveCfg = Release|x64
		{8CFE91FD-AD0B-4778-A3BE-4E9035D7765C}.Release|x64.Build.0 = Release|x64
		{8CFE91FD-AD0B-4778-A3BE-4E9035D7765C}.Release|x86.ActiveCfg = Release|x86
		{8CFE91FD-AD0B-4778-A3BE-4E9035D7765C}.Release|x86.Build.0 = Release|x86
		{CDFBF869-6A2E-4C90-A9C1-2F5ACB283404}.Debug|Any CPU.ActiveCfg = Debug|Any CPU
		{CDFBF869-6A2E-4C90-A9C1-2F5ACB283404}.Debug|Any CPU.Build.0 = Debug|Any CPU
		{CDFBF869-6A2E-4C90-A9C1-2F5ACB283404}.Debug|ARM.ActiveCfg = Debug|ARM
		{CDFBF869-6A2E-4C90-A9C1-2F5ACB283404}.Debug|ARM.Build.0 = Debug|ARM
		{CDFBF869-6A2E-4C90-A9C1-2F5ACB283404}.Debug|x64.ActiveCfg = Debug|x64
		{CDFBF869-6A2E-4C90-A9C1-2F5ACB283404}.Debug|x64.Build.0 = Debug|x64
		{CDFBF869-6A2E-4C90-A9C1-2F5ACB283404}.Debug|x86.ActiveCfg = Debug|x86
		{CDFBF869-6A2E-4C90-A9C1-2F5ACB283404}.Debug|x86.Build.0 = Debug|x86
		{CDFBF869-6A2E-4C90-A9C1-2F5ACB283404}.Release|Any CPU.ActiveCfg = Release|Any CPU
		{CDFBF869-6A2E-4C90-A9C1-2F5ACB283404}.Release|Any CPU.Build.0 = Release|Any CPU
		{CDFBF869-6A2E-4C90-A9C1-2F5ACB283404}.Release|ARM.ActiveCfg = Release|ARM
		{CDFBF869-6A2E-4C90-A9C1-2F5ACB283404}.Release|ARM.Build.0 = Release|ARM
		{CDFBF869-6A2E-4C90-A9C1-2F5ACB283404}.Release|x64.ActiveCfg = Release|x64
		{CDFBF869-6A2E-4C90-A9C1-2F5ACB283404}.Release|x64.Build.0 = Release|x64
		{CDFBF869-6A2E-4C90-A9C1-2F5ACB283404}.Release|x86.ActiveCfg = Release|x86
		{CDFBF869-6A2E-4C90-A9C1-2F5ACB283404}.Release|x86.Build.0 = Release|x86
		{DFF7CAE2-1363-4C68-BB0F-5F909CC3F0A7}.Debug|Any CPU.ActiveCfg = Debug|Any CPU
		{DFF7CAE2-1363-4C68-BB0F-5F909CC3F0A7}.Debug|Any CPU.Build.0 = Debug|Any CPU
		{DFF7CAE2-1363-4C68-BB0F-5F909CC3F0A7}.Debug|ARM.ActiveCfg = Debug|ARM
		{DFF7CAE2-1363-4C68-BB0F-5F909CC3F0A7}.Debug|ARM.Build.0 = Debug|ARM
		{DFF7CAE2-1363-4C68-BB0F-5F909CC3F0A7}.Debug|x64.ActiveCfg = Debug|x64
		{DFF7CAE2-1363-4C68-BB0F-5F909CC3F0A7}.Debug|x64.Build.0 = Debug|x64
		{DFF7CAE2-1363-4C68-BB0F-5F909CC3F0A7}.Debug|x86.ActiveCfg = Debug|x86
		{DFF7CAE2-1363-4C68-BB0F-5F909CC3F0A7}.Debug|x86.Build.0 = Debug|x86
		{DFF7CAE2-1363-4C68-BB0F-5F909CC3F0A7}.Release|Any CPU.ActiveCfg = Release|Any CPU
		{DFF7CAE2-1363-4C68-BB0F-5F909CC3F0A7}.Release|Any CPU.Build.0 = Release|Any CPU
		{DFF7CAE2-1363-4C68-BB0F-5F909CC3F0A7}.Release|ARM.ActiveCfg = Release|ARM
		{DFF7CAE2-1363-4C68-BB0F-5F909CC3F0A7}.Release|ARM.Build.0 = Release|ARM
		{DFF7CAE2-1363-4C68-BB0F-5F909CC3F0A7}.Release|x64.ActiveCfg = Release|x64
		{DFF7CAE2-1363-4C68-BB0F-5F909CC3F0A7}.Release|x64.Build.0 = Release|x64
		{DFF7CAE2-1363-4C68-BB0F-5F909CC3F0A7}.Release|x86.ActiveCfg = Release|x86
		{DFF7CAE2-1363-4C68-BB0F-5F909CC3F0A7}.Release|x86.Build.0 = Release|x86
		{63E2C598-C4EE-4F06-8263-A2E367450BE2}.Debug|Any CPU.ActiveCfg = Debug|Any CPU
		{63E2C598-C4EE-4F06-8263-A2E367450BE2}.Debug|Any CPU.Build.0 = Debug|Any CPU
		{63E2C598-C4EE-4F06-8263-A2E367450BE2}.Debug|ARM.ActiveCfg = Debug|ARM
		{63E2C598-C4EE-4F06-8263-A2E367450BE2}.Debug|ARM.Build.0 = Debug|ARM
		{63E2C598-C4EE-4F06-8263-A2E367450BE2}.Debug|x64.ActiveCfg = Debug|x64
		{63E2C598-C4EE-4F06-8263-A2E367450BE2}.Debug|x64.Build.0 = Debug|x64
		{63E2C598-C4EE-4F06-8263-A2E367450BE2}.Debug|x86.ActiveCfg = Debug|x86
		{63E2C598-C4EE-4F06-8263-A2E367450BE2}.Debug|x86.Build.0 = Debug|x86
		{63E2C598-C4EE-4F06-8263-A2E367450BE2}.Release|Any CPU.ActiveCfg = Release|Any CPU
		{63E2C598-C4EE-4F06-8263-A2E367450BE2}.Release|Any CPU.Build.0 = Release|Any CPU
		{63E2C598-C4EE-4F06-8263-A2E367450BE2}.Release|ARM.ActiveCfg = Release|ARM
		{63E2C598-C4EE-4F06-8263-A2E367450BE2}.Release|ARM.Build.0 = Release|ARM
		{63E2C598-C4EE-4F06-8263-A2E367450BE2}.Release|x64.ActiveCfg = Release|x64
		{63E2C598-C4EE-4F06-8263-A2E367450BE2}.Release|x64.Build.0 = Release|x64
		{63E2C598-C4EE-4F06-8263-A2E367450BE2}.Release|x86.ActiveCfg = Release|x86
		{63E2C598-C4EE-4F06-8263-A2E367450BE2}.Release|x86.Build.0 = Release|x86
		{8B7DE148-6811-4333-8A5B-4A046C6C3525}.Debug|Any CPU.ActiveCfg = Debug|Any CPU
		{8B7DE148-6811-4333-8A5B-4A046C6C3525}.Debug|Any CPU.Build.0 = Debug|Any CPU
		{8B7DE148-6811-4333-8A5B-4A046C6C3525}.Debug|ARM.ActiveCfg = Debug|Any CPU
		{8B7DE148-6811-4333-8A5B-4A046C6C3525}.Debug|ARM.Build.0 = Debug|Any CPU
		{8B7DE148-6811-4333-8A5B-4A046C6C3525}.Debug|x64.ActiveCfg = Debug|Any CPU
		{8B7DE148-6811-4333-8A5B-4A046C6C3525}.Debug|x64.Build.0 = Debug|Any CPU
		{8B7DE148-6811-4333-8A5B-4A046C6C3525}.Debug|x86.ActiveCfg = Debug|Any CPU
		{8B7DE148-6811-4333-8A5B-4A046C6C3525}.Debug|x86.Build.0 = Debug|Any CPU
		{8B7DE148-6811-4333-8A5B-4A046C6C3525}.Release|Any CPU.ActiveCfg = Release|Any CPU
		{8B7DE148-6811-4333-8A5B-4A046C6C3525}.Release|Any CPU.Build.0 = Release|Any CPU
		{8B7DE148-6811-4333-8A5B-4A046C6C3525}.Release|ARM.ActiveCfg = Release|Any CPU
		{8B7DE148-6811-4333-8A5B-4A046C6C3525}.Release|ARM.Build.0 = Release|Any CPU
		{8B7DE148-6811-4333-8A5B-4A046C6C3525}.Release|x64.ActiveCfg = Release|Any CPU
		{8B7DE148-6811-4333-8A5B-4A046C6C3525}.Release|x64.Build.0 = Release|Any CPU
		{8B7DE148-6811-4333-8A5B-4A046C6C3525}.Release|x86.ActiveCfg = Release|Any CPU
		{8B7DE148-6811-4333-8A5B-4A046C6C3525}.Release|x86.Build.0 = Release|Any CPU
		{5F3C3804-E984-4D9E-A3E4-1CA534DB28F2}.Debug|Any CPU.ActiveCfg = Debug|Any CPU
		{5F3C3804-E984-4D9E-A3E4-1CA534DB28F2}.Debug|Any CPU.Build.0 = Debug|Any CPU
		{5F3C3804-E984-4D9E-A3E4-1CA534DB28F2}.Debug|ARM.ActiveCfg = Debug|ARM
		{5F3C3804-E984-4D9E-A3E4-1CA534DB28F2}.Debug|ARM.Build.0 = Debug|ARM
		{5F3C3804-E984-4D9E-A3E4-1CA534DB28F2}.Debug|x64.ActiveCfg = Debug|x64
		{5F3C3804-E984-4D9E-A3E4-1CA534DB28F2}.Debug|x64.Build.0 = Debug|x64
		{5F3C3804-E984-4D9E-A3E4-1CA534DB28F2}.Debug|x86.ActiveCfg = Debug|x86
		{5F3C3804-E984-4D9E-A3E4-1CA534DB28F2}.Debug|x86.Build.0 = Debug|x86
		{5F3C3804-E984-4D9E-A3E4-1CA534DB28F2}.Release|Any CPU.ActiveCfg = Release|Any CPU
		{5F3C3804-E984-4D9E-A3E4-1CA534DB28F2}.Release|Any CPU.Build.0 = Release|Any CPU
		{5F3C3804-E984-4D9E-A3E4-1CA534DB28F2}.Release|ARM.ActiveCfg = Release|ARM
		{5F3C3804-E984-4D9E-A3E4-1CA534DB28F2}.Release|ARM.Build.0 = Release|ARM
		{5F3C3804-E984-4D9E-A3E4-1CA534DB28F2}.Release|x64.ActiveCfg = Release|x64
		{5F3C3804-E984-4D9E-A3E4-1CA534DB28F2}.Release|x64.Build.0 = Release|x64
		{5F3C3804-E984-4D9E-A3E4-1CA534DB28F2}.Release|x86.ActiveCfg = Release|x86
		{5F3C3804-E984-4D9E-A3E4-1CA534DB28F2}.Release|x86.Build.0 = Release|x86
		{D34DD626-F540-4EE0-9B2E-61CB3623F5FE}.Debug|Any CPU.ActiveCfg = Debug|Any CPU
		{D34DD626-F540-4EE0-9B2E-61CB3623F5FE}.Debug|Any CPU.Build.0 = Debug|Any CPU
		{D34DD626-F540-4EE0-9B2E-61CB3623F5FE}.Debug|ARM.ActiveCfg = Debug|ARM
		{D34DD626-F540-4EE0-9B2E-61CB3623F5FE}.Debug|ARM.Build.0 = Debug|ARM
		{D34DD626-F540-4EE0-9B2E-61CB3623F5FE}.Debug|x64.ActiveCfg = Debug|x64
		{D34DD626-F540-4EE0-9B2E-61CB3623F5FE}.Debug|x64.Build.0 = Debug|x64
		{D34DD626-F540-4EE0-9B2E-61CB3623F5FE}.Debug|x86.ActiveCfg = Debug|x86
		{D34DD626-F540-4EE0-9B2E-61CB3623F5FE}.Debug|x86.Build.0 = Debug|x86
		{D34DD626-F540-4EE0-9B2E-61CB3623F5FE}.Release|Any CPU.ActiveCfg = Release|Any CPU
		{D34DD626-F540-4EE0-9B2E-61CB3623F5FE}.Release|Any CPU.Build.0 = Release|Any CPU
		{D34DD626-F540-4EE0-9B2E-61CB3623F5FE}.Release|ARM.ActiveCfg = Release|ARM
		{D34DD626-F540-4EE0-9B2E-61CB3623F5FE}.Release|ARM.Build.0 = Release|ARM
		{D34DD626-F540-4EE0-9B2E-61CB3623F5FE}.Release|x64.ActiveCfg = Release|x64
		{D34DD626-F540-4EE0-9B2E-61CB3623F5FE}.Release|x64.Build.0 = Release|x64
		{D34DD626-F540-4EE0-9B2E-61CB3623F5FE}.Release|x86.ActiveCfg = Release|x86
		{D34DD626-F540-4EE0-9B2E-61CB3623F5FE}.Release|x86.Build.0 = Release|x86
		{19B6E115-0412-4065-8670-C9177075BEC7}.Debug|Any CPU.ActiveCfg = Debug|Any CPU
		{19B6E115-0412-4065-8670-C9177075BEC7}.Debug|Any CPU.Build.0 = Debug|Any CPU
		{19B6E115-0412-4065-8670-C9177075BEC7}.Debug|ARM.ActiveCfg = Debug|ARM
		{19B6E115-0412-4065-8670-C9177075BEC7}.Debug|ARM.Build.0 = Debug|ARM
		{19B6E115-0412-4065-8670-C9177075BEC7}.Debug|x64.ActiveCfg = Debug|x64
		{19B6E115-0412-4065-8670-C9177075BEC7}.Debug|x64.Build.0 = Debug|x64
		{19B6E115-0412-4065-8670-C9177075BEC7}.Debug|x86.ActiveCfg = Debug|x86
		{19B6E115-0412-4065-8670-C9177075BEC7}.Debug|x86.Build.0 = Debug|x86
		{19B6E115-0412-4065-8670-C9177075BEC7}.Release|Any CPU.ActiveCfg = Release|Any CPU
		{19B6E115-0412-4065-8670-C9177075BEC7}.Release|Any CPU.Build.0 = Release|Any CPU
		{19B6E115-0412-4065-8670-C9177075BEC7}.Release|ARM.ActiveCfg = Release|ARM
		{19B6E115-0412-4065-8670-C9177075BEC7}.Release|ARM.Build.0 = Release|ARM
		{19B6E115-0412-4065-8670-C9177075BEC7}.Release|x64.ActiveCfg = Release|x64
		{19B6E115-0412-4065-8670-C9177075BEC7}.Release|x64.Build.0 = Release|x64
		{19B6E115-0412-4065-8670-C9177075BEC7}.Release|x86.ActiveCfg = Release|x86
		{19B6E115-0412-4065-8670-C9177075BEC7}.Release|x86.Build.0 = Release|x86
		{FA15C86A-A432-4165-8D5B-6270CA26B811}.Debug|Any CPU.ActiveCfg = Debug|Any CPU
		{FA15C86A-A432-4165-8D5B-6270CA26B811}.Debug|Any CPU.Build.0 = Debug|Any CPU
		{FA15C86A-A432-4165-8D5B-6270CA26B811}.Debug|ARM.ActiveCfg = Debug|Any CPU
		{FA15C86A-A432-4165-8D5B-6270CA26B811}.Debug|ARM.Build.0 = Debug|Any CPU
		{FA15C86A-A432-4165-8D5B-6270CA26B811}.Debug|x64.ActiveCfg = Debug|Any CPU
		{FA15C86A-A432-4165-8D5B-6270CA26B811}.Debug|x64.Build.0 = Debug|Any CPU
		{FA15C86A-A432-4165-8D5B-6270CA26B811}.Debug|x86.ActiveCfg = Debug|Any CPU
		{FA15C86A-A432-4165-8D5B-6270CA26B811}.Debug|x86.Build.0 = Debug|Any CPU
		{FA15C86A-A432-4165-8D5B-6270CA26B811}.Release|Any CPU.ActiveCfg = Release|Any CPU
		{FA15C86A-A432-4165-8D5B-6270CA26B811}.Release|Any CPU.Build.0 = Release|Any CPU
		{FA15C86A-A432-4165-8D5B-6270CA26B811}.Release|ARM.ActiveCfg = Release|Any CPU
		{FA15C86A-A432-4165-8D5B-6270CA26B811}.Release|ARM.Build.0 = Release|Any CPU
		{FA15C86A-A432-4165-8D5B-6270CA26B811}.Release|x64.ActiveCfg = Release|Any CPU
		{FA15C86A-A432-4165-8D5B-6270CA26B811}.Release|x64.Build.0 = Release|Any CPU
		{FA15C86A-A432-4165-8D5B-6270CA26B811}.Release|x86.ActiveCfg = Release|Any CPU
		{FA15C86A-A432-4165-8D5B-6270CA26B811}.Release|x86.Build.0 = Release|Any CPU
		{35AFB302-54E9-4E5C-878A-17E45B9158DC}.Debug|Any CPU.ActiveCfg = Debug|Any CPU
		{35AFB302-54E9-4E5C-878A-17E45B9158DC}.Debug|Any CPU.Build.0 = Debug|Any CPU
		{35AFB302-54E9-4E5C-878A-17E45B9158DC}.Debug|ARM.ActiveCfg = Debug|ARM
		{35AFB302-54E9-4E5C-878A-17E45B9158DC}.Debug|ARM.Build.0 = Debug|ARM
		{35AFB302-54E9-4E5C-878A-17E45B9158DC}.Debug|x64.ActiveCfg = Debug|x64
		{35AFB302-54E9-4E5C-878A-17E45B9158DC}.Debug|x64.Build.0 = Debug|x64
		{35AFB302-54E9-4E5C-878A-17E45B9158DC}.Debug|x86.ActiveCfg = Debug|x86
		{35AFB302-54E9-4E5C-878A-17E45B9158DC}.Debug|x86.Build.0 = Debug|x86
		{35AFB302-54E9-4E5C-878A-17E45B9158DC}.Release|Any CPU.ActiveCfg = Release|Any CPU
		{35AFB302-54E9-4E5C-878A-17E45B9158DC}.Release|Any CPU.Build.0 = Release|Any CPU
		{35AFB302-54E9-4E5C-878A-17E45B9158DC}.Release|ARM.ActiveCfg = Release|ARM
		{35AFB302-54E9-4E5C-878A-17E45B9158DC}.Release|ARM.Build.0 = Release|ARM
		{35AFB302-54E9-4E5C-878A-17E45B9158DC}.Release|x64.ActiveCfg = Release|x64
		{35AFB302-54E9-4E5C-878A-17E45B9158DC}.Release|x64.Build.0 = Release|x64
		{35AFB302-54E9-4E5C-878A-17E45B9158DC}.Release|x86.ActiveCfg = Release|x86
		{35AFB302-54E9-4E5C-878A-17E45B9158DC}.Release|x86.Build.0 = Release|x86
		{3CA966F6-437A-4D9A-BD1A-CF5853219ABD}.Debug|Any CPU.ActiveCfg = Debug|Any CPU
		{3CA966F6-437A-4D9A-BD1A-CF5853219ABD}.Debug|Any CPU.Build.0 = Debug|Any CPU
		{3CA966F6-437A-4D9A-BD1A-CF5853219ABD}.Debug|ARM.ActiveCfg = Debug|Any CPU
		{3CA966F6-437A-4D9A-BD1A-CF5853219ABD}.Debug|ARM.Build.0 = Debug|Any CPU
		{3CA966F6-437A-4D9A-BD1A-CF5853219ABD}.Debug|x64.ActiveCfg = Debug|Any CPU
		{3CA966F6-437A-4D9A-BD1A-CF5853219ABD}.Debug|x64.Build.0 = Debug|Any CPU
		{3CA966F6-437A-4D9A-BD1A-CF5853219ABD}.Debug|x86.ActiveCfg = Debug|Any CPU
		{3CA966F6-437A-4D9A-BD1A-CF5853219ABD}.Debug|x86.Build.0 = Debug|Any CPU
		{3CA966F6-437A-4D9A-BD1A-CF5853219ABD}.Release|Any CPU.ActiveCfg = Release|Any CPU
		{3CA966F6-437A-4D9A-BD1A-CF5853219ABD}.Release|Any CPU.Build.0 = Release|Any CPU
		{3CA966F6-437A-4D9A-BD1A-CF5853219ABD}.Release|ARM.ActiveCfg = Release|Any CPU
		{3CA966F6-437A-4D9A-BD1A-CF5853219ABD}.Release|ARM.Build.0 = Release|Any CPU
		{3CA966F6-437A-4D9A-BD1A-CF5853219ABD}.Release|x64.ActiveCfg = Release|Any CPU
		{3CA966F6-437A-4D9A-BD1A-CF5853219ABD}.Release|x64.Build.0 = Release|Any CPU
		{3CA966F6-437A-4D9A-BD1A-CF5853219ABD}.Release|x86.ActiveCfg = Release|Any CPU
		{3CA966F6-437A-4D9A-BD1A-CF5853219ABD}.Release|x86.Build.0 = Release|Any CPU
		{5966E8F2-5E4B-49C1-B331-FF9FA39B910E}.Debug|Any CPU.ActiveCfg = Debug|Any CPU
		{5966E8F2-5E4B-49C1-B331-FF9FA39B910E}.Debug|Any CPU.Build.0 = Debug|Any CPU
		{5966E8F2-5E4B-49C1-B331-FF9FA39B910E}.Debug|ARM.ActiveCfg = Debug|Any CPU
		{5966E8F2-5E4B-49C1-B331-FF9FA39B910E}.Debug|ARM.Build.0 = Debug|Any CPU
		{5966E8F2-5E4B-49C1-B331-FF9FA39B910E}.Debug|x64.ActiveCfg = Debug|Any CPU
		{5966E8F2-5E4B-49C1-B331-FF9FA39B910E}.Debug|x64.Build.0 = Debug|Any CPU
		{5966E8F2-5E4B-49C1-B331-FF9FA39B910E}.Debug|x86.ActiveCfg = Debug|Any CPU
		{5966E8F2-5E4B-49C1-B331-FF9FA39B910E}.Debug|x86.Build.0 = Debug|Any CPU
		{5966E8F2-5E4B-49C1-B331-FF9FA39B910E}.Release|Any CPU.ActiveCfg = Release|Any CPU
		{5966E8F2-5E4B-49C1-B331-FF9FA39B910E}.Release|Any CPU.Build.0 = Release|Any CPU
		{5966E8F2-5E4B-49C1-B331-FF9FA39B910E}.Release|ARM.ActiveCfg = Release|Any CPU
		{5966E8F2-5E4B-49C1-B331-FF9FA39B910E}.Release|ARM.Build.0 = Release|Any CPU
		{5966E8F2-5E4B-49C1-B331-FF9FA39B910E}.Release|x64.ActiveCfg = Release|Any CPU
		{5966E8F2-5E4B-49C1-B331-FF9FA39B910E}.Release|x64.Build.0 = Release|Any CPU
		{5966E8F2-5E4B-49C1-B331-FF9FA39B910E}.Release|x86.ActiveCfg = Release|Any CPU
		{5966E8F2-5E4B-49C1-B331-FF9FA39B910E}.Release|x86.Build.0 = Release|Any CPU
		{4C0B854E-F980-4EEE-BB01-FC28C49CC756}.Debug|Any CPU.ActiveCfg = Debug|Any CPU
		{4C0B854E-F980-4EEE-BB01-FC28C49CC756}.Debug|Any CPU.Build.0 = Debug|Any CPU
		{4C0B854E-F980-4EEE-BB01-FC28C49CC756}.Debug|ARM.ActiveCfg = Debug|ARM
		{4C0B854E-F980-4EEE-BB01-FC28C49CC756}.Debug|ARM.Build.0 = Debug|ARM
		{4C0B854E-F980-4EEE-BB01-FC28C49CC756}.Debug|x64.ActiveCfg = Debug|x64
		{4C0B854E-F980-4EEE-BB01-FC28C49CC756}.Debug|x64.Build.0 = Debug|x64
		{4C0B854E-F980-4EEE-BB01-FC28C49CC756}.Debug|x86.ActiveCfg = Debug|x86
		{4C0B854E-F980-4EEE-BB01-FC28C49CC756}.Debug|x86.Build.0 = Debug|x86
		{4C0B854E-F980-4EEE-BB01-FC28C49CC756}.Release|Any CPU.ActiveCfg = Release|Any CPU
		{4C0B854E-F980-4EEE-BB01-FC28C49CC756}.Release|Any CPU.Build.0 = Release|Any CPU
		{4C0B854E-F980-4EEE-BB01-FC28C49CC756}.Release|ARM.ActiveCfg = Release|ARM
		{4C0B854E-F980-4EEE-BB01-FC28C49CC756}.Release|ARM.Build.0 = Release|ARM
		{4C0B854E-F980-4EEE-BB01-FC28C49CC756}.Release|x64.ActiveCfg = Release|x64
		{4C0B854E-F980-4EEE-BB01-FC28C49CC756}.Release|x64.Build.0 = Release|x64
		{4C0B854E-F980-4EEE-BB01-FC28C49CC756}.Release|x86.ActiveCfg = Release|x86
		{4C0B854E-F980-4EEE-BB01-FC28C49CC756}.Release|x86.Build.0 = Release|x86
		{E2CC3FB2-528B-4679-BE56-9725B22E63B3}.Debug|Any CPU.ActiveCfg = Debug|Win32
		{E2CC3FB2-528B-4679-BE56-9725B22E63B3}.Debug|ARM.ActiveCfg = Debug|ARM
		{E2CC3FB2-528B-4679-BE56-9725B22E63B3}.Debug|ARM.Build.0 = Debug|ARM
		{E2CC3FB2-528B-4679-BE56-9725B22E63B3}.Debug|x64.ActiveCfg = Debug|x64
		{E2CC3FB2-528B-4679-BE56-9725B22E63B3}.Debug|x64.Build.0 = Debug|x64
		{E2CC3FB2-528B-4679-BE56-9725B22E63B3}.Debug|x86.ActiveCfg = Debug|Win32
		{E2CC3FB2-528B-4679-BE56-9725B22E63B3}.Debug|x86.Build.0 = Debug|Win32
		{E2CC3FB2-528B-4679-BE56-9725B22E63B3}.Release|Any CPU.ActiveCfg = Release|Win32
		{E2CC3FB2-528B-4679-BE56-9725B22E63B3}.Release|ARM.ActiveCfg = Release|ARM
		{E2CC3FB2-528B-4679-BE56-9725B22E63B3}.Release|ARM.Build.0 = Release|ARM
		{E2CC3FB2-528B-4679-BE56-9725B22E63B3}.Release|x64.ActiveCfg = Release|x64
		{E2CC3FB2-528B-4679-BE56-9725B22E63B3}.Release|x64.Build.0 = Release|x64
		{E2CC3FB2-528B-4679-BE56-9725B22E63B3}.Release|x86.ActiveCfg = Release|Win32
		{E2CC3FB2-528B-4679-BE56-9725B22E63B3}.Release|x86.Build.0 = Release|Win32
		{C5DC060E-2AAF-4DE8-9614-CD7C551C492E}.Debug|Any CPU.ActiveCfg = Debug|Any CPU
		{C5DC060E-2AAF-4DE8-9614-CD7C551C492E}.Debug|Any CPU.Build.0 = Debug|Any CPU
		{C5DC060E-2AAF-4DE8-9614-CD7C551C492E}.Debug|ARM.ActiveCfg = Debug|ARM
		{C5DC060E-2AAF-4DE8-9614-CD7C551C492E}.Debug|ARM.Build.0 = Debug|ARM
		{C5DC060E-2AAF-4DE8-9614-CD7C551C492E}.Debug|x64.ActiveCfg = Debug|x64
		{C5DC060E-2AAF-4DE8-9614-CD7C551C492E}.Debug|x64.Build.0 = Debug|x64
		{C5DC060E-2AAF-4DE8-9614-CD7C551C492E}.Debug|x86.ActiveCfg = Debug|x86
		{C5DC060E-2AAF-4DE8-9614-CD7C551C492E}.Debug|x86.Build.0 = Debug|x86
		{C5DC060E-2AAF-4DE8-9614-CD7C551C492E}.Release|Any CPU.ActiveCfg = Release|Any CPU
		{C5DC060E-2AAF-4DE8-9614-CD7C551C492E}.Release|Any CPU.Build.0 = Release|Any CPU
		{C5DC060E-2AAF-4DE8-9614-CD7C551C492E}.Release|ARM.ActiveCfg = Release|ARM
		{C5DC060E-2AAF-4DE8-9614-CD7C551C492E}.Release|ARM.Build.0 = Release|ARM
		{C5DC060E-2AAF-4DE8-9614-CD7C551C492E}.Release|x64.ActiveCfg = Release|x64
		{C5DC060E-2AAF-4DE8-9614-CD7C551C492E}.Release|x64.Build.0 = Release|x64
		{C5DC060E-2AAF-4DE8-9614-CD7C551C492E}.Release|x86.ActiveCfg = Release|x86
		{C5DC060E-2AAF-4DE8-9614-CD7C551C492E}.Release|x86.Build.0 = Release|x86
		{8CD7958C-9F86-4530-9FF9-92289631F606}.Debug|Any CPU.ActiveCfg = Debug|Any CPU
		{8CD7958C-9F86-4530-9FF9-92289631F606}.Debug|Any CPU.Build.0 = Debug|Any CPU
		{8CD7958C-9F86-4530-9FF9-92289631F606}.Debug|ARM.ActiveCfg = Debug|ARM
		{8CD7958C-9F86-4530-9FF9-92289631F606}.Debug|ARM.Build.0 = Debug|ARM
		{8CD7958C-9F86-4530-9FF9-92289631F606}.Debug|x64.ActiveCfg = Debug|x64
		{8CD7958C-9F86-4530-9FF9-92289631F606}.Debug|x64.Build.0 = Debug|x64
		{8CD7958C-9F86-4530-9FF9-92289631F606}.Debug|x86.ActiveCfg = Debug|x86
		{8CD7958C-9F86-4530-9FF9-92289631F606}.Debug|x86.Build.0 = Debug|x86
		{8CD7958C-9F86-4530-9FF9-92289631F606}.Release|Any CPU.ActiveCfg = Release|Any CPU
		{8CD7958C-9F86-4530-9FF9-92289631F606}.Release|Any CPU.Build.0 = Release|Any CPU
		{8CD7958C-9F86-4530-9FF9-92289631F606}.Release|ARM.ActiveCfg = Release|ARM
		{8CD7958C-9F86-4530-9FF9-92289631F606}.Release|ARM.Build.0 = Release|ARM
		{8CD7958C-9F86-4530-9FF9-92289631F606}.Release|x64.ActiveCfg = Release|x64
		{8CD7958C-9F86-4530-9FF9-92289631F606}.Release|x64.Build.0 = Release|x64
		{8CD7958C-9F86-4530-9FF9-92289631F606}.Release|x86.ActiveCfg = Release|x86
		{8CD7958C-9F86-4530-9FF9-92289631F606}.Release|x86.Build.0 = Release|x86
		{9DF1AD76-777A-46E1-9862-E0DF00DBAD01}.Debug|Any CPU.ActiveCfg = Debug|x86
		{9DF1AD76-777A-46E1-9862-E0DF00DBAD01}.Debug|ARM.ActiveCfg = Debug|ARM
		{9DF1AD76-777A-46E1-9862-E0DF00DBAD01}.Debug|ARM.Build.0 = Debug|ARM
		{9DF1AD76-777A-46E1-9862-E0DF00DBAD01}.Debug|ARM.Deploy.0 = Debug|ARM
		{9DF1AD76-777A-46E1-9862-E0DF00DBAD01}.Debug|x64.ActiveCfg = Debug|x64
		{9DF1AD76-777A-46E1-9862-E0DF00DBAD01}.Debug|x64.Build.0 = Debug|x64
		{9DF1AD76-777A-46E1-9862-E0DF00DBAD01}.Debug|x64.Deploy.0 = Debug|x64
		{9DF1AD76-777A-46E1-9862-E0DF00DBAD01}.Debug|x86.ActiveCfg = Debug|x86
		{9DF1AD76-777A-46E1-9862-E0DF00DBAD01}.Debug|x86.Build.0 = Debug|x86
		{9DF1AD76-777A-46E1-9862-E0DF00DBAD01}.Debug|x86.Deploy.0 = Debug|x86
		{9DF1AD76-777A-46E1-9862-E0DF00DBAD01}.Release|Any CPU.ActiveCfg = Release|x86
		{9DF1AD76-777A-46E1-9862-E0DF00DBAD01}.Release|ARM.ActiveCfg = Release|ARM
		{9DF1AD76-777A-46E1-9862-E0DF00DBAD01}.Release|ARM.Build.0 = Release|ARM
		{9DF1AD76-777A-46E1-9862-E0DF00DBAD01}.Release|ARM.Deploy.0 = Release|ARM
		{9DF1AD76-777A-46E1-9862-E0DF00DBAD01}.Release|x64.ActiveCfg = Release|x64
		{9DF1AD76-777A-46E1-9862-E0DF00DBAD01}.Release|x64.Build.0 = Release|x64
		{9DF1AD76-777A-46E1-9862-E0DF00DBAD01}.Release|x64.Deploy.0 = Release|x64
		{9DF1AD76-777A-46E1-9862-E0DF00DBAD01}.Release|x86.ActiveCfg = Release|x86
		{9DF1AD76-777A-46E1-9862-E0DF00DBAD01}.Release|x86.Build.0 = Release|x86
		{9DF1AD76-777A-46E1-9862-E0DF00DBAD01}.Release|x86.Deploy.0 = Release|x86
	EndGlobalSection
	GlobalSection(SolutionProperties) = preSolution
		HideSolutionNode = FALSE
	EndGlobalSection
EndGlobal
