
Microsoft Visual Studio Solution File, Format Version 12.00
# Visual Studio 15
VisualStudioVersion = 15.0.26430.16
MinimumVisualStudioVersion = 10.0.40219.1
Project("{FAE04EC0-301F-11D3-BF4B-00C04F79EFBC}") = "BingoWallpaper.Models", "BingoWallpaper.Models\BingoWallpaper.Models.csproj", "{6A82CDCE-451A-4D5D-9138-A2CB5B2B543A}"
EndProject
Project("{FAE04EC0-301F-11D3-BF4B-00C04F79EFBC}") = "BingoWallpaper.Services", "BingoWallpaper.Services\BingoWallpaper.Services.csproj", "{367F0082-DC45-44F6-992A-C11155B23E51}"
EndProject
Project("{FAE04EC0-301F-11D3-BF4B-00C04F79EFBC}") = "BingoWallpaper.Services.Abstractions", "BingoWallpaper.Services.Abstractions\BingoWallpaper.Services.Abstractions.csproj", "{30AB2AC5-8706-49A7-98D5-998AC95625A7}"
EndProject
Project("{FAE04EC0-301F-11D3-BF4B-00C04F79EFBC}") = "BingoWallpaper.Services.Tests", "BingoWallpaper.Services.Tests\BingoWallpaper.Services.Tests.csproj", "{D4C61D2A-B329-4FE9-B026-1927A42E4E6D}"
EndProject
Global
	GlobalSection(SolutionConfigurationPlatforms) = preSolution
		Debug|Any CPU = Debug|Any CPU
		Release|Any CPU = Release|Any CPU
	EndGlobalSection
	GlobalSection(ProjectConfigurationPlatforms) = postSolution
		{6A82CDCE-451A-4D5D-9138-A2CB5B2B543A}.Debug|Any CPU.ActiveCfg = Debug|Any CPU
		{6A82CDCE-451A-4D5D-9138-A2CB5B2B543A}.Debug|Any CPU.Build.0 = Debug|Any CPU
		{6A82CDCE-451A-4D5D-9138-A2CB5B2B543A}.Release|Any CPU.ActiveCfg = Release|Any CPU
		{6A82CDCE-451A-4D5D-9138-A2CB5B2B543A}.Release|Any CPU.Build.0 = Release|Any CPU
		{367F0082-DC45-44F6-992A-C11155B23E51}.Debug|Any CPU.ActiveCfg = Debug|Any CPU
		{367F0082-DC45-44F6-992A-C11155B23E51}.Debug|Any CPU.Build.0 = Debug|Any CPU
		{367F0082-DC45-44F6-992A-C11155B23E51}.Release|Any CPU.ActiveCfg = Release|Any CPU
		{367F0082-DC45-44F6-992A-C11155B23E51}.Release|Any CPU.Build.0 = Release|Any CPU
		{30AB2AC5-8706-49A7-98D5-998AC95625A7}.Debug|Any CPU.ActiveCfg = Debug|Any CPU
		{30AB2AC5-8706-49A7-98D5-998AC95625A7}.Debug|Any CPU.Build.0 = Debug|Any CPU
		{30AB2AC5-8706-49A7-98D5-998AC95625A7}.Release|Any CPU.ActiveCfg = Release|Any CPU
		{30AB2AC5-8706-49A7-98D5-998AC95625A7}.Release|Any CPU.Build.0 = Release|Any CPU
		{D4C61D2A-B329-4FE9-B026-1927A42E4E6D}.Debug|Any CPU.ActiveCfg = Debug|Any CPU
		{D4C61D2A-B329-4FE9-B026-1927A42E4E6D}.Debug|Any CPU.Build.0 = Debug|Any CPU
		{D4C61D2A-B329-4FE9-B026-1927A42E4E6D}.Release|Any CPU.ActiveCfg = Release|Any CPU
		{D4C61D2A-B329-4FE9-B026-1927A42E4E6D}.Release|Any CPU.Build.0 = Release|Any CPU
	EndGlobalSection
	GlobalSection(SolutionProperties) = preSolution
		HideSolutionNode = FALSE
	EndGlobalSection
EndGlobal
