
Microsoft Visual Studio Solution File, Format Version 12.00
# Visual Studio 15
VisualStudioVersion = 15.0.26730.8
MinimumVisualStudioVersion = 10.0.40219.1
Project("{9A19103F-16F7-4668-BE54-9A1E7A4F7556}") = "U148.Models", "U148.Models\U148.Models.csproj", "{86EA073D-0BA8-4C94-BFAC-DEDBBDA07475}"
EndProject
Project("{9A19103F-16F7-4668-BE54-9A1E7A4F7556}") = "U148.Services", "U148.Services\U148.Services.csproj", "{E81D0687-3826-45E5-8CD6-7071CA510E10}"
EndProject
Project("{9A19103F-16F7-4668-BE54-9A1E7A4F7556}") = "U148.Utils", "U148.Utils\U148.Utils.csproj", "{6C446AF2-E546-4056-8BEE-A2FAF72CA653}"
EndProject
Project("{9A19103F-16F7-4668-BE54-9A1E7A4F7556}") = "U148.Configuration", "U148.Configuration\U148.Configuration.csproj", "{A4DFEFB1-0DDE-4F4A-A9CA-FF140BABBF89}"
EndProject
Project("{FAE04EC0-301F-11D3-BF4B-00C04F79EFBC}") = "U148.Services.Tests", "U148.Services.Tests\U148.Services.Tests.csproj", "{0CA1BA08-9A40-4C02-B6AD-3B6A3945C4B6}"
EndProject
Project("{FAE04EC0-301F-11D3-BF4B-00C04F79EFBC}") = "SoftwareKobo.Utils.Uwp", "..\Libraries\SoftwareKobo.Utils.Uwp\SoftwareKobo.Utils.Uwp.csproj", "{E325FCD6-2E6B-44FC-85D0-D49957258C98}"
EndProject
Project("{9A19103F-16F7-4668-BE54-9A1E7A4F7556}") = "SoftwareKobo.Utils", "..\Libraries\SoftwareKobo.Utils\SoftwareKobo.Utils.csproj", "{2AF85A8A-0687-451E-8796-EAE925928844}"
EndProject
Project("{FAE04EC0-301F-11D3-BF4B-00C04F79EFBC}") = "SoftwareKobo.Controls.ToastPrompt.Uwp", "..\Libraries\SoftwareKobo.Controls.ToastPrompt.Uwp\SoftwareKobo.Controls.ToastPrompt.Uwp.csproj", "{C48BD2CB-FB6A-4677-A2F0-B04F07360B6A}"
EndProject
Project("{FAE04EC0-301F-11D3-BF4B-00C04F79EFBC}") = "SoftwareKobo.Icons", "..\Libraries\SoftwareKobo.Icons\SoftwareKobo.Icons.csproj", "{F9127F6D-C993-4071-B7D2-22C6A317D1D1}"
EndProject
Project("{9A19103F-16F7-4668-BE54-9A1E7A4F7556}") = "SoftwareKobo.Controls.ImageEx.Core", "..\Libraries\SoftwareKobo.Controls.ImageEx.Core\SoftwareKobo.Controls.ImageEx.Core.csproj", "{3D80EABA-FEC1-4D3C-B4C5-E2DCCC93FA6C}"
EndProject
Project("{FAE04EC0-301F-11D3-BF4B-00C04F79EFBC}") = "SoftwareKobo.Social.SinaWeibo.Uwp", "..\Libraries\SoftwareKobo.Social.SinaWeibo.Uwp\SoftwareKobo.Social.SinaWeibo.Uwp.csproj", "{CCA06B62-E020-43D7-A136-6BD9AA97F872}"
EndProject
Project("{9A19103F-16F7-4668-BE54-9A1E7A4F7556}") = "SoftwareKobo.Social.SinaWeibo.Core", "..\Libraries\SoftwareKobo.Social.SinaWeibo.Core\SoftwareKobo.Social.SinaWeibo.Core.csproj", "{767F54A5-57C2-4D4C-8773-A5B1750FD39F}"
EndProject
Project("{2150E333-8FDC-42A3-9474-1A3956D46DE8}") = "Libraries", "Libraries", "{1AE55AAF-CD90-45E4-A805-E921CCA1E5A8}"
EndProject
Project("{FAE04EC0-301F-11D3-BF4B-00C04F79EFBC}") = "U148.Configuration.Uwp.14393", "U148.Configuration.Uwp.14393\U148.Configuration.Uwp.14393.csproj", "{504C8955-C107-4252-ADDF-24C71CF9E3F6}"
EndProject
Project("{FAE04EC0-301F-11D3-BF4B-00C04F79EFBC}") = "U148.Models.Uwp", "U148.Models.Uwp\U148.Models.Uwp.csproj", "{FB5F4804-BC73-450A-A051-D1E8ED589466}"
EndProject
Project("{FAE04EC0-301F-11D3-BF4B-00C04F79EFBC}") = "U148.Services.Uwp.14393", "U148.Services.Uwp.14393\U148.Services.Uwp.14393.csproj", "{F15C2B06-8B82-41AB-9168-9103813A5D16}"
EndProject
Project("{FAE04EC0-301F-11D3-BF4B-00C04F79EFBC}") = "U148.Uwp.14393", "U148.Uwp.14393\U148.Uwp.14393.csproj", "{72FB0E28-BF17-4F87-B05D-B674B3D1D3E9}"
EndProject
Project("{FAE04EC0-301F-11D3-BF4B-00C04F79EFBC}") = "SoftwareKobo.Controls.ImageEx.Uwp.14393", "..\Libraries\SoftwareKobo.Controls.ImageEx.Uwp.14393\SoftwareKobo.Controls.ImageEx.Uwp.14393.csproj", "{6AB289CA-714C-4D98-962D-E7EBB445AEC1}"
EndProject
Global
	GlobalSection(SharedMSBuildProjectFiles) = preSolution
		..\Libraries\SoftwareKobo.Controls.ImageEx.Shared\SoftwareKobo.Controls.ImageEx.Shared.projitems*{6ab289ca-714c-4d98-962d-e7ebb445aec1}*SharedItemsImports = 4
	EndGlobalSection
	GlobalSection(SolutionConfigurationPlatforms) = preSolution
		Debug|Any CPU = Debug|Any CPU
		Debug|ARM = Debug|ARM
		Debug|x64 = Debug|x64
		Debug|x86 = Debug|x86
		Release|Any CPU = Release|Any CPU
		Release|ARM = Release|ARM
		Release|x64 = Release|x64
		Release|x86 = Release|x86
	EndGlobalSection
	GlobalSection(ProjectConfigurationPlatforms) = postSolution
		{86EA073D-0BA8-4C94-BFAC-DEDBBDA07475}.Debug|Any CPU.ActiveCfg = Debug|Any CPU
		{86EA073D-0BA8-4C94-BFAC-DEDBBDA07475}.Debug|Any CPU.Build.0 = Debug|Any CPU
		{86EA073D-0BA8-4C94-BFAC-DEDBBDA07475}.Debug|ARM.ActiveCfg = Debug|Any CPU
		{86EA073D-0BA8-4C94-BFAC-DEDBBDA07475}.Debug|ARM.Build.0 = Debug|Any CPU
		{86EA073D-0BA8-4C94-BFAC-DEDBBDA07475}.Debug|x64.ActiveCfg = Debug|Any CPU
		{86EA073D-0BA8-4C94-BFAC-DEDBBDA07475}.Debug|x64.Build.0 = Debug|Any CPU
		{86EA073D-0BA8-4C94-BFAC-DEDBBDA07475}.Debug|x86.ActiveCfg = Debug|Any CPU
		{86EA073D-0BA8-4C94-BFAC-DEDBBDA07475}.Debug|x86.Build.0 = Debug|Any CPU
		{86EA073D-0BA8-4C94-BFAC-DEDBBDA07475}.Release|Any CPU.ActiveCfg = Release|Any CPU
		{86EA073D-0BA8-4C94-BFAC-DEDBBDA07475}.Release|Any CPU.Build.0 = Release|Any CPU
		{86EA073D-0BA8-4C94-BFAC-DEDBBDA07475}.Release|ARM.ActiveCfg = Release|Any CPU
		{86EA073D-0BA8-4C94-BFAC-DEDBBDA07475}.Release|ARM.Build.0 = Release|Any CPU
		{86EA073D-0BA8-4C94-BFAC-DEDBBDA07475}.Release|x64.ActiveCfg = Release|Any CPU
		{86EA073D-0BA8-4C94-BFAC-DEDBBDA07475}.Release|x64.Build.0 = Release|Any CPU
		{86EA073D-0BA8-4C94-BFAC-DEDBBDA07475}.Release|x86.ActiveCfg = Release|Any CPU
		{86EA073D-0BA8-4C94-BFAC-DEDBBDA07475}.Release|x86.Build.0 = Release|Any CPU
		{E81D0687-3826-45E5-8CD6-7071CA510E10}.Debug|Any CPU.ActiveCfg = Debug|Any CPU
		{E81D0687-3826-45E5-8CD6-7071CA510E10}.Debug|Any CPU.Build.0 = Debug|Any CPU
		{E81D0687-3826-45E5-8CD6-7071CA510E10}.Debug|ARM.ActiveCfg = Debug|Any CPU
		{E81D0687-3826-45E5-8CD6-7071CA510E10}.Debug|ARM.Build.0 = Debug|Any CPU
		{E81D0687-3826-45E5-8CD6-7071CA510E10}.Debug|x64.ActiveCfg = Debug|Any CPU
		{E81D0687-3826-45E5-8CD6-7071CA510E10}.Debug|x64.Build.0 = Debug|Any CPU
		{E81D0687-3826-45E5-8CD6-7071CA510E10}.Debug|x86.ActiveCfg = Debug|Any CPU
		{E81D0687-3826-45E5-8CD6-7071CA510E10}.Debug|x86.Build.0 = Debug|Any CPU
		{E81D0687-3826-45E5-8CD6-7071CA510E10}.Release|Any CPU.ActiveCfg = Release|Any CPU
		{E81D0687-3826-45E5-8CD6-7071CA510E10}.Release|Any CPU.Build.0 = Release|Any CPU
		{E81D0687-3826-45E5-8CD6-7071CA510E10}.Release|ARM.ActiveCfg = Release|Any CPU
		{E81D0687-3826-45E5-8CD6-7071CA510E10}.Release|ARM.Build.0 = Release|Any CPU
		{E81D0687-3826-45E5-8CD6-7071CA510E10}.Release|x64.ActiveCfg = Release|Any CPU
		{E81D0687-3826-45E5-8CD6-7071CA510E10}.Release|x64.Build.0 = Release|Any CPU
		{E81D0687-3826-45E5-8CD6-7071CA510E10}.Release|x86.ActiveCfg = Release|Any CPU
		{E81D0687-3826-45E5-8CD6-7071CA510E10}.Release|x86.Build.0 = Release|Any CPU
		{6C446AF2-E546-4056-8BEE-A2FAF72CA653}.Debug|Any CPU.ActiveCfg = Debug|Any CPU
		{6C446AF2-E546-4056-8BEE-A2FAF72CA653}.Debug|Any CPU.Build.0 = Debug|Any CPU
		{6C446AF2-E546-4056-8BEE-A2FAF72CA653}.Debug|ARM.ActiveCfg = Debug|Any CPU
		{6C446AF2-E546-4056-8BEE-A2FAF72CA653}.Debug|ARM.Build.0 = Debug|Any CPU
		{6C446AF2-E546-4056-8BEE-A2FAF72CA653}.Debug|x64.ActiveCfg = Debug|Any CPU
		{6C446AF2-E546-4056-8BEE-A2FAF72CA653}.Debug|x64.Build.0 = Debug|Any CPU
		{6C446AF2-E546-4056-8BEE-A2FAF72CA653}.Debug|x86.ActiveCfg = Debug|Any CPU
		{6C446AF2-E546-4056-8BEE-A2FAF72CA653}.Debug|x86.Build.0 = Debug|Any CPU
		{6C446AF2-E546-4056-8BEE-A2FAF72CA653}.Release|Any CPU.ActiveCfg = Release|Any CPU
		{6C446AF2-E546-4056-8BEE-A2FAF72CA653}.Release|Any CPU.Build.0 = Release|Any CPU
		{6C446AF2-E546-4056-8BEE-A2FAF72CA653}.Release|ARM.ActiveCfg = Release|Any CPU
		{6C446AF2-E546-4056-8BEE-A2FAF72CA653}.Release|ARM.Build.0 = Release|Any CPU
		{6C446AF2-E546-4056-8BEE-A2FAF72CA653}.Release|x64.ActiveCfg = Release|Any CPU
		{6C446AF2-E546-4056-8BEE-A2FAF72CA653}.Release|x64.Build.0 = Release|Any CPU
		{6C446AF2-E546-4056-8BEE-A2FAF72CA653}.Release|x86.ActiveCfg = Release|Any CPU
		{6C446AF2-E546-4056-8BEE-A2FAF72CA653}.Release|x86.Build.0 = Release|Any CPU
		{A4DFEFB1-0DDE-4F4A-A9CA-FF140BABBF89}.Debug|Any CPU.ActiveCfg = Debug|Any CPU
		{A4DFEFB1-0DDE-4F4A-A9CA-FF140BABBF89}.Debug|Any CPU.Build.0 = Debug|Any CPU
		{A4DFEFB1-0DDE-4F4A-A9CA-FF140BABBF89}.Debug|ARM.ActiveCfg = Debug|Any CPU
		{A4DFEFB1-0DDE-4F4A-A9CA-FF140BABBF89}.Debug|ARM.Build.0 = Debug|Any CPU
		{A4DFEFB1-0DDE-4F4A-A9CA-FF140BABBF89}.Debug|x64.ActiveCfg = Debug|Any CPU
		{A4DFEFB1-0DDE-4F4A-A9CA-FF140BABBF89}.Debug|x64.Build.0 = Debug|Any CPU
		{A4DFEFB1-0DDE-4F4A-A9CA-FF140BABBF89}.Debug|x86.ActiveCfg = Debug|Any CPU
		{A4DFEFB1-0DDE-4F4A-A9CA-FF140BABBF89}.Debug|x86.Build.0 = Debug|Any CPU
		{A4DFEFB1-0DDE-4F4A-A9CA-FF140BABBF89}.Release|Any CPU.ActiveCfg = Release|Any CPU
		{A4DFEFB1-0DDE-4F4A-A9CA-FF140BABBF89}.Release|Any CPU.Build.0 = Release|Any CPU
		{A4DFEFB1-0DDE-4F4A-A9CA-FF140BABBF89}.Release|ARM.ActiveCfg = Release|Any CPU
		{A4DFEFB1-0DDE-4F4A-A9CA-FF140BABBF89}.Release|ARM.Build.0 = Release|Any CPU
		{A4DFEFB1-0DDE-4F4A-A9CA-FF140BABBF89}.Release|x64.ActiveCfg = Release|Any CPU
		{A4DFEFB1-0DDE-4F4A-A9CA-FF140BABBF89}.Release|x64.Build.0 = Release|Any CPU
		{A4DFEFB1-0DDE-4F4A-A9CA-FF140BABBF89}.Release|x86.ActiveCfg = Release|Any CPU
		{A4DFEFB1-0DDE-4F4A-A9CA-FF140BABBF89}.Release|x86.Build.0 = Release|Any CPU
		{0CA1BA08-9A40-4C02-B6AD-3B6A3945C4B6}.Debug|Any CPU.ActiveCfg = Debug|Any CPU
		{0CA1BA08-9A40-4C02-B6AD-3B6A3945C4B6}.Debug|Any CPU.Build.0 = Debug|Any CPU
		{0CA1BA08-9A40-4C02-B6AD-3B6A3945C4B6}.Debug|ARM.ActiveCfg = Debug|Any CPU
		{0CA1BA08-9A40-4C02-B6AD-3B6A3945C4B6}.Debug|ARM.Build.0 = Debug|Any CPU
		{0CA1BA08-9A40-4C02-B6AD-3B6A3945C4B6}.Debug|x64.ActiveCfg = Debug|Any CPU
		{0CA1BA08-9A40-4C02-B6AD-3B6A3945C4B6}.Debug|x64.Build.0 = Debug|Any CPU
		{0CA1BA08-9A40-4C02-B6AD-3B6A3945C4B6}.Debug|x86.ActiveCfg = Debug|Any CPU
		{0CA1BA08-9A40-4C02-B6AD-3B6A3945C4B6}.Debug|x86.Build.0 = Debug|Any CPU
		{0CA1BA08-9A40-4C02-B6AD-3B6A3945C4B6}.Release|Any CPU.ActiveCfg = Release|Any CPU
		{0CA1BA08-9A40-4C02-B6AD-3B6A3945C4B6}.Release|Any CPU.Build.0 = Release|Any CPU
		{0CA1BA08-9A40-4C02-B6AD-3B6A3945C4B6}.Release|ARM.ActiveCfg = Release|Any CPU
		{0CA1BA08-9A40-4C02-B6AD-3B6A3945C4B6}.Release|ARM.Build.0 = Release|Any CPU
		{0CA1BA08-9A40-4C02-B6AD-3B6A3945C4B6}.Release|x64.ActiveCfg = Release|Any CPU
		{0CA1BA08-9A40-4C02-B6AD-3B6A3945C4B6}.Release|x64.Build.0 = Release|Any CPU
		{0CA1BA08-9A40-4C02-B6AD-3B6A3945C4B6}.Release|x86.ActiveCfg = Release|Any CPU
		{0CA1BA08-9A40-4C02-B6AD-3B6A3945C4B6}.Release|x86.Build.0 = Release|Any CPU
		{E325FCD6-2E6B-44FC-85D0-D49957258C98}.Debug|Any CPU.ActiveCfg = Debug|Any CPU
		{E325FCD6-2E6B-44FC-85D0-D49957258C98}.Debug|Any CPU.Build.0 = Debug|Any CPU
		{E325FCD6-2E6B-44FC-85D0-D49957258C98}.Debug|ARM.ActiveCfg = Debug|ARM
		{E325FCD6-2E6B-44FC-85D0-D49957258C98}.Debug|ARM.Build.0 = Debug|ARM
		{E325FCD6-2E6B-44FC-85D0-D49957258C98}.Debug|x64.ActiveCfg = Debug|x64
		{E325FCD6-2E6B-44FC-85D0-D49957258C98}.Debug|x64.Build.0 = Debug|x64
		{E325FCD6-2E6B-44FC-85D0-D49957258C98}.Debug|x86.ActiveCfg = Debug|x86
		{E325FCD6-2E6B-44FC-85D0-D49957258C98}.Debug|x86.Build.0 = Debug|x86
		{E325FCD6-2E6B-44FC-85D0-D49957258C98}.Release|Any CPU.ActiveCfg = Release|Any CPU
		{E325FCD6-2E6B-44FC-85D0-D49957258C98}.Release|Any CPU.Build.0 = Release|Any CPU
		{E325FCD6-2E6B-44FC-85D0-D49957258C98}.Release|ARM.ActiveCfg = Release|ARM
		{E325FCD6-2E6B-44FC-85D0-D49957258C98}.Release|ARM.Build.0 = Release|ARM
		{E325FCD6-2E6B-44FC-85D0-D49957258C98}.Release|x64.ActiveCfg = Release|x64
		{E325FCD6-2E6B-44FC-85D0-D49957258C98}.Release|x64.Build.0 = Release|x64
		{E325FCD6-2E6B-44FC-85D0-D49957258C98}.Release|x86.ActiveCfg = Release|x86
		{E325FCD6-2E6B-44FC-85D0-D49957258C98}.Release|x86.Build.0 = Release|x86
		{2AF85A8A-0687-451E-8796-EAE925928844}.Debug|Any CPU.ActiveCfg = Debug|Any CPU
		{2AF85A8A-0687-451E-8796-EAE925928844}.Debug|Any CPU.Build.0 = Debug|Any CPU
		{2AF85A8A-0687-451E-8796-EAE925928844}.Debug|ARM.ActiveCfg = Debug|Any CPU
		{2AF85A8A-0687-451E-8796-EAE925928844}.Debug|ARM.Build.0 = Debug|Any CPU
		{2AF85A8A-0687-451E-8796-EAE925928844}.Debug|x64.ActiveCfg = Debug|Any CPU
		{2AF85A8A-0687-451E-8796-EAE925928844}.Debug|x64.Build.0 = Debug|Any CPU
		{2AF85A8A-0687-451E-8796-EAE925928844}.Debug|x86.ActiveCfg = Debug|Any CPU
		{2AF85A8A-0687-451E-8796-EAE925928844}.Debug|x86.Build.0 = Debug|Any CPU
		{2AF85A8A-0687-451E-8796-EAE925928844}.Release|Any CPU.ActiveCfg = Release|Any CPU
		{2AF85A8A-0687-451E-8796-EAE925928844}.Release|Any CPU.Build.0 = Release|Any CPU
		{2AF85A8A-0687-451E-8796-EAE925928844}.Release|ARM.ActiveCfg = Release|Any CPU
		{2AF85A8A-0687-451E-8796-EAE925928844}.Release|ARM.Build.0 = Release|Any CPU
		{2AF85A8A-0687-451E-8796-EAE925928844}.Release|x64.ActiveCfg = Release|Any CPU
		{2AF85A8A-0687-451E-8796-EAE925928844}.Release|x64.Build.0 = Release|Any CPU
		{2AF85A8A-0687-451E-8796-EAE925928844}.Release|x86.ActiveCfg = Release|Any CPU
		{2AF85A8A-0687-451E-8796-EAE925928844}.Release|x86.Build.0 = Release|Any CPU
		{C48BD2CB-FB6A-4677-A2F0-B04F07360B6A}.Debug|Any CPU.ActiveCfg = Debug|Any CPU
		{C48BD2CB-FB6A-4677-A2F0-B04F07360B6A}.Debug|Any CPU.Build.0 = Debug|Any CPU
		{C48BD2CB-FB6A-4677-A2F0-B04F07360B6A}.Debug|ARM.ActiveCfg = Debug|ARM
		{C48BD2CB-FB6A-4677-A2F0-B04F07360B6A}.Debug|ARM.Build.0 = Debug|ARM
		{C48BD2CB-FB6A-4677-A2F0-B04F07360B6A}.Debug|x64.ActiveCfg = Debug|x64
		{C48BD2CB-FB6A-4677-A2F0-B04F07360B6A}.Debug|x64.Build.0 = Debug|x64
		{C48BD2CB-FB6A-4677-A2F0-B04F07360B6A}.Debug|x86.ActiveCfg = Debug|x86
		{C48BD2CB-FB6A-4677-A2F0-B04F07360B6A}.Debug|x86.Build.0 = Debug|x86
		{C48BD2CB-FB6A-4677-A2F0-B04F07360B6A}.Release|Any CPU.ActiveCfg = Release|Any CPU
		{C48BD2CB-FB6A-4677-A2F0-B04F07360B6A}.Release|Any CPU.Build.0 = Release|Any CPU
		{C48BD2CB-FB6A-4677-A2F0-B04F07360B6A}.Release|ARM.ActiveCfg = Release|ARM
		{C48BD2CB-FB6A-4677-A2F0-B04F07360B6A}.Release|ARM.Build.0 = Release|ARM
		{C48BD2CB-FB6A-4677-A2F0-B04F07360B6A}.Release|x64.ActiveCfg = Release|x64
		{C48BD2CB-FB6A-4677-A2F0-B04F07360B6A}.Release|x64.Build.0 = Release|x64
		{C48BD2CB-FB6A-4677-A2F0-B04F07360B6A}.Release|x86.ActiveCfg = Release|x86
		{C48BD2CB-FB6A-4677-A2F0-B04F07360B6A}.Release|x86.Build.0 = Release|x86
		{F9127F6D-C993-4071-B7D2-22C6A317D1D1}.Debug|Any CPU.ActiveCfg = Debug|Any CPU
		{F9127F6D-C993-4071-B7D2-22C6A317D1D1}.Debug|Any CPU.Build.0 = Debug|Any CPU
		{F9127F6D-C993-4071-B7D2-22C6A317D1D1}.Debug|ARM.ActiveCfg = Debug|ARM
		{F9127F6D-C993-4071-B7D2-22C6A317D1D1}.Debug|ARM.Build.0 = Debug|ARM
		{F9127F6D-C993-4071-B7D2-22C6A317D1D1}.Debug|x64.ActiveCfg = Debug|x64
		{F9127F6D-C993-4071-B7D2-22C6A317D1D1}.Debug|x64.Build.0 = Debug|x64
		{F9127F6D-C993-4071-B7D2-22C6A317D1D1}.Debug|x86.ActiveCfg = Debug|x86
		{F9127F6D-C993-4071-B7D2-22C6A317D1D1}.Debug|x86.Build.0 = Debug|x86
		{F9127F6D-C993-4071-B7D2-22C6A317D1D1}.Release|Any CPU.ActiveCfg = Release|Any CPU
		{F9127F6D-C993-4071-B7D2-22C6A317D1D1}.Release|Any CPU.Build.0 = Release|Any CPU
		{F9127F6D-C993-4071-B7D2-22C6A317D1D1}.Release|ARM.ActiveCfg = Release|ARM
		{F9127F6D-C993-4071-B7D2-22C6A317D1D1}.Release|ARM.Build.0 = Release|ARM
		{F9127F6D-C993-4071-B7D2-22C6A317D1D1}.Release|x64.ActiveCfg = Release|x64
		{F9127F6D-C993-4071-B7D2-22C6A317D1D1}.Release|x64.Build.0 = Release|x64
		{F9127F6D-C993-4071-B7D2-22C6A317D1D1}.Release|x86.ActiveCfg = Release|x86
		{F9127F6D-C993-4071-B7D2-22C6A317D1D1}.Release|x86.Build.0 = Release|x86
		{3D80EABA-FEC1-4D3C-B4C5-E2DCCC93FA6C}.Debug|Any CPU.ActiveCfg = Debug|Any CPU
		{3D80EABA-FEC1-4D3C-B4C5-E2DCCC93FA6C}.Debug|Any CPU.Build.0 = Debug|Any CPU
		{3D80EABA-FEC1-4D3C-B4C5-E2DCCC93FA6C}.Debug|ARM.ActiveCfg = Debug|Any CPU
		{3D80EABA-FEC1-4D3C-B4C5-E2DCCC93FA6C}.Debug|ARM.Build.0 = Debug|Any CPU
		{3D80EABA-FEC1-4D3C-B4C5-E2DCCC93FA6C}.Debug|x64.ActiveCfg = Debug|Any CPU
		{3D80EABA-FEC1-4D3C-B4C5-E2DCCC93FA6C}.Debug|x64.Build.0 = Debug|Any CPU
		{3D80EABA-FEC1-4D3C-B4C5-E2DCCC93FA6C}.Debug|x86.ActiveCfg = Debug|Any CPU
		{3D80EABA-FEC1-4D3C-B4C5-E2DCCC93FA6C}.Debug|x86.Build.0 = Debug|Any CPU
		{3D80EABA-FEC1-4D3C-B4C5-E2DCCC93FA6C}.Release|Any CPU.ActiveCfg = Release|Any CPU
		{3D80EABA-FEC1-4D3C-B4C5-E2DCCC93FA6C}.Release|Any CPU.Build.0 = Release|Any CPU
		{3D80EABA-FEC1-4D3C-B4C5-E2DCCC93FA6C}.Release|ARM.ActiveCfg = Release|Any CPU
		{3D80EABA-FEC1-4D3C-B4C5-E2DCCC93FA6C}.Release|ARM.Build.0 = Release|Any CPU
		{3D80EABA-FEC1-4D3C-B4C5-E2DCCC93FA6C}.Release|x64.ActiveCfg = Release|Any CPU
		{3D80EABA-FEC1-4D3C-B4C5-E2DCCC93FA6C}.Release|x64.Build.0 = Release|Any CPU
		{3D80EABA-FEC1-4D3C-B4C5-E2DCCC93FA6C}.Release|x86.ActiveCfg = Release|Any CPU
		{3D80EABA-FEC1-4D3C-B4C5-E2DCCC93FA6C}.Release|x86.Build.0 = Release|Any CPU
		{CCA06B62-E020-43D7-A136-6BD9AA97F872}.Debug|Any CPU.ActiveCfg = Debug|Any CPU
		{CCA06B62-E020-43D7-A136-6BD9AA97F872}.Debug|Any CPU.Build.0 = Debug|Any CPU
		{CCA06B62-E020-43D7-A136-6BD9AA97F872}.Debug|ARM.ActiveCfg = Debug|ARM
		{CCA06B62-E020-43D7-A136-6BD9AA97F872}.Debug|ARM.Build.0 = Debug|ARM
		{CCA06B62-E020-43D7-A136-6BD9AA97F872}.Debug|x64.ActiveCfg = Debug|x64
		{CCA06B62-E020-43D7-A136-6BD9AA97F872}.Debug|x64.Build.0 = Debug|x64
		{CCA06B62-E020-43D7-A136-6BD9AA97F872}.Debug|x86.ActiveCfg = Debug|x86
		{CCA06B62-E020-43D7-A136-6BD9AA97F872}.Debug|x86.Build.0 = Debug|x86
		{CCA06B62-E020-43D7-A136-6BD9AA97F872}.Release|Any CPU.ActiveCfg = Release|Any CPU
		{CCA06B62-E020-43D7-A136-6BD9AA97F872}.Release|Any CPU.Build.0 = Release|Any CPU
		{CCA06B62-E020-43D7-A136-6BD9AA97F872}.Release|ARM.ActiveCfg = Release|ARM
		{CCA06B62-E020-43D7-A136-6BD9AA97F872}.Release|ARM.Build.0 = Release|ARM
		{CCA06B62-E020-43D7-A136-6BD9AA97F872}.Release|x64.ActiveCfg = Release|x64
		{CCA06B62-E020-43D7-A136-6BD9AA97F872}.Release|x64.Build.0 = Release|x64
		{CCA06B62-E020-43D7-A136-6BD9AA97F872}.Release|x86.ActiveCfg = Release|x86
		{CCA06B62-E020-43D7-A136-6BD9AA97F872}.Release|x86.Build.0 = Release|x86
		{767F54A5-57C2-4D4C-8773-A5B1750FD39F}.Debug|Any CPU.ActiveCfg = Debug|Any CPU
		{767F54A5-57C2-4D4C-8773-A5B1750FD39F}.Debug|Any CPU.Build.0 = Debug|Any CPU
		{767F54A5-57C2-4D4C-8773-A5B1750FD39F}.Debug|ARM.ActiveCfg = Debug|Any CPU
		{767F54A5-57C2-4D4C-8773-A5B1750FD39F}.Debug|ARM.Build.0 = Debug|Any CPU
		{767F54A5-57C2-4D4C-8773-A5B1750FD39F}.Debug|x64.ActiveCfg = Debug|Any CPU
		{767F54A5-57C2-4D4C-8773-A5B1750FD39F}.Debug|x64.Build.0 = Debug|Any CPU
		{767F54A5-57C2-4D4C-8773-A5B1750FD39F}.Debug|x86.ActiveCfg = Debug|Any CPU
		{767F54A5-57C2-4D4C-8773-A5B1750FD39F}.Debug|x86.Build.0 = Debug|Any CPU
		{767F54A5-57C2-4D4C-8773-A5B1750FD39F}.Release|Any CPU.ActiveCfg = Release|Any CPU
		{767F54A5-57C2-4D4C-8773-A5B1750FD39F}.Release|Any CPU.Build.0 = Release|Any CPU
		{767F54A5-57C2-4D4C-8773-A5B1750FD39F}.Release|ARM.ActiveCfg = Release|Any CPU
		{767F54A5-57C2-4D4C-8773-A5B1750FD39F}.Release|ARM.Build.0 = Release|Any CPU
		{767F54A5-57C2-4D4C-8773-A5B1750FD39F}.Release|x64.ActiveCfg = Release|Any CPU
		{767F54A5-57C2-4D4C-8773-A5B1750FD39F}.Release|x64.Build.0 = Release|Any CPU
		{767F54A5-57C2-4D4C-8773-A5B1750FD39F}.Release|x86.ActiveCfg = Release|Any CPU
		{767F54A5-57C2-4D4C-8773-A5B1750FD39F}.Release|x86.Build.0 = Release|Any CPU
		{504C8955-C107-4252-ADDF-24C71CF9E3F6}.Debug|Any CPU.ActiveCfg = Debug|Any CPU
		{504C8955-C107-4252-ADDF-24C71CF9E3F6}.Debug|Any CPU.Build.0 = Debug|Any CPU
		{504C8955-C107-4252-ADDF-24C71CF9E3F6}.Debug|ARM.ActiveCfg = Debug|ARM
		{504C8955-C107-4252-ADDF-24C71CF9E3F6}.Debug|ARM.Build.0 = Debug|ARM
		{504C8955-C107-4252-ADDF-24C71CF9E3F6}.Debug|x64.ActiveCfg = Debug|x64
		{504C8955-C107-4252-ADDF-24C71CF9E3F6}.Debug|x64.Build.0 = Debug|x64
		{504C8955-C107-4252-ADDF-24C71CF9E3F6}.Debug|x86.ActiveCfg = Debug|x86
		{504C8955-C107-4252-ADDF-24C71CF9E3F6}.Debug|x86.Build.0 = Debug|x86
		{504C8955-C107-4252-ADDF-24C71CF9E3F6}.Release|Any CPU.ActiveCfg = Release|Any CPU
		{504C8955-C107-4252-ADDF-24C71CF9E3F6}.Release|Any CPU.Build.0 = Release|Any CPU
		{504C8955-C107-4252-ADDF-24C71CF9E3F6}.Release|ARM.ActiveCfg = Release|ARM
		{504C8955-C107-4252-ADDF-24C71CF9E3F6}.Release|ARM.Build.0 = Release|ARM
		{504C8955-C107-4252-ADDF-24C71CF9E3F6}.Release|x64.ActiveCfg = Release|x64
		{504C8955-C107-4252-ADDF-24C71CF9E3F6}.Release|x64.Build.0 = Release|x64
		{504C8955-C107-4252-ADDF-24C71CF9E3F6}.Release|x86.ActiveCfg = Release|x86
		{504C8955-C107-4252-ADDF-24C71CF9E3F6}.Release|x86.Build.0 = Release|x86
		{FB5F4804-BC73-450A-A051-D1E8ED589466}.Debug|Any CPU.ActiveCfg = Debug|Any CPU
		{FB5F4804-BC73-450A-A051-D1E8ED589466}.Debug|Any CPU.Build.0 = Debug|Any CPU
		{FB5F4804-BC73-450A-A051-D1E8ED589466}.Debug|ARM.ActiveCfg = Debug|ARM
		{FB5F4804-BC73-450A-A051-D1E8ED589466}.Debug|ARM.Build.0 = Debug|ARM
		{FB5F4804-BC73-450A-A051-D1E8ED589466}.Debug|x64.ActiveCfg = Debug|x64
		{FB5F4804-BC73-450A-A051-D1E8ED589466}.Debug|x64.Build.0 = Debug|x64
		{FB5F4804-BC73-450A-A051-D1E8ED589466}.Debug|x86.ActiveCfg = Debug|x86
		{FB5F4804-BC73-450A-A051-D1E8ED589466}.Debug|x86.Build.0 = Debug|x86
		{FB5F4804-BC73-450A-A051-D1E8ED589466}.Release|Any CPU.ActiveCfg = Release|Any CPU
		{FB5F4804-BC73-450A-A051-D1E8ED589466}.Release|Any CPU.Build.0 = Release|Any CPU
		{FB5F4804-BC73-450A-A051-D1E8ED589466}.Release|ARM.ActiveCfg = Release|ARM
		{FB5F4804-BC73-450A-A051-D1E8ED589466}.Release|ARM.Build.0 = Release|ARM
		{FB5F4804-BC73-450A-A051-D1E8ED589466}.Release|x64.ActiveCfg = Release|x64
		{FB5F4804-BC73-450A-A051-D1E8ED589466}.Release|x64.Build.0 = Release|x64
		{FB5F4804-BC73-450A-A051-D1E8ED589466}.Release|x86.ActiveCfg = Release|x86
		{FB5F4804-BC73-450A-A051-D1E8ED589466}.Release|x86.Build.0 = Release|x86
		{F15C2B06-8B82-41AB-9168-9103813A5D16}.Debug|Any CPU.ActiveCfg = Debug|Any CPU
		{F15C2B06-8B82-41AB-9168-9103813A5D16}.Debug|Any CPU.Build.0 = Debug|Any CPU
		{F15C2B06-8B82-41AB-9168-9103813A5D16}.Debug|ARM.ActiveCfg = Debug|ARM
		{F15C2B06-8B82-41AB-9168-9103813A5D16}.Debug|ARM.Build.0 = Debug|ARM
		{F15C2B06-8B82-41AB-9168-9103813A5D16}.Debug|x64.ActiveCfg = Debug|x64
		{F15C2B06-8B82-41AB-9168-9103813A5D16}.Debug|x64.Build.0 = Debug|x64
		{F15C2B06-8B82-41AB-9168-9103813A5D16}.Debug|x86.ActiveCfg = Debug|x86
		{F15C2B06-8B82-41AB-9168-9103813A5D16}.Debug|x86.Build.0 = Debug|x86
		{F15C2B06-8B82-41AB-9168-9103813A5D16}.Release|Any CPU.ActiveCfg = Release|Any CPU
		{F15C2B06-8B82-41AB-9168-9103813A5D16}.Release|Any CPU.Build.0 = Release|Any CPU
		{F15C2B06-8B82-41AB-9168-9103813A5D16}.Release|ARM.ActiveCfg = Release|ARM
		{F15C2B06-8B82-41AB-9168-9103813A5D16}.Release|ARM.Build.0 = Release|ARM
		{F15C2B06-8B82-41AB-9168-9103813A5D16}.Release|x64.ActiveCfg = Release|x64
		{F15C2B06-8B82-41AB-9168-9103813A5D16}.Release|x64.Build.0 = Release|x64
		{F15C2B06-8B82-41AB-9168-9103813A5D16}.Release|x86.ActiveCfg = Release|x86
		{F15C2B06-8B82-41AB-9168-9103813A5D16}.Release|x86.Build.0 = Release|x86
		{72FB0E28-BF17-4F87-B05D-B674B3D1D3E9}.Debug|Any CPU.ActiveCfg = Debug|x86
		{72FB0E28-BF17-4F87-B05D-B674B3D1D3E9}.Debug|ARM.ActiveCfg = Debug|ARM
		{72FB0E28-BF17-4F87-B05D-B674B3D1D3E9}.Debug|ARM.Build.0 = Debug|ARM
		{72FB0E28-BF17-4F87-B05D-B674B3D1D3E9}.Debug|ARM.Deploy.0 = Debug|ARM
		{72FB0E28-BF17-4F87-B05D-B674B3D1D3E9}.Debug|x64.ActiveCfg = Debug|x64
		{72FB0E28-BF17-4F87-B05D-B674B3D1D3E9}.Debug|x64.Build.0 = Debug|x64
		{72FB0E28-BF17-4F87-B05D-B674B3D1D3E9}.Debug|x64.Deploy.0 = Debug|x64
		{72FB0E28-BF17-4F87-B05D-B674B3D1D3E9}.Debug|x86.ActiveCfg = Debug|x86
		{72FB0E28-BF17-4F87-B05D-B674B3D1D3E9}.Debug|x86.Build.0 = Debug|x86
		{72FB0E28-BF17-4F87-B05D-B674B3D1D3E9}.Debug|x86.Deploy.0 = Debug|x86
		{72FB0E28-BF17-4F87-B05D-B674B3D1D3E9}.Release|Any CPU.ActiveCfg = Release|x86
		{72FB0E28-BF17-4F87-B05D-B674B3D1D3E9}.Release|ARM.ActiveCfg = Release|ARM
		{72FB0E28-BF17-4F87-B05D-B674B3D1D3E9}.Release|ARM.Build.0 = Release|ARM
		{72FB0E28-BF17-4F87-B05D-B674B3D1D3E9}.Release|ARM.Deploy.0 = Release|ARM
		{72FB0E28-BF17-4F87-B05D-B674B3D1D3E9}.Release|x64.ActiveCfg = Release|x64
		{72FB0E28-BF17-4F87-B05D-B674B3D1D3E9}.Release|x64.Build.0 = Release|x64
		{72FB0E28-BF17-4F87-B05D-B674B3D1D3E9}.Release|x64.Deploy.0 = Release|x64
		{72FB0E28-BF17-4F87-B05D-B674B3D1D3E9}.Release|x86.ActiveCfg = Release|x86
		{72FB0E28-BF17-4F87-B05D-B674B3D1D3E9}.Release|x86.Build.0 = Release|x86
		{72FB0E28-BF17-4F87-B05D-B674B3D1D3E9}.Release|x86.Deploy.0 = Release|x86
		{6AB289CA-714C-4D98-962D-E7EBB445AEC1}.Debug|Any CPU.ActiveCfg = Debug|Any CPU
		{6AB289CA-714C-4D98-962D-E7EBB445AEC1}.Debug|Any CPU.Build.0 = Debug|Any CPU
		{6AB289CA-714C-4D98-962D-E7EBB445AEC1}.Debug|ARM.ActiveCfg = Debug|ARM
		{6AB289CA-714C-4D98-962D-E7EBB445AEC1}.Debug|ARM.Build.0 = Debug|ARM
		{6AB289CA-714C-4D98-962D-E7EBB445AEC1}.Debug|x64.ActiveCfg = Debug|x64
		{6AB289CA-714C-4D98-962D-E7EBB445AEC1}.Debug|x64.Build.0 = Debug|x64
		{6AB289CA-714C-4D98-962D-E7EBB445AEC1}.Debug|x86.ActiveCfg = Debug|x86
		{6AB289CA-714C-4D98-962D-E7EBB445AEC1}.Debug|x86.Build.0 = Debug|x86
		{6AB289CA-714C-4D98-962D-E7EBB445AEC1}.Release|Any CPU.ActiveCfg = Release|Any CPU
		{6AB289CA-714C-4D98-962D-E7EBB445AEC1}.Release|Any CPU.Build.0 = Release|Any CPU
		{6AB289CA-714C-4D98-962D-E7EBB445AEC1}.Release|ARM.ActiveCfg = Release|ARM
		{6AB289CA-714C-4D98-962D-E7EBB445AEC1}.Release|ARM.Build.0 = Release|ARM
		{6AB289CA-714C-4D98-962D-E7EBB445AEC1}.Release|x64.ActiveCfg = Release|x64
		{6AB289CA-714C-4D98-962D-E7EBB445AEC1}.Release|x64.Build.0 = Release|x64
		{6AB289CA-714C-4D98-962D-E7EBB445AEC1}.Release|x86.ActiveCfg = Release|x86
		{6AB289CA-714C-4D98-962D-E7EBB445AEC1}.Release|x86.Build.0 = Release|x86
	EndGlobalSection
	GlobalSection(SolutionProperties) = preSolution
		HideSolutionNode = FALSE
	EndGlobalSection
	GlobalSection(NestedProjects) = preSolution
		{E325FCD6-2E6B-44FC-85D0-D49957258C98} = {1AE55AAF-CD90-45E4-A805-E921CCA1E5A8}
		{2AF85A8A-0687-451E-8796-EAE925928844} = {1AE55AAF-CD90-45E4-A805-E921CCA1E5A8}
		{C48BD2CB-FB6A-4677-A2F0-B04F07360B6A} = {1AE55AAF-CD90-45E4-A805-E921CCA1E5A8}
		{F9127F6D-C993-4071-B7D2-22C6A317D1D1} = {1AE55AAF-CD90-45E4-A805-E921CCA1E5A8}
		{3D80EABA-FEC1-4D3C-B4C5-E2DCCC93FA6C} = {1AE55AAF-CD90-45E4-A805-E921CCA1E5A8}
		{CCA06B62-E020-43D7-A136-6BD9AA97F872} = {1AE55AAF-CD90-45E4-A805-E921CCA1E5A8}
		{767F54A5-57C2-4D4C-8773-A5B1750FD39F} = {1AE55AAF-CD90-45E4-A805-E921CCA1E5A8}
		{6AB289CA-714C-4D98-962D-E7EBB445AEC1} = {1AE55AAF-CD90-45E4-A805-E921CCA1E5A8}
	EndGlobalSection
	GlobalSection(ExtensibilityGlobals) = postSolution
		SolutionGuid = {7D25FE3B-2646-47DE-97A7-2FF528201E73}
	EndGlobalSection
EndGlobal
