
Microsoft Visual Studio Solution File, Format Version 12.00
# Visual Studio 15
VisualStudioVersion = 15.0.26430.13
MinimumVisualStudioVersion = 10.0.40219.1
Project("{2150E333-8FDC-42A3-9474-1A3956D46DE8}") = "ImageEx", "ImageEx", "{11759603-49BA-4F66-8A27-76C3CD91A8F3}"
EndProject
Project("{9A19103F-16F7-4668-BE54-9A1E7A4F7556}") = "SoftwareKobo.Controls.ImageEx.Core", "SoftwareKobo.Controls.ImageEx.Core\SoftwareKobo.Controls.ImageEx.Core.csproj", "{2378F097-7706-4C6C-B1C1-4C9910829095}"
EndProject
Project("{2150E333-8FDC-42A3-9474-1A3956D46DE8}") = "Utils", "Utils", "{E02CFE8C-49EF-444E-AD2D-16F8D360E66A}"
EndProject
Project("{9A19103F-16F7-4668-BE54-9A1E7A4F7556}") = "SoftwareKobo.Utils", "SoftwareKobo.Utils\SoftwareKobo.Utils.csproj", "{776A7D97-D3CC-4BCC-8047-7FC3B696DD79}"
EndProject
Project("{FAE04EC0-301F-11D3-BF4B-00C04F79EFBC}") = "SoftwareKobo.Controls.ImageEx.Wpf", "SoftwareKobo.Controls.ImageEx.Wpf\SoftwareKobo.Controls.ImageEx.Wpf.csproj", "{8EF3F4EB-62C4-4267-A3AB-AEE7148D4FF3}"
EndProject
Project("{2150E333-8FDC-42A3-9474-1A3956D46DE8}") = "Icons", "Icons", "{0D75E535-6655-413E-A50C-C900FDF03DC3}"
EndProject
Project("{2150E333-8FDC-42A3-9474-1A3956D46DE8}") = "ToastPrompt", "ToastPrompt", "{AD97817E-1BF4-4D34-89EE-1496D87A5B6C}"
EndProject
Project("{2150E333-8FDC-42A3-9474-1A3956D46DE8}") = "Social", "Social", "{184FB19E-B9DE-4C26-92F2-DD94D3342CD2}"
EndProject
Project("{2150E333-8FDC-42A3-9474-1A3956D46DE8}") = "SinaWeibo", "SinaWeibo", "{91C78F97-E6D6-4873-9DA6-09DB8831F039}"
EndProject
Project("{9A19103F-16F7-4668-BE54-9A1E7A4F7556}") = "SoftwareKobo.Social.SinaWeibo.Core", "SoftwareKobo.Social.SinaWeibo.Core\SoftwareKobo.Social.SinaWeibo.Core.csproj", "{6218EAA1-7ABD-4FC7-8641-E1AB1ACC8696}"
EndProject
Project("{FAE04EC0-301F-11D3-BF4B-00C04F79EFBC}") = "SoftwareKobo.Social.SinaWeibo.Desktop", "SoftwareKobo.Social.SinaWeibo.Desktop\SoftwareKobo.Social.SinaWeibo.Desktop.csproj", "{446BCFE3-5E53-4A93-A4A1-4312BDEA8B89}"
EndProject
Project("{2150E333-8FDC-42A3-9474-1A3956D46DE8}") = "Support", "Support", "{6BCA7894-8098-4D0F-A10F-61174667024F}"
EndProject
Project("{2150E333-8FDC-42A3-9474-1A3956D46DE8}") = "ScreenService", "ScreenService", "{5EF5BD3A-4E47-4F19-B20F-56D10A73C10E}"
EndProject
Project("{9A19103F-16F7-4668-BE54-9A1E7A4F7556}") = "SoftwareKobo.Support.ScreenService", "SoftwareKobo.Support.ScreenService\SoftwareKobo.Support.ScreenService.csproj", "{0DF42436-F884-4671-92A4-E0E9306CDCF7}"
EndProject
Project("{FAE04EC0-301F-11D3-BF4B-00C04F79EFBC}") = "SoftwareKobo.Support.ScreenService.Desktop", "SoftwareKobo.Support.ScreenService.Desktop\SoftwareKobo.Support.ScreenService.Desktop.csproj", "{D27A61CE-7898-4CF6-85D8-AD1375F9F8D6}"
EndProject
Project("{2150E333-8FDC-42A3-9474-1A3956D46DE8}") = "PInvoke", "PInvoke", "{D82524A3-5EAA-48F9-B709-744FB7EB8B36}"
EndProject
Project("{8BC9CEB8-8B4A-11D0-8D11-00A0C91BC942}") = "SoftwareKobo.PInvoke", "SoftwareKobo.PInvoke\SoftwareKobo.PInvoke.vcxproj", "{E2CC3FB2-528B-4679-BE56-9725B22E63B3}"
EndProject
Project("{FAE04EC0-301F-11D3-BF4B-00C04F79EFBC}") = "SoftwareKobo.Controls.ToastPrompt.Wpf", "SoftwareKobo.Controls.ToastPrompt.Wpf\SoftwareKobo.Controls.ToastPrompt.Wpf.csproj", "{6007B89B-51DF-4FC4-AE66-97251E259A28}"
EndProject
Project("{FAE04EC0-301F-11D3-BF4B-00C04F79EFBC}") = "SoftwareKobo.Utils.Uwp", "SoftwareKobo.Utils.Uwp\SoftwareKobo.Utils.Uwp.csproj", "{E325FCD6-2E6B-44FC-85D0-D49957258C98}"
EndProject
Project("{FAE04EC0-301F-11D3-BF4B-00C04F79EFBC}") = "SoftwareKobo.Social.SinaWeibo.Uwp", "SoftwareKobo.Social.SinaWeibo.Uwp\SoftwareKobo.Social.SinaWeibo.Uwp.csproj", "{CCA06B62-E020-43D7-A136-6BD9AA97F872}"
EndProject
Project("{FAE04EC0-301F-11D3-BF4B-00C04F79EFBC}") = "SoftwareKobo.Icons", "SoftwareKobo.Icons\SoftwareKobo.Icons.csproj", "{F9127F6D-C993-4071-B7D2-22C6A317D1D1}"
EndProject
Project("{FAE04EC0-301F-11D3-BF4B-00C04F79EFBC}") = "SoftwareKobo.Controls.ImageEx.Uwp.10240", "SoftwareKobo.Controls.ImageEx.Uwp.10240\SoftwareKobo.Controls.ImageEx.Uwp.10240.csproj", "{50E078C8-B2F1-4998-BA53-EF236B7762CD}"
EndProject
Project("{FAE04EC0-301F-11D3-BF4B-00C04F79EFBC}") = "SoftwareKobo.Controls.ImageEx.Uwp.14393", "SoftwareKobo.Controls.ImageEx.Uwp.14393\SoftwareKobo.Controls.ImageEx.Uwp.14393.csproj", "{6AB289CA-714C-4D98-962D-E7EBB445AEC1}"
EndProject
Project("{FAE04EC0-301F-11D3-BF4B-00C04F79EFBC}") = "SoftwareKobo.Support.ScreenService.Uwp.10240", "SoftwareKobo.Support.ScreenService.Uwp.10240\SoftwareKobo.Support.ScreenService.Uwp.10240.csproj", "{3A9C01BD-DB77-409E-9BDB-A6B10195DA54}"
EndProject
Project("{FAE04EC0-301F-11D3-BF4B-00C04F79EFBC}") = "SoftwareKobo.Support.ScreenService.Uwp.14393", "SoftwareKobo.Support.ScreenService.Uwp.14393\SoftwareKobo.Support.ScreenService.Uwp.14393.csproj", "{149E728C-3AAC-4AE6-A27D-14402E88BD71}"
EndProject
Project("{FAE04EC0-301F-11D3-BF4B-00C04F79EFBC}") = "SoftwareKobo.Controls.ToastPrompt.Uwp", "SoftwareKobo.Controls.ToastPrompt.Uwp\SoftwareKobo.Controls.ToastPrompt.Uwp.csproj", "{C48BD2CB-FB6A-4677-A2F0-B04F07360B6A}"
EndProject
Project("{FAE04EC0-301F-11D3-BF4B-00C04F79EFBC}") = "SoftwareKobo.Controls.ImageEx.Uwp.15063", "SoftwareKobo.Controls.ImageEx.Uwp.15063\SoftwareKobo.Controls.ImageEx.Uwp.15063.csproj", "{5AF5D966-EE34-48CD-A100-28FD22B9D8B8}"
EndProject
Project("{D954291E-2A0B-460D-934E-DC6B0785DB48}") = "SoftwareKobo.Controls.ImageEx.Shared", "SoftwareKobo.Controls.ImageEx.Shared\SoftwareKobo.Controls.ImageEx.Shared.shproj", "{06FD7584-5424-48AA-A2AB-59AF83CC55F1}"
EndProject
Project("{FAE04EC0-301F-11D3-BF4B-00C04F79EFBC}") = "SoftwareKobo.Utils.Wpf", "SoftwareKobo.Utils.Wpf\SoftwareKobo.Utils.Wpf.csproj", "{7EAA1BA6-8565-4426-A5DB-446ABE7BCF52}"
EndProject
Global
	GlobalSection(SharedMSBuildProjectFiles) = preSolution
		SoftwareKobo.Controls.ImageEx.Shared\SoftwareKobo.Controls.ImageEx.Shared.projitems*{06fd7584-5424-48aa-a2ab-59af83cc55f1}*SharedItemsImports = 13
		SoftwareKobo.Controls.ImageEx.Shared\SoftwareKobo.Controls.ImageEx.Shared.projitems*{50e078c8-b2f1-4998-ba53-ef236b7762cd}*SharedItemsImports = 4
		SoftwareKobo.Controls.ImageEx.Shared\SoftwareKobo.Controls.ImageEx.Shared.projitems*{5af5d966-ee34-48cd-a100-28fd22b9d8b8}*SharedItemsImports = 4
		SoftwareKobo.Controls.ImageEx.Shared\SoftwareKobo.Controls.ImageEx.Shared.projitems*{6ab289ca-714c-4d98-962d-e7ebb445aec1}*SharedItemsImports = 4
		SoftwareKobo.Controls.ImageEx.Shared\SoftwareKobo.Controls.ImageEx.Shared.projitems*{8ef3f4eb-62c4-4267-a3ab-aee7148d4ff3}*SharedItemsImports = 4
	EndGlobalSection
	GlobalSection(SolutionConfigurationPlatforms) = preSolution
		Debug|Any CPU = Debug|Any CPU
		Debug|ARM = Debug|ARM
		Debug|x64 = Debug|x64
		Debug|x86 = Debug|x86
		Release|Any CPU = Release|Any CPU
		Release|ARM = Release|ARM
		Release|x64 = Release|x64
		Release|x86 = Release|x86
	EndGlobalSection
	GlobalSection(ProjectConfigurationPlatforms) = postSolution
		{2378F097-7706-4C6C-B1C1-4C9910829095}.Debug|Any CPU.ActiveCfg = Debug|Any CPU
		{2378F097-7706-4C6C-B1C1-4C9910829095}.Debug|Any CPU.Build.0 = Debug|Any CPU
		{2378F097-7706-4C6C-B1C1-4C9910829095}.Debug|ARM.ActiveCfg = Debug|Any CPU
		{2378F097-7706-4C6C-B1C1-4C9910829095}.Debug|ARM.Build.0 = Debug|Any CPU
		{2378F097-7706-4C6C-B1C1-4C9910829095}.Debug|x64.ActiveCfg = Debug|Any CPU
		{2378F097-7706-4C6C-B1C1-4C9910829095}.Debug|x64.Build.0 = Debug|Any CPU
		{2378F097-7706-4C6C-B1C1-4C9910829095}.Debug|x86.ActiveCfg = Debug|Any CPU
		{2378F097-7706-4C6C-B1C1-4C9910829095}.Debug|x86.Build.0 = Debug|Any CPU
		{2378F097-7706-4C6C-B1C1-4C9910829095}.Release|Any CPU.ActiveCfg = Release|Any CPU
		{2378F097-7706-4C6C-B1C1-4C9910829095}.Release|Any CPU.Build.0 = Release|Any CPU
		{2378F097-7706-4C6C-B1C1-4C9910829095}.Release|ARM.ActiveCfg = Release|Any CPU
		{2378F097-7706-4C6C-B1C1-4C9910829095}.Release|ARM.Build.0 = Release|Any CPU
		{2378F097-7706-4C6C-B1C1-4C9910829095}.Release|x64.ActiveCfg = Release|Any CPU
		{2378F097-7706-4C6C-B1C1-4C9910829095}.Release|x64.Build.0 = Release|Any CPU
		{2378F097-7706-4C6C-B1C1-4C9910829095}.Release|x86.ActiveCfg = Release|Any CPU
		{2378F097-7706-4C6C-B1C1-4C9910829095}.Release|x86.Build.0 = Release|Any CPU
		{776A7D97-D3CC-4BCC-8047-7FC3B696DD79}.Debug|Any CPU.ActiveCfg = Debug|Any CPU
		{776A7D97-D3CC-4BCC-8047-7FC3B696DD79}.Debug|Any CPU.Build.0 = Debug|Any CPU
		{776A7D97-D3CC-4BCC-8047-7FC3B696DD79}.Debug|ARM.ActiveCfg = Debug|Any CPU
		{776A7D97-D3CC-4BCC-8047-7FC3B696DD79}.Debug|ARM.Build.0 = Debug|Any CPU
		{776A7D97-D3CC-4BCC-8047-7FC3B696DD79}.Debug|x64.ActiveCfg = Debug|Any CPU
		{776A7D97-D3CC-4BCC-8047-7FC3B696DD79}.Debug|x64.Build.0 = Debug|Any CPU
		{776A7D97-D3CC-4BCC-8047-7FC3B696DD79}.Debug|x86.ActiveCfg = Debug|Any CPU
		{776A7D97-D3CC-4BCC-8047-7FC3B696DD79}.Debug|x86.Build.0 = Debug|Any CPU
		{776A7D97-D3CC-4BCC-8047-7FC3B696DD79}.Release|Any CPU.ActiveCfg = Release|Any CPU
		{776A7D97-D3CC-4BCC-8047-7FC3B696DD79}.Release|Any CPU.Build.0 = Release|Any CPU
		{776A7D97-D3CC-4BCC-8047-7FC3B696DD79}.Release|ARM.ActiveCfg = Release|Any CPU
		{776A7D97-D3CC-4BCC-8047-7FC3B696DD79}.Release|ARM.Build.0 = Release|Any CPU
		{776A7D97-D3CC-4BCC-8047-7FC3B696DD79}.Release|x64.ActiveCfg = Release|Any CPU
		{776A7D97-D3CC-4BCC-8047-7FC3B696DD79}.Release|x64.Build.0 = Release|Any CPU
		{776A7D97-D3CC-4BCC-8047-7FC3B696DD79}.Release|x86.ActiveCfg = Release|Any CPU
		{776A7D97-D3CC-4BCC-8047-7FC3B696DD79}.Release|x86.Build.0 = Release|Any CPU
		{8EF3F4EB-62C4-4267-A3AB-AEE7148D4FF3}.Debug|Any CPU.ActiveCfg = Debug|Any CPU
		{8EF3F4EB-62C4-4267-A3AB-AEE7148D4FF3}.Debug|Any CPU.Build.0 = Debug|Any CPU
		{8EF3F4EB-62C4-4267-A3AB-AEE7148D4FF3}.Debug|ARM.ActiveCfg = Debug|Any CPU
		{8EF3F4EB-62C4-4267-A3AB-AEE7148D4FF3}.Debug|ARM.Build.0 = Debug|Any CPU
		{8EF3F4EB-62C4-4267-A3AB-AEE7148D4FF3}.Debug|x64.ActiveCfg = Debug|Any CPU
		{8EF3F4EB-62C4-4267-A3AB-AEE7148D4FF3}.Debug|x64.Build.0 = Debug|Any CPU
		{8EF3F4EB-62C4-4267-A3AB-AEE7148D4FF3}.Debug|x86.ActiveCfg = Debug|Any CPU
		{8EF3F4EB-62C4-4267-A3AB-AEE7148D4FF3}.Debug|x86.Build.0 = Debug|Any CPU
		{8EF3F4EB-62C4-4267-A3AB-AEE7148D4FF3}.Release|Any CPU.ActiveCfg = Release|Any CPU
		{8EF3F4EB-62C4-4267-A3AB-AEE7148D4FF3}.Release|Any CPU.Build.0 = Release|Any CPU
		{8EF3F4EB-62C4-4267-A3AB-AEE7148D4FF3}.Release|ARM.ActiveCfg = Release|Any CPU
		{8EF3F4EB-62C4-4267-A3AB-AEE7148D4FF3}.Release|ARM.Build.0 = Release|Any CPU
		{8EF3F4EB-62C4-4267-A3AB-AEE7148D4FF3}.Release|x64.ActiveCfg = Release|Any CPU
		{8EF3F4EB-62C4-4267-A3AB-AEE7148D4FF3}.Release|x64.Build.0 = Release|Any CPU
		{8EF3F4EB-62C4-4267-A3AB-AEE7148D4FF3}.Release|x86.ActiveCfg = Release|Any CPU
		{8EF3F4EB-62C4-4267-A3AB-AEE7148D4FF3}.Release|x86.Build.0 = Release|Any CPU
		{6218EAA1-7ABD-4FC7-8641-E1AB1ACC8696}.Debug|Any CPU.ActiveCfg = Debug|Any CPU
		{6218EAA1-7ABD-4FC7-8641-E1AB1ACC8696}.Debug|Any CPU.Build.0 = Debug|Any CPU
		{6218EAA1-7ABD-4FC7-8641-E1AB1ACC8696}.Debug|ARM.ActiveCfg = Debug|Any CPU
		{6218EAA1-7ABD-4FC7-8641-E1AB1ACC8696}.Debug|ARM.Build.0 = Debug|Any CPU
		{6218EAA1-7ABD-4FC7-8641-E1AB1ACC8696}.Debug|x64.ActiveCfg = Debug|Any CPU
		{6218EAA1-7ABD-4FC7-8641-E1AB1ACC8696}.Debug|x64.Build.0 = Debug|Any CPU
		{6218EAA1-7ABD-4FC7-8641-E1AB1ACC8696}.Debug|x86.ActiveCfg = Debug|Any CPU
		{6218EAA1-7ABD-4FC7-8641-E1AB1ACC8696}.Debug|x86.Build.0 = Debug|Any CPU
		{6218EAA1-7ABD-4FC7-8641-E1AB1ACC8696}.Release|Any CPU.ActiveCfg = Release|Any CPU
		{6218EAA1-7ABD-4FC7-8641-E1AB1ACC8696}.Release|Any CPU.Build.0 = Release|Any CPU
		{6218EAA1-7ABD-4FC7-8641-E1AB1ACC8696}.Release|ARM.ActiveCfg = Release|Any CPU
		{6218EAA1-7ABD-4FC7-8641-E1AB1ACC8696}.Release|ARM.Build.0 = Release|Any CPU
		{6218EAA1-7ABD-4FC7-8641-E1AB1ACC8696}.Release|x64.ActiveCfg = Release|Any CPU
		{6218EAA1-7ABD-4FC7-8641-E1AB1ACC8696}.Release|x64.Build.0 = Release|Any CPU
		{6218EAA1-7ABD-4FC7-8641-E1AB1ACC8696}.Release|x86.ActiveCfg = Release|Any CPU
		{6218EAA1-7ABD-4FC7-8641-E1AB1ACC8696}.Release|x86.Build.0 = Release|Any CPU
		{446BCFE3-5E53-4A93-A4A1-4312BDEA8B89}.Debug|Any CPU.ActiveCfg = Debug|Any CPU
		{446BCFE3-5E53-4A93-A4A1-4312BDEA8B89}.Debug|Any CPU.Build.0 = Debug|Any CPU
		{446BCFE3-5E53-4A93-A4A1-4312BDEA8B89}.Debug|ARM.ActiveCfg = Debug|Any CPU
		{446BCFE3-5E53-4A93-A4A1-4312BDEA8B89}.Debug|ARM.Build.0 = Debug|Any CPU
		{446BCFE3-5E53-4A93-A4A1-4312BDEA8B89}.Debug|x64.ActiveCfg = Debug|Any CPU
		{446BCFE3-5E53-4A93-A4A1-4312BDEA8B89}.Debug|x64.Build.0 = Debug|Any CPU
		{446BCFE3-5E53-4A93-A4A1-4312BDEA8B89}.Debug|x86.ActiveCfg = Debug|Any CPU
		{446BCFE3-5E53-4A93-A4A1-4312BDEA8B89}.Debug|x86.Build.0 = Debug|Any CPU
		{446BCFE3-5E53-4A93-A4A1-4312BDEA8B89}.Release|Any CPU.ActiveCfg = Release|Any CPU
		{446BCFE3-5E53-4A93-A4A1-4312BDEA8B89}.Release|Any CPU.Build.0 = Release|Any CPU
		{446BCFE3-5E53-4A93-A4A1-4312BDEA8B89}.Release|ARM.ActiveCfg = Release|Any CPU
		{446BCFE3-5E53-4A93-A4A1-4312BDEA8B89}.Release|ARM.Build.0 = Release|Any CPU
		{446BCFE3-5E53-4A93-A4A1-4312BDEA8B89}.Release|x64.ActiveCfg = Release|Any CPU
		{446BCFE3-5E53-4A93-A4A1-4312BDEA8B89}.Release|x64.Build.0 = Release|Any CPU
		{446BCFE3-5E53-4A93-A4A1-4312BDEA8B89}.Release|x86.ActiveCfg = Release|Any CPU
		{446BCFE3-5E53-4A93-A4A1-4312BDEA8B89}.Release|x86.Build.0 = Release|Any CPU
		{0DF42436-F884-4671-92A4-E0E9306CDCF7}.Debug|Any CPU.ActiveCfg = Debug|Any CPU
		{0DF42436-F884-4671-92A4-E0E9306CDCF7}.Debug|Any CPU.Build.0 = Debug|Any CPU
		{0DF42436-F884-4671-92A4-E0E9306CDCF7}.Debug|ARM.ActiveCfg = Debug|Any CPU
		{0DF42436-F884-4671-92A4-E0E9306CDCF7}.Debug|ARM.Build.0 = Debug|Any CPU
		{0DF42436-F884-4671-92A4-E0E9306CDCF7}.Debug|x64.ActiveCfg = Debug|Any CPU
		{0DF42436-F884-4671-92A4-E0E9306CDCF7}.Debug|x64.Build.0 = Debug|Any CPU
		{0DF42436-F884-4671-92A4-E0E9306CDCF7}.Debug|x86.ActiveCfg = Debug|Any CPU
		{0DF42436-F884-4671-92A4-E0E9306CDCF7}.Debug|x86.Build.0 = Debug|Any CPU
		{0DF42436-F884-4671-92A4-E0E9306CDCF7}.Release|Any CPU.ActiveCfg = Release|Any CPU
		{0DF42436-F884-4671-92A4-E0E9306CDCF7}.Release|Any CPU.Build.0 = Release|Any CPU
		{0DF42436-F884-4671-92A4-E0E9306CDCF7}.Release|ARM.ActiveCfg = Release|Any CPU
		{0DF42436-F884-4671-92A4-E0E9306CDCF7}.Release|ARM.Build.0 = Release|Any CPU
		{0DF42436-F884-4671-92A4-E0E9306CDCF7}.Release|x64.ActiveCfg = Release|Any CPU
		{0DF42436-F884-4671-92A4-E0E9306CDCF7}.Release|x64.Build.0 = Release|Any CPU
		{0DF42436-F884-4671-92A4-E0E9306CDCF7}.Release|x86.ActiveCfg = Release|Any CPU
		{0DF42436-F884-4671-92A4-E0E9306CDCF7}.Release|x86.Build.0 = Release|Any CPU
		{D27A61CE-7898-4CF6-85D8-AD1375F9F8D6}.Debug|Any CPU.ActiveCfg = Debug|Any CPU
		{D27A61CE-7898-4CF6-85D8-AD1375F9F8D6}.Debug|Any CPU.Build.0 = Debug|Any CPU
		{D27A61CE-7898-4CF6-85D8-AD1375F9F8D6}.Debug|ARM.ActiveCfg = Debug|Any CPU
		{D27A61CE-7898-4CF6-85D8-AD1375F9F8D6}.Debug|ARM.Build.0 = Debug|Any CPU
		{D27A61CE-7898-4CF6-85D8-AD1375F9F8D6}.Debug|x64.ActiveCfg = Debug|Any CPU
		{D27A61CE-7898-4CF6-85D8-AD1375F9F8D6}.Debug|x64.Build.0 = Debug|Any CPU
		{D27A61CE-7898-4CF6-85D8-AD1375F9F8D6}.Debug|x86.ActiveCfg = Debug|Any CPU
		{D27A61CE-7898-4CF6-85D8-AD1375F9F8D6}.Debug|x86.Build.0 = Debug|Any CPU
		{D27A61CE-7898-4CF6-85D8-AD1375F9F8D6}.Release|Any CPU.ActiveCfg = Release|Any CPU
		{D27A61CE-7898-4CF6-85D8-AD1375F9F8D6}.Release|Any CPU.Build.0 = Release|Any CPU
		{D27A61CE-7898-4CF6-85D8-AD1375F9F8D6}.Release|ARM.ActiveCfg = Release|Any CPU
		{D27A61CE-7898-4CF6-85D8-AD1375F9F8D6}.Release|ARM.Build.0 = Release|Any CPU
		{D27A61CE-7898-4CF6-85D8-AD1375F9F8D6}.Release|x64.ActiveCfg = Release|Any CPU
		{D27A61CE-7898-4CF6-85D8-AD1375F9F8D6}.Release|x64.Build.0 = Release|Any CPU
		{D27A61CE-7898-4CF6-85D8-AD1375F9F8D6}.Release|x86.ActiveCfg = Release|Any CPU
		{D27A61CE-7898-4CF6-85D8-AD1375F9F8D6}.Release|x86.Build.0 = Release|Any CPU
		{E2CC3FB2-528B-4679-BE56-9725B22E63B3}.Debug|Any CPU.ActiveCfg = Debug|Win32
		{E2CC3FB2-528B-4679-BE56-9725B22E63B3}.Debug|ARM.ActiveCfg = Debug|ARM
		{E2CC3FB2-528B-4679-BE56-9725B22E63B3}.Debug|ARM.Build.0 = Debug|ARM
		{E2CC3FB2-528B-4679-BE56-9725B22E63B3}.Debug|x64.ActiveCfg = Debug|x64
		{E2CC3FB2-528B-4679-BE56-9725B22E63B3}.Debug|x64.Build.0 = Debug|x64
		{E2CC3FB2-528B-4679-BE56-9725B22E63B3}.Debug|x86.ActiveCfg = Debug|Win32
		{E2CC3FB2-528B-4679-BE56-9725B22E63B3}.Debug|x86.Build.0 = Debug|Win32
		{E2CC3FB2-528B-4679-BE56-9725B22E63B3}.Release|Any CPU.ActiveCfg = Release|Win32
		{E2CC3FB2-528B-4679-BE56-9725B22E63B3}.Release|ARM.ActiveCfg = Release|ARM
		{E2CC3FB2-528B-4679-BE56-9725B22E63B3}.Release|ARM.Build.0 = Release|ARM
		{E2CC3FB2-528B-4679-BE56-9725B22E63B3}.Release|x64.ActiveCfg = Release|x64
		{E2CC3FB2-528B-4679-BE56-9725B22E63B3}.Release|x64.Build.0 = Release|x64
		{E2CC3FB2-528B-4679-BE56-9725B22E63B3}.Release|x86.ActiveCfg = Release|Win32
		{E2CC3FB2-528B-4679-BE56-9725B22E63B3}.Release|x86.Build.0 = Release|Win32
		{6007B89B-51DF-4FC4-AE66-97251E259A28}.Debug|Any CPU.ActiveCfg = Debug|Any CPU
		{6007B89B-51DF-4FC4-AE66-97251E259A28}.Debug|Any CPU.Build.0 = Debug|Any CPU
		{6007B89B-51DF-4FC4-AE66-97251E259A28}.Debug|ARM.ActiveCfg = Debug|Any CPU
		{6007B89B-51DF-4FC4-AE66-97251E259A28}.Debug|ARM.Build.0 = Debug|Any CPU
		{6007B89B-51DF-4FC4-AE66-97251E259A28}.Debug|x64.ActiveCfg = Debug|Any CPU
		{6007B89B-51DF-4FC4-AE66-97251E259A28}.Debug|x64.Build.0 = Debug|Any CPU
		{6007B89B-51DF-4FC4-AE66-97251E259A28}.Debug|x86.ActiveCfg = Debug|Any CPU
		{6007B89B-51DF-4FC4-AE66-97251E259A28}.Debug|x86.Build.0 = Debug|Any CPU
		{6007B89B-51DF-4FC4-AE66-97251E259A28}.Release|Any CPU.ActiveCfg = Release|Any CPU
		{6007B89B-51DF-4FC4-AE66-97251E259A28}.Release|Any CPU.Build.0 = Release|Any CPU
		{6007B89B-51DF-4FC4-AE66-97251E259A28}.Release|ARM.ActiveCfg = Release|Any CPU
		{6007B89B-51DF-4FC4-AE66-97251E259A28}.Release|ARM.Build.0 = Release|Any CPU
		{6007B89B-51DF-4FC4-AE66-97251E259A28}.Release|x64.ActiveCfg = Release|Any CPU
		{6007B89B-51DF-4FC4-AE66-97251E259A28}.Release|x64.Build.0 = Release|Any CPU
		{6007B89B-51DF-4FC4-AE66-97251E259A28}.Release|x86.ActiveCfg = Release|Any CPU
		{6007B89B-51DF-4FC4-AE66-97251E259A28}.Release|x86.Build.0 = Release|Any CPU
		{E325FCD6-2E6B-44FC-85D0-D49957258C98}.Debug|Any CPU.ActiveCfg = Debug|Any CPU
		{E325FCD6-2E6B-44FC-85D0-D49957258C98}.Debug|Any CPU.Build.0 = Debug|Any CPU
		{E325FCD6-2E6B-44FC-85D0-D49957258C98}.Debug|ARM.ActiveCfg = Debug|ARM
		{E325FCD6-2E6B-44FC-85D0-D49957258C98}.Debug|ARM.Build.0 = Debug|ARM
		{E325FCD6-2E6B-44FC-85D0-D49957258C98}.Debug|x64.ActiveCfg = Debug|x64
		{E325FCD6-2E6B-44FC-85D0-D49957258C98}.Debug|x64.Build.0 = Debug|x64
		{E325FCD6-2E6B-44FC-85D0-D49957258C98}.Debug|x86.ActiveCfg = Debug|x86
		{E325FCD6-2E6B-44FC-85D0-D49957258C98}.Debug|x86.Build.0 = Debug|x86
		{E325FCD6-2E6B-44FC-85D0-D49957258C98}.Release|Any CPU.ActiveCfg = Release|Any CPU
		{E325FCD6-2E6B-44FC-85D0-D49957258C98}.Release|Any CPU.Build.0 = Release|Any CPU
		{E325FCD6-2E6B-44FC-85D0-D49957258C98}.Release|ARM.ActiveCfg = Release|ARM
		{E325FCD6-2E6B-44FC-85D0-D49957258C98}.Release|ARM.Build.0 = Release|ARM
		{E325FCD6-2E6B-44FC-85D0-D49957258C98}.Release|x64.ActiveCfg = Release|x64
		{E325FCD6-2E6B-44FC-85D0-D49957258C98}.Release|x64.Build.0 = Release|x64
		{E325FCD6-2E6B-44FC-85D0-D49957258C98}.Release|x86.ActiveCfg = Release|x86
		{E325FCD6-2E6B-44FC-85D0-D49957258C98}.Release|x86.Build.0 = Release|x86
		{CCA06B62-E020-43D7-A136-6BD9AA97F872}.Debug|Any CPU.ActiveCfg = Debug|Any CPU
		{CCA06B62-E020-43D7-A136-6BD9AA97F872}.Debug|Any CPU.Build.0 = Debug|Any CPU
		{CCA06B62-E020-43D7-A136-6BD9AA97F872}.Debug|ARM.ActiveCfg = Debug|ARM
		{CCA06B62-E020-43D7-A136-6BD9AA97F872}.Debug|ARM.Build.0 = Debug|ARM
		{CCA06B62-E020-43D7-A136-6BD9AA97F872}.Debug|x64.ActiveCfg = Debug|x64
		{CCA06B62-E020-43D7-A136-6BD9AA97F872}.Debug|x64.Build.0 = Debug|x64
		{CCA06B62-E020-43D7-A136-6BD9AA97F872}.Debug|x86.ActiveCfg = Debug|x86
		{CCA06B62-E020-43D7-A136-6BD9AA97F872}.Debug|x86.Build.0 = Debug|x86
		{CCA06B62-E020-43D7-A136-6BD9AA97F872}.Release|Any CPU.ActiveCfg = Release|Any CPU
		{CCA06B62-E020-43D7-A136-6BD9AA97F872}.Release|Any CPU.Build.0 = Release|Any CPU
		{CCA06B62-E020-43D7-A136-6BD9AA97F872}.Release|ARM.ActiveCfg = Release|ARM
		{CCA06B62-E020-43D7-A136-6BD9AA97F872}.Release|ARM.Build.0 = Release|ARM
		{CCA06B62-E020-43D7-A136-6BD9AA97F872}.Release|x64.ActiveCfg = Release|x64
		{CCA06B62-E020-43D7-A136-6BD9AA97F872}.Release|x64.Build.0 = Release|x64
		{CCA06B62-E020-43D7-A136-6BD9AA97F872}.Release|x86.ActiveCfg = Release|x86
		{CCA06B62-E020-43D7-A136-6BD9AA97F872}.Release|x86.Build.0 = Release|x86
		{F9127F6D-C993-4071-B7D2-22C6A317D1D1}.Debug|Any CPU.ActiveCfg = Debug|Any CPU
		{F9127F6D-C993-4071-B7D2-22C6A317D1D1}.Debug|Any CPU.Build.0 = Debug|Any CPU
		{F9127F6D-C993-4071-B7D2-22C6A317D1D1}.Debug|ARM.ActiveCfg = Debug|ARM
		{F9127F6D-C993-4071-B7D2-22C6A317D1D1}.Debug|ARM.Build.0 = Debug|ARM
		{F9127F6D-C993-4071-B7D2-22C6A317D1D1}.Debug|x64.ActiveCfg = Debug|x64
		{F9127F6D-C993-4071-B7D2-22C6A317D1D1}.Debug|x64.Build.0 = Debug|x64
		{F9127F6D-C993-4071-B7D2-22C6A317D1D1}.Debug|x86.ActiveCfg = Debug|x86
		{F9127F6D-C993-4071-B7D2-22C6A317D1D1}.Debug|x86.Build.0 = Debug|x86
		{F9127F6D-C993-4071-B7D2-22C6A317D1D1}.Release|Any CPU.ActiveCfg = Release|Any CPU
		{F9127F6D-C993-4071-B7D2-22C6A317D1D1}.Release|Any CPU.Build.0 = Release|Any CPU
		{F9127F6D-C993-4071-B7D2-22C6A317D1D1}.Release|ARM.ActiveCfg = Release|ARM
		{F9127F6D-C993-4071-B7D2-22C6A317D1D1}.Release|ARM.Build.0 = Release|ARM
		{F9127F6D-C993-4071-B7D2-22C6A317D1D1}.Release|x64.ActiveCfg = Release|x64
		{F9127F6D-C993-4071-B7D2-22C6A317D1D1}.Release|x64.Build.0 = Release|x64
		{F9127F6D-C993-4071-B7D2-22C6A317D1D1}.Release|x86.ActiveCfg = Release|x86
		{F9127F6D-C993-4071-B7D2-22C6A317D1D1}.Release|x86.Build.0 = Release|x86
		{50E078C8-B2F1-4998-BA53-EF236B7762CD}.Debug|Any CPU.ActiveCfg = Debug|Any CPU
		{50E078C8-B2F1-4998-BA53-EF236B7762CD}.Debug|Any CPU.Build.0 = Debug|Any CPU
		{50E078C8-B2F1-4998-BA53-EF236B7762CD}.Debug|ARM.ActiveCfg = Debug|ARM
		{50E078C8-B2F1-4998-BA53-EF236B7762CD}.Debug|ARM.Build.0 = Debug|ARM
		{50E078C8-B2F1-4998-BA53-EF236B7762CD}.Debug|x64.ActiveCfg = Debug|x64
		{50E078C8-B2F1-4998-BA53-EF236B7762CD}.Debug|x64.Build.0 = Debug|x64
		{50E078C8-B2F1-4998-BA53-EF236B7762CD}.Debug|x86.ActiveCfg = Debug|x86
		{50E078C8-B2F1-4998-BA53-EF236B7762CD}.Debug|x86.Build.0 = Debug|x86
		{50E078C8-B2F1-4998-BA53-EF236B7762CD}.Release|Any CPU.ActiveCfg = Release|Any CPU
		{50E078C8-B2F1-4998-BA53-EF236B7762CD}.Release|Any CPU.Build.0 = Release|Any CPU
		{50E078C8-B2F1-4998-BA53-EF236B7762CD}.Release|ARM.ActiveCfg = Release|ARM
		{50E078C8-B2F1-4998-BA53-EF236B7762CD}.Release|ARM.Build.0 = Release|ARM
		{50E078C8-B2F1-4998-BA53-EF236B7762CD}.Release|x64.ActiveCfg = Release|x64
		{50E078C8-B2F1-4998-BA53-EF236B7762CD}.Release|x64.Build.0 = Release|x64
		{50E078C8-B2F1-4998-BA53-EF236B7762CD}.Release|x86.ActiveCfg = Release|x86
		{50E078C8-B2F1-4998-BA53-EF236B7762CD}.Release|x86.Build.0 = Release|x86
		{6AB289CA-714C-4D98-962D-E7EBB445AEC1}.Debug|Any CPU.ActiveCfg = Debug|Any CPU
		{6AB289CA-714C-4D98-962D-E7EBB445AEC1}.Debug|Any CPU.Build.0 = Debug|Any CPU
		{6AB289CA-714C-4D98-962D-E7EBB445AEC1}.Debug|ARM.ActiveCfg = Debug|ARM
		{6AB289CA-714C-4D98-962D-E7EBB445AEC1}.Debug|ARM.Build.0 = Debug|ARM
		{6AB289CA-714C-4D98-962D-E7EBB445AEC1}.Debug|x64.ActiveCfg = Debug|x64
		{6AB289CA-714C-4D98-962D-E7EBB445AEC1}.Debug|x64.Build.0 = Debug|x64
		{6AB289CA-714C-4D98-962D-E7EBB445AEC1}.Debug|x86.ActiveCfg = Debug|x86
		{6AB289CA-714C-4D98-962D-E7EBB445AEC1}.Debug|x86.Build.0 = Debug|x86
		{6AB289CA-714C-4D98-962D-E7EBB445AEC1}.Release|Any CPU.ActiveCfg = Release|Any CPU
		{6AB289CA-714C-4D98-962D-E7EBB445AEC1}.Release|Any CPU.Build.0 = Release|Any CPU
		{6AB289CA-714C-4D98-962D-E7EBB445AEC1}.Release|ARM.ActiveCfg = Release|ARM
		{6AB289CA-714C-4D98-962D-E7EBB445AEC1}.Release|ARM.Build.0 = Release|ARM
		{6AB289CA-714C-4D98-962D-E7EBB445AEC1}.Release|x64.ActiveCfg = Release|x64
		{6AB289CA-714C-4D98-962D-E7EBB445AEC1}.Release|x64.Build.0 = Release|x64
		{6AB289CA-714C-4D98-962D-E7EBB445AEC1}.Release|x86.ActiveCfg = Release|x86
		{6AB289CA-714C-4D98-962D-E7EBB445AEC1}.Release|x86.Build.0 = Release|x86
		{3A9C01BD-DB77-409E-9BDB-A6B10195DA54}.Debug|Any CPU.ActiveCfg = Debug|Any CPU
		{3A9C01BD-DB77-409E-9BDB-A6B10195DA54}.Debug|Any CPU.Build.0 = Debug|Any CPU
		{3A9C01BD-DB77-409E-9BDB-A6B10195DA54}.Debug|ARM.ActiveCfg = Debug|ARM
		{3A9C01BD-DB77-409E-9BDB-A6B10195DA54}.Debug|ARM.Build.0 = Debug|ARM
		{3A9C01BD-DB77-409E-9BDB-A6B10195DA54}.Debug|x64.ActiveCfg = Debug|x64
		{3A9C01BD-DB77-409E-9BDB-A6B10195DA54}.Debug|x64.Build.0 = Debug|x64
		{3A9C01BD-DB77-409E-9BDB-A6B10195DA54}.Debug|x86.ActiveCfg = Debug|x86
		{3A9C01BD-DB77-409E-9BDB-A6B10195DA54}.Debug|x86.Build.0 = Debug|x86
		{3A9C01BD-DB77-409E-9BDB-A6B10195DA54}.Release|Any CPU.ActiveCfg = Release|Any CPU
		{3A9C01BD-DB77-409E-9BDB-A6B10195DA54}.Release|Any CPU.Build.0 = Release|Any CPU
		{3A9C01BD-DB77-409E-9BDB-A6B10195DA54}.Release|ARM.ActiveCfg = Release|ARM
		{3A9C01BD-DB77-409E-9BDB-A6B10195DA54}.Release|ARM.Build.0 = Release|ARM
		{3A9C01BD-DB77-409E-9BDB-A6B10195DA54}.Release|x64.ActiveCfg = Release|x64
		{3A9C01BD-DB77-409E-9BDB-A6B10195DA54}.Release|x64.Build.0 = Release|x64
		{3A9C01BD-DB77-409E-9BDB-A6B10195DA54}.Release|x86.ActiveCfg = Release|x86
		{3A9C01BD-DB77-409E-9BDB-A6B10195DA54}.Release|x86.Build.0 = Release|x86
		{149E728C-3AAC-4AE6-A27D-14402E88BD71}.Debug|Any CPU.ActiveCfg = Debug|Any CPU
		{149E728C-3AAC-4AE6-A27D-14402E88BD71}.Debug|Any CPU.Build.0 = Debug|Any CPU
		{149E728C-3AAC-4AE6-A27D-14402E88BD71}.Debug|ARM.ActiveCfg = Debug|ARM
		{149E728C-3AAC-4AE6-A27D-14402E88BD71}.Debug|ARM.Build.0 = Debug|ARM
		{149E728C-3AAC-4AE6-A27D-14402E88BD71}.Debug|x64.ActiveCfg = Debug|x64
		{149E728C-3AAC-4AE6-A27D-14402E88BD71}.Debug|x64.Build.0 = Debug|x64
		{149E728C-3AAC-4AE6-A27D-14402E88BD71}.Debug|x86.ActiveCfg = Debug|x86
		{149E728C-3AAC-4AE6-A27D-14402E88BD71}.Debug|x86.Build.0 = Debug|x86
		{149E728C-3AAC-4AE6-A27D-14402E88BD71}.Release|Any CPU.ActiveCfg = Release|Any CPU
		{149E728C-3AAC-4AE6-A27D-14402E88BD71}.Release|Any CPU.Build.0 = Release|Any CPU
		{149E728C-3AAC-4AE6-A27D-14402E88BD71}.Release|ARM.ActiveCfg = Release|ARM
		{149E728C-3AAC-4AE6-A27D-14402E88BD71}.Release|ARM.Build.0 = Release|ARM
		{149E728C-3AAC-4AE6-A27D-14402E88BD71}.Release|x64.ActiveCfg = Release|x64
		{149E728C-3AAC-4AE6-A27D-14402E88BD71}.Release|x64.Build.0 = Release|x64
		{149E728C-3AAC-4AE6-A27D-14402E88BD71}.Release|x86.ActiveCfg = Release|x86
		{149E728C-3AAC-4AE6-A27D-14402E88BD71}.Release|x86.Build.0 = Release|x86
		{C48BD2CB-FB6A-4677-A2F0-B04F07360B6A}.Debug|Any CPU.ActiveCfg = Debug|Any CPU
		{C48BD2CB-FB6A-4677-A2F0-B04F07360B6A}.Debug|Any CPU.Build.0 = Debug|Any CPU
		{C48BD2CB-FB6A-4677-A2F0-B04F07360B6A}.Debug|ARM.ActiveCfg = Debug|ARM
		{C48BD2CB-FB6A-4677-A2F0-B04F07360B6A}.Debug|ARM.Build.0 = Debug|ARM
		{C48BD2CB-FB6A-4677-A2F0-B04F07360B6A}.Debug|x64.ActiveCfg = Debug|x64
		{C48BD2CB-FB6A-4677-A2F0-B04F07360B6A}.Debug|x64.Build.0 = Debug|x64
		{C48BD2CB-FB6A-4677-A2F0-B04F07360B6A}.Debug|x86.ActiveCfg = Debug|x86
		{C48BD2CB-FB6A-4677-A2F0-B04F07360B6A}.Debug|x86.Build.0 = Debug|x86
		{C48BD2CB-FB6A-4677-A2F0-B04F07360B6A}.Release|Any CPU.ActiveCfg = Release|Any CPU
		{C48BD2CB-FB6A-4677-A2F0-B04F07360B6A}.Release|Any CPU.Build.0 = Release|Any CPU
		{C48BD2CB-FB6A-4677-A2F0-B04F07360B6A}.Release|ARM.ActiveCfg = Release|ARM
		{C48BD2CB-FB6A-4677-A2F0-B04F07360B6A}.Release|ARM.Build.0 = Release|ARM
		{C48BD2CB-FB6A-4677-A2F0-B04F07360B6A}.Release|x64.ActiveCfg = Release|x64
		{C48BD2CB-FB6A-4677-A2F0-B04F07360B6A}.Release|x64.Build.0 = Release|x64
		{C48BD2CB-FB6A-4677-A2F0-B04F07360B6A}.Release|x86.ActiveCfg = Release|x86
		{C48BD2CB-FB6A-4677-A2F0-B04F07360B6A}.Release|x86.Build.0 = Release|x86
		{5AF5D966-EE34-48CD-A100-28FD22B9D8B8}.Debug|Any CPU.ActiveCfg = Debug|Any CPU
		{5AF5D966-EE34-48CD-A100-28FD22B9D8B8}.Debug|Any CPU.Build.0 = Debug|Any CPU
		{5AF5D966-EE34-48CD-A100-28FD22B9D8B8}.Debug|ARM.ActiveCfg = Debug|ARM
		{5AF5D966-EE34-48CD-A100-28FD22B9D8B8}.Debug|ARM.Build.0 = Debug|ARM
		{5AF5D966-EE34-48CD-A100-28FD22B9D8B8}.Debug|x64.ActiveCfg = Debug|x64
		{5AF5D966-EE34-48CD-A100-28FD22B9D8B8}.Debug|x64.Build.0 = Debug|x64
		{5AF5D966-EE34-48CD-A100-28FD22B9D8B8}.Debug|x86.ActiveCfg = Debug|x86
		{5AF5D966-EE34-48CD-A100-28FD22B9D8B8}.Debug|x86.Build.0 = Debug|x86
		{5AF5D966-EE34-48CD-A100-28FD22B9D8B8}.Release|Any CPU.ActiveCfg = Release|Any CPU
		{5AF5D966-EE34-48CD-A100-28FD22B9D8B8}.Release|Any CPU.Build.0 = Release|Any CPU
		{5AF5D966-EE34-48CD-A100-28FD22B9D8B8}.Release|ARM.ActiveCfg = Release|ARM
		{5AF5D966-EE34-48CD-A100-28FD22B9D8B8}.Release|ARM.Build.0 = Release|ARM
		{5AF5D966-EE34-48CD-A100-28FD22B9D8B8}.Release|x64.ActiveCfg = Release|x64
		{5AF5D966-EE34-48CD-A100-28FD22B9D8B8}.Release|x64.Build.0 = Release|x64
		{5AF5D966-EE34-48CD-A100-28FD22B9D8B8}.Release|x86.ActiveCfg = Release|x86
		{5AF5D966-EE34-48CD-A100-28FD22B9D8B8}.Release|x86.Build.0 = Release|x86
		{7EAA1BA6-8565-4426-A5DB-446ABE7BCF52}.Debug|Any CPU.ActiveCfg = Debug|Any CPU
		{7EAA1BA6-8565-4426-A5DB-446ABE7BCF52}.Debug|Any CPU.Build.0 = Debug|Any CPU
		{7EAA1BA6-8565-4426-A5DB-446ABE7BCF52}.Debug|ARM.ActiveCfg = Debug|Any CPU
		{7EAA1BA6-8565-4426-A5DB-446ABE7BCF52}.Debug|ARM.Build.0 = Debug|Any CPU
		{7EAA1BA6-8565-4426-A5DB-446ABE7BCF52}.Debug|x64.ActiveCfg = Debug|Any CPU
		{7EAA1BA6-8565-4426-A5DB-446ABE7BCF52}.Debug|x64.Build.0 = Debug|Any CPU
		{7EAA1BA6-8565-4426-A5DB-446ABE7BCF52}.Debug|x86.ActiveCfg = Debug|Any CPU
		{7EAA1BA6-8565-4426-A5DB-446ABE7BCF52}.Debug|x86.Build.0 = Debug|Any CPU
		{7EAA1BA6-8565-4426-A5DB-446ABE7BCF52}.Release|Any CPU.ActiveCfg = Release|Any CPU
		{7EAA1BA6-8565-4426-A5DB-446ABE7BCF52}.Release|Any CPU.Build.0 = Release|Any CPU
		{7EAA1BA6-8565-4426-A5DB-446ABE7BCF52}.Release|ARM.ActiveCfg = Release|Any CPU
		{7EAA1BA6-8565-4426-A5DB-446ABE7BCF52}.Release|ARM.Build.0 = Release|Any CPU
		{7EAA1BA6-8565-4426-A5DB-446ABE7BCF52}.Release|x64.ActiveCfg = Release|Any CPU
		{7EAA1BA6-8565-4426-A5DB-446ABE7BCF52}.Release|x64.Build.0 = Release|Any CPU
		{7EAA1BA6-8565-4426-A5DB-446ABE7BCF52}.Release|x86.ActiveCfg = Release|Any CPU
		{7EAA1BA6-8565-4426-A5DB-446ABE7BCF52}.Release|x86.Build.0 = Release|Any CPU
	EndGlobalSection
	GlobalSection(SolutionProperties) = preSolution
		HideSolutionNode = FALSE
	EndGlobalSection
	GlobalSection(NestedProjects) = preSolution
		{2378F097-7706-4C6C-B1C1-4C9910829095} = {11759603-49BA-4F66-8A27-76C3CD91A8F3}
		{776A7D97-D3CC-4BCC-8047-7FC3B696DD79} = {E02CFE8C-49EF-444E-AD2D-16F8D360E66A}
		{8EF3F4EB-62C4-4267-A3AB-AEE7148D4FF3} = {11759603-49BA-4F66-8A27-76C3CD91A8F3}
		{91C78F97-E6D6-4873-9DA6-09DB8831F039} = {184FB19E-B9DE-4C26-92F2-DD94D3342CD2}
		{6218EAA1-7ABD-4FC7-8641-E1AB1ACC8696} = {91C78F97-E6D6-4873-9DA6-09DB8831F039}
		{446BCFE3-5E53-4A93-A4A1-4312BDEA8B89} = {91C78F97-E6D6-4873-9DA6-09DB8831F039}
		{5EF5BD3A-4E47-4F19-B20F-56D10A73C10E} = {6BCA7894-8098-4D0F-A10F-61174667024F}
		{0DF42436-F884-4671-92A4-E0E9306CDCF7} = {5EF5BD3A-4E47-4F19-B20F-56D10A73C10E}
		{D27A61CE-7898-4CF6-85D8-AD1375F9F8D6} = {5EF5BD3A-4E47-4F19-B20F-56D10A73C10E}
		{E2CC3FB2-528B-4679-BE56-9725B22E63B3} = {D82524A3-5EAA-48F9-B709-744FB7EB8B36}
		{6007B89B-51DF-4FC4-AE66-97251E259A28} = {AD97817E-1BF4-4D34-89EE-1496D87A5B6C}
		{E325FCD6-2E6B-44FC-85D0-D49957258C98} = {E02CFE8C-49EF-444E-AD2D-16F8D360E66A}
		{CCA06B62-E020-43D7-A136-6BD9AA97F872} = {91C78F97-E6D6-4873-9DA6-09DB8831F039}
		{F9127F6D-C993-4071-B7D2-22C6A317D1D1} = {0D75E535-6655-413E-A50C-C900FDF03DC3}
		{50E078C8-B2F1-4998-BA53-EF236B7762CD} = {11759603-49BA-4F66-8A27-76C3CD91A8F3}
		{6AB289CA-714C-4D98-962D-E7EBB445AEC1} = {11759603-49BA-4F66-8A27-76C3CD91A8F3}
		{3A9C01BD-DB77-409E-9BDB-A6B10195DA54} = {5EF5BD3A-4E47-4F19-B20F-56D10A73C10E}
		{149E728C-3AAC-4AE6-A27D-14402E88BD71} = {5EF5BD3A-4E47-4F19-B20F-56D10A73C10E}
		{C48BD2CB-FB6A-4677-A2F0-B04F07360B6A} = {AD97817E-1BF4-4D34-89EE-1496D87A5B6C}
		{5AF5D966-EE34-48CD-A100-28FD22B9D8B8} = {11759603-49BA-4F66-8A27-76C3CD91A8F3}
		{06FD7584-5424-48AA-A2AB-59AF83CC55F1} = {11759603-49BA-4F66-8A27-76C3CD91A8F3}
		{7EAA1BA6-8565-4426-A5DB-446ABE7BCF52} = {E02CFE8C-49EF-444E-AD2D-16F8D360E66A}
	EndGlobalSection
EndGlobal
