
Microsoft Visual Studio Solution File, Format Version 12.00
# Visual Studio 15
VisualStudioVersion = 15.0.27004.2005
MinimumVisualStudioVersion = 10.0.40219.1
Project("{2150E333-8FDC-42A3-9474-1A3956D46DE8}") = "src", "src", "{167921A3-ADA9-4EB8-9118-BEFFCCD8D652}"
EndProject
Project("{FAE04EC0-301F-11D3-BF4B-00C04F79EFBC}") = "BingoWallpaper.Wpf", "BingoWallpaper.Wpf\BingoWallpaper.Wpf.csproj", "{E0DD057E-3CB5-43E9-9E27-48A066D58826}"
EndProject
Project("{9A19103F-16F7-4668-BE54-9A1E7A4F7556}") = "BingoWallpaper.ViewModels.Abstractions", "BingoWallpaper.ViewModels.Abstractions\BingoWallpaper.ViewModels.Abstractions.csproj", "{E382197D-3993-4D8E-8BB2-D1479320558C}"
EndProject
Project("{FAE04EC0-301F-11D3-BF4B-00C04F79EFBC}") = "BingoWallpaper.ViewModels.Wpf", "BingoWallpaper.ViewModels.Wpf\BingoWallpaper.ViewModels.Wpf.csproj", "{DB724AE8-E2C2-4AB2-B208-FF2B9861AA1C}"
EndProject
Project("{9A19103F-16F7-4668-BE54-9A1E7A4F7556}") = "BingoWallpaper.Models", "BingoWallpaper.Models\BingoWallpaper.Models.csproj", "{5F72A07D-0400-4DE4-97F9-F172B955E841}"
EndProject
Project("{9A19103F-16F7-4668-BE54-9A1E7A4F7556}") = "BingoWallpaper.Services", "BingoWallpaper.Services\BingoWallpaper.Services.csproj", "{FFDFE4BE-6E5F-4261-A563-0BBECC772F82}"
EndProject
Project("{9A19103F-16F7-4668-BE54-9A1E7A4F7556}") = "BingoWallpaper.Services.Abstractions", "BingoWallpaper.Services.Abstractions\BingoWallpaper.Services.Abstractions.csproj", "{1F69FFEA-E718-457D-9D55-0D9012336A5E}"
EndProject
Project("{9A19103F-16F7-4668-BE54-9A1E7A4F7556}") = "BingoWallpaper.Core", "BingoWallpaper.Core\BingoWallpaper.Core.csproj", "{10821607-4431-4715-889F-126FA3CA1A06}"
EndProject
Project("{FAE04EC0-301F-11D3-BF4B-00C04F79EFBC}") = "BingoWallpaper.Services.Wpf", "BingoWallpaper.Services.Wpf\BingoWallpaper.Services.Wpf.csproj", "{71EEC663-A1F8-4718-A052-473FB9766E70}"
EndProject
Project("{FAE04EC0-301F-11D3-BF4B-00C04F79EFBC}") = "BingoWallpaper.Services.Desktop", "BingoWallpaper.Services.Desktop\BingoWallpaper.Services.Desktop.csproj", "{5AE25E6E-53F7-4EBE-94F7-0D7027453BB3}"
EndProject
Project("{9A19103F-16F7-4668-BE54-9A1E7A4F7556}") = "BingoWallpaper.Configuration.Abstractions", "BingoWallpaper.Configuration.Abstractions\BingoWallpaper.Configuration.Abstractions.csproj", "{AF436114-C3B8-41D7-8517-C55C721A77CE}"
EndProject
Project("{FAE04EC0-301F-11D3-BF4B-00C04F79EFBC}") = "BingoWallpaper.Configuration.Desktop", "BingoWallpaper.Configuration.Desktop\BingoWallpaper.Configuration.Desktop.csproj", "{C905A052-80D1-4636-9050-E08A68554CEB}"
EndProject
Project("{2150E333-8FDC-42A3-9474-1A3956D46DE8}") = "test", "test", "{BC3133DE-481E-4A57-9252-E3CED927730D}"
EndProject
Project("{FAE04EC0-301F-11D3-BF4B-00C04F79EFBC}") = "BingoWallpaper.Uwp.16299", "BingoWallpaper.Uwp.16299\BingoWallpaper.Uwp.16299.csproj", "{C49825D5-613B-452A-B865-33B4B0546D9D}"
EndProject
Project("{FAE04EC0-301F-11D3-BF4B-00C04F79EFBC}") = "BingoWallpaper.Configuration.Uwp", "BingoWallpaper.Configuration.Uwp\BingoWallpaper.Configuration.Uwp.csproj", "{FEB8C6F8-E0D4-44FE-87AD-A63BE0814609}"
EndProject
Project("{FAE04EC0-301F-11D3-BF4B-00C04F79EFBC}") = "BingoWallpaper.Services.Uwp", "BingoWallpaper.Services.Uwp\BingoWallpaper.Services.Uwp.csproj", "{0BE1D782-BA06-418B-B433-EE1DD092F34A}"
EndProject
Project("{FAE04EC0-301F-11D3-BF4B-00C04F79EFBC}") = "BingoWallpaper.Controls.Uwp", "BingoWallpaper.Controls.Uwp\BingoWallpaper.Controls.Uwp.csproj", "{B9C29F95-2FD5-4035-80A6-122B0D5845FE}"
EndProject
Project("{FAE04EC0-301F-11D3-BF4B-00C04F79EFBC}") = "BingoWallpaper.Controls.Wpf", "BingoWallpaper.Controls.Wpf\BingoWallpaper.Controls.Wpf.csproj", "{277FC82F-BEB3-4D70-A19E-CD9559D49099}"
EndProject
Project("{FAE04EC0-301F-11D3-BF4B-00C04F79EFBC}") = "BingoWallpaper.Core.Desktop", "BingoWallpaper.Core.Desktop\BingoWallpaper.Core.Desktop.csproj", "{ABBDFD72-442E-45F9-A43D-5F0546724D86}"
EndProject
Project("{FAE04EC0-301F-11D3-BF4B-00C04F79EFBC}") = "BingoWallpaper.ViewModels.Uwp", "BingoWallpaper.ViewModels.Uwp\BingoWallpaper.ViewModels.Uwp.csproj", "{66B05475-6D71-40B0-9958-91984764263F}"
EndProject
Project("{FAE04EC0-301F-11D3-BF4B-00C04F79EFBC}") = "BingoWallpaper.ViewModels.StandardTest", "BingoWallpaper.ViewModels.StandardTest\BingoWallpaper.ViewModels.StandardTest.csproj", "{755D4022-9679-4E16-962D-8CB49156C0FB}"
EndProject
Global
	GlobalSection(SolutionConfigurationPlatforms) = preSolution
		Debug|Any CPU = Debug|Any CPU
		Debug|ARM = Debug|ARM
		Debug|x64 = Debug|x64
		Debug|x86 = Debug|x86
		Release|Any CPU = Release|Any CPU
		Release|ARM = Release|ARM
		Release|x64 = Release|x64
		Release|x86 = Release|x86
	EndGlobalSection
	GlobalSection(ProjectConfigurationPlatforms) = postSolution
		{E0DD057E-3CB5-43E9-9E27-48A066D58826}.Debug|Any CPU.ActiveCfg = Debug|Any CPU
		{E0DD057E-3CB5-43E9-9E27-48A066D58826}.Debug|Any CPU.Build.0 = Debug|Any CPU
		{E0DD057E-3CB5-43E9-9E27-48A066D58826}.Debug|ARM.ActiveCfg = Debug|Any CPU
		{E0DD057E-3CB5-43E9-9E27-48A066D58826}.Debug|ARM.Build.0 = Debug|Any CPU
		{E0DD057E-3CB5-43E9-9E27-48A066D58826}.Debug|x64.ActiveCfg = Debug|Any CPU
		{E0DD057E-3CB5-43E9-9E27-48A066D58826}.Debug|x64.Build.0 = Debug|Any CPU
		{E0DD057E-3CB5-43E9-9E27-48A066D58826}.Debug|x86.ActiveCfg = Debug|Any CPU
		{E0DD057E-3CB5-43E9-9E27-48A066D58826}.Debug|x86.Build.0 = Debug|Any CPU
		{E0DD057E-3CB5-43E9-9E27-48A066D58826}.Release|Any CPU.ActiveCfg = Release|Any CPU
		{E0DD057E-3CB5-43E9-9E27-48A066D58826}.Release|Any CPU.Build.0 = Release|Any CPU
		{E0DD057E-3CB5-43E9-9E27-48A066D58826}.Release|ARM.ActiveCfg = Release|Any CPU
		{E0DD057E-3CB5-43E9-9E27-48A066D58826}.Release|ARM.Build.0 = Release|Any CPU
		{E0DD057E-3CB5-43E9-9E27-48A066D58826}.Release|x64.ActiveCfg = Release|Any CPU
		{E0DD057E-3CB5-43E9-9E27-48A066D58826}.Release|x64.Build.0 = Release|Any CPU
		{E0DD057E-3CB5-43E9-9E27-48A066D58826}.Release|x86.ActiveCfg = Release|Any CPU
		{E0DD057E-3CB5-43E9-9E27-48A066D58826}.Release|x86.Build.0 = Release|Any CPU
		{E382197D-3993-4D8E-8BB2-D1479320558C}.Debug|Any CPU.ActiveCfg = Debug|Any CPU
		{E382197D-3993-4D8E-8BB2-D1479320558C}.Debug|Any CPU.Build.0 = Debug|Any CPU
		{E382197D-3993-4D8E-8BB2-D1479320558C}.Debug|ARM.ActiveCfg = Debug|Any CPU
		{E382197D-3993-4D8E-8BB2-D1479320558C}.Debug|ARM.Build.0 = Debug|Any CPU
		{E382197D-3993-4D8E-8BB2-D1479320558C}.Debug|x64.ActiveCfg = Debug|Any CPU
		{E382197D-3993-4D8E-8BB2-D1479320558C}.Debug|x64.Build.0 = Debug|Any CPU
		{E382197D-3993-4D8E-8BB2-D1479320558C}.Debug|x86.ActiveCfg = Debug|Any CPU
		{E382197D-3993-4D8E-8BB2-D1479320558C}.Debug|x86.Build.0 = Debug|Any CPU
		{E382197D-3993-4D8E-8BB2-D1479320558C}.Release|Any CPU.ActiveCfg = Release|Any CPU
		{E382197D-3993-4D8E-8BB2-D1479320558C}.Release|Any CPU.Build.0 = Release|Any CPU
		{E382197D-3993-4D8E-8BB2-D1479320558C}.Release|ARM.ActiveCfg = Release|Any CPU
		{E382197D-3993-4D8E-8BB2-D1479320558C}.Release|ARM.Build.0 = Release|Any CPU
		{E382197D-3993-4D8E-8BB2-D1479320558C}.Release|x64.ActiveCfg = Release|Any CPU
		{E382197D-3993-4D8E-8BB2-D1479320558C}.Release|x64.Build.0 = Release|Any CPU
		{E382197D-3993-4D8E-8BB2-D1479320558C}.Release|x86.ActiveCfg = Release|Any CPU
		{E382197D-3993-4D8E-8BB2-D1479320558C}.Release|x86.Build.0 = Release|Any CPU
		{DB724AE8-E2C2-4AB2-B208-FF2B9861AA1C}.Debug|Any CPU.ActiveCfg = Debug|Any CPU
		{DB724AE8-E2C2-4AB2-B208-FF2B9861AA1C}.Debug|Any CPU.Build.0 = Debug|Any CPU
		{DB724AE8-E2C2-4AB2-B208-FF2B9861AA1C}.Debug|ARM.ActiveCfg = Debug|Any CPU
		{DB724AE8-E2C2-4AB2-B208-FF2B9861AA1C}.Debug|ARM.Build.0 = Debug|Any CPU
		{DB724AE8-E2C2-4AB2-B208-FF2B9861AA1C}.Debug|x64.ActiveCfg = Debug|Any CPU
		{DB724AE8-E2C2-4AB2-B208-FF2B9861AA1C}.Debug|x64.Build.0 = Debug|Any CPU
		{DB724AE8-E2C2-4AB2-B208-FF2B9861AA1C}.Debug|x86.ActiveCfg = Debug|Any CPU
		{DB724AE8-E2C2-4AB2-B208-FF2B9861AA1C}.Debug|x86.Build.0 = Debug|Any CPU
		{DB724AE8-E2C2-4AB2-B208-FF2B9861AA1C}.Release|Any CPU.ActiveCfg = Release|Any CPU
		{DB724AE8-E2C2-4AB2-B208-FF2B9861AA1C}.Release|Any CPU.Build.0 = Release|Any CPU
		{DB724AE8-E2C2-4AB2-B208-FF2B9861AA1C}.Release|ARM.ActiveCfg = Release|Any CPU
		{DB724AE8-E2C2-4AB2-B208-FF2B9861AA1C}.Release|ARM.Build.0 = Release|Any CPU
		{DB724AE8-E2C2-4AB2-B208-FF2B9861AA1C}.Release|x64.ActiveCfg = Release|Any CPU
		{DB724AE8-E2C2-4AB2-B208-FF2B9861AA1C}.Release|x64.Build.0 = Release|Any CPU
		{DB724AE8-E2C2-4AB2-B208-FF2B9861AA1C}.Release|x86.ActiveCfg = Release|Any CPU
		{DB724AE8-E2C2-4AB2-B208-FF2B9861AA1C}.Release|x86.Build.0 = Release|Any CPU
		{5F72A07D-0400-4DE4-97F9-F172B955E841}.Debug|Any CPU.ActiveCfg = Debug|Any CPU
		{5F72A07D-0400-4DE4-97F9-F172B955E841}.Debug|Any CPU.Build.0 = Debug|Any CPU
		{5F72A07D-0400-4DE4-97F9-F172B955E841}.Debug|ARM.ActiveCfg = Debug|Any CPU
		{5F72A07D-0400-4DE4-97F9-F172B955E841}.Debug|ARM.Build.0 = Debug|Any CPU
		{5F72A07D-0400-4DE4-97F9-F172B955E841}.Debug|x64.ActiveCfg = Debug|Any CPU
		{5F72A07D-0400-4DE4-97F9-F172B955E841}.Debug|x64.Build.0 = Debug|Any CPU
		{5F72A07D-0400-4DE4-97F9-F172B955E841}.Debug|x86.ActiveCfg = Debug|Any CPU
		{5F72A07D-0400-4DE4-97F9-F172B955E841}.Debug|x86.Build.0 = Debug|Any CPU
		{5F72A07D-0400-4DE4-97F9-F172B955E841}.Release|Any CPU.ActiveCfg = Release|Any CPU
		{5F72A07D-0400-4DE4-97F9-F172B955E841}.Release|Any CPU.Build.0 = Release|Any CPU
		{5F72A07D-0400-4DE4-97F9-F172B955E841}.Release|ARM.ActiveCfg = Release|Any CPU
		{5F72A07D-0400-4DE4-97F9-F172B955E841}.Release|ARM.Build.0 = Release|Any CPU
		{5F72A07D-0400-4DE4-97F9-F172B955E841}.Release|x64.ActiveCfg = Release|Any CPU
		{5F72A07D-0400-4DE4-97F9-F172B955E841}.Release|x64.Build.0 = Release|Any CPU
		{5F72A07D-0400-4DE4-97F9-F172B955E841}.Release|x86.ActiveCfg = Release|Any CPU
		{5F72A07D-0400-4DE4-97F9-F172B955E841}.Release|x86.Build.0 = Release|Any CPU
		{FFDFE4BE-6E5F-4261-A563-0BBECC772F82}.Debug|Any CPU.ActiveCfg = Debug|Any CPU
		{FFDFE4BE-6E5F-4261-A563-0BBECC772F82}.Debug|Any CPU.Build.0 = Debug|Any CPU
		{FFDFE4BE-6E5F-4261-A563-0BBECC772F82}.Debug|ARM.ActiveCfg = Debug|Any CPU
		{FFDFE4BE-6E5F-4261-A563-0BBECC772F82}.Debug|ARM.Build.0 = Debug|Any CPU
		{FFDFE4BE-6E5F-4261-A563-0BBECC772F82}.Debug|x64.ActiveCfg = Debug|Any CPU
		{FFDFE4BE-6E5F-4261-A563-0BBECC772F82}.Debug|x64.Build.0 = Debug|Any CPU
		{FFDFE4BE-6E5F-4261-A563-0BBECC772F82}.Debug|x86.ActiveCfg = Debug|Any CPU
		{FFDFE4BE-6E5F-4261-A563-0BBECC772F82}.Debug|x86.Build.0 = Debug|Any CPU
		{FFDFE4BE-6E5F-4261-A563-0BBECC772F82}.Release|Any CPU.ActiveCfg = Release|Any CPU
		{FFDFE4BE-6E5F-4261-A563-0BBECC772F82}.Release|Any CPU.Build.0 = Release|Any CPU
		{FFDFE4BE-6E5F-4261-A563-0BBECC772F82}.Release|ARM.ActiveCfg = Release|Any CPU
		{FFDFE4BE-6E5F-4261-A563-0BBECC772F82}.Release|ARM.Build.0 = Release|Any CPU
		{FFDFE4BE-6E5F-4261-A563-0BBECC772F82}.Release|x64.ActiveCfg = Release|Any CPU
		{FFDFE4BE-6E5F-4261-A563-0BBECC772F82}.Release|x64.Build.0 = Release|Any CPU
		{FFDFE4BE-6E5F-4261-A563-0BBECC772F82}.Release|x86.ActiveCfg = Release|Any CPU
		{FFDFE4BE-6E5F-4261-A563-0BBECC772F82}.Release|x86.Build.0 = Release|Any CPU
		{1F69FFEA-E718-457D-9D55-0D9012336A5E}.Debug|Any CPU.ActiveCfg = Debug|Any CPU
		{1F69FFEA-E718-457D-9D55-0D9012336A5E}.Debug|Any CPU.Build.0 = Debug|Any CPU
		{1F69FFEA-E718-457D-9D55-0D9012336A5E}.Debug|ARM.ActiveCfg = Debug|Any CPU
		{1F69FFEA-E718-457D-9D55-0D9012336A5E}.Debug|ARM.Build.0 = Debug|Any CPU
		{1F69FFEA-E718-457D-9D55-0D9012336A5E}.Debug|x64.ActiveCfg = Debug|Any CPU
		{1F69FFEA-E718-457D-9D55-0D9012336A5E}.Debug|x64.Build.0 = Debug|Any CPU
		{1F69FFEA-E718-457D-9D55-0D9012336A5E}.Debug|x86.ActiveCfg = Debug|Any CPU
		{1F69FFEA-E718-457D-9D55-0D9012336A5E}.Debug|x86.Build.0 = Debug|Any CPU
		{1F69FFEA-E718-457D-9D55-0D9012336A5E}.Release|Any CPU.ActiveCfg = Release|Any CPU
		{1F69FFEA-E718-457D-9D55-0D9012336A5E}.Release|Any CPU.Build.0 = Release|Any CPU
		{1F69FFEA-E718-457D-9D55-0D9012336A5E}.Release|ARM.ActiveCfg = Release|Any CPU
		{1F69FFEA-E718-457D-9D55-0D9012336A5E}.Release|ARM.Build.0 = Release|Any CPU
		{1F69FFEA-E718-457D-9D55-0D9012336A5E}.Release|x64.ActiveCfg = Release|Any CPU
		{1F69FFEA-E718-457D-9D55-0D9012336A5E}.Release|x64.Build.0 = Release|Any CPU
		{1F69FFEA-E718-457D-9D55-0D9012336A5E}.Release|x86.ActiveCfg = Release|Any CPU
		{1F69FFEA-E718-457D-9D55-0D9012336A5E}.Release|x86.Build.0 = Release|Any CPU
		{10821607-4431-4715-889F-126FA3CA1A06}.Debug|Any CPU.ActiveCfg = Debug|Any CPU
		{10821607-4431-4715-889F-126FA3CA1A06}.Debug|Any CPU.Build.0 = Debug|Any CPU
		{10821607-4431-4715-889F-126FA3CA1A06}.Debug|ARM.ActiveCfg = Debug|Any CPU
		{10821607-4431-4715-889F-126FA3CA1A06}.Debug|ARM.Build.0 = Debug|Any CPU
		{10821607-4431-4715-889F-126FA3CA1A06}.Debug|x64.ActiveCfg = Debug|Any CPU
		{10821607-4431-4715-889F-126FA3CA1A06}.Debug|x64.Build.0 = Debug|Any CPU
		{10821607-4431-4715-889F-126FA3CA1A06}.Debug|x86.ActiveCfg = Debug|Any CPU
		{10821607-4431-4715-889F-126FA3CA1A06}.Debug|x86.Build.0 = Debug|Any CPU
		{10821607-4431-4715-889F-126FA3CA1A06}.Release|Any CPU.ActiveCfg = Release|Any CPU
		{10821607-4431-4715-889F-126FA3CA1A06}.Release|Any CPU.Build.0 = Release|Any CPU
		{10821607-4431-4715-889F-126FA3CA1A06}.Release|ARM.ActiveCfg = Release|Any CPU
		{10821607-4431-4715-889F-126FA3CA1A06}.Release|ARM.Build.0 = Release|Any CPU
		{10821607-4431-4715-889F-126FA3CA1A06}.Release|x64.ActiveCfg = Release|Any CPU
		{10821607-4431-4715-889F-126FA3CA1A06}.Release|x64.Build.0 = Release|Any CPU
		{10821607-4431-4715-889F-126FA3CA1A06}.Release|x86.ActiveCfg = Release|Any CPU
		{10821607-4431-4715-889F-126FA3CA1A06}.Release|x86.Build.0 = Release|Any CPU
		{71EEC663-A1F8-4718-A052-473FB9766E70}.Debug|Any CPU.ActiveCfg = Debug|Any CPU
		{71EEC663-A1F8-4718-A052-473FB9766E70}.Debug|Any CPU.Build.0 = Debug|Any CPU
		{71EEC663-A1F8-4718-A052-473FB9766E70}.Debug|ARM.ActiveCfg = Debug|Any CPU
		{71EEC663-A1F8-4718-A052-473FB9766E70}.Debug|ARM.Build.0 = Debug|Any CPU
		{71EEC663-A1F8-4718-A052-473FB9766E70}.Debug|x64.ActiveCfg = Debug|Any CPU
		{71EEC663-A1F8-4718-A052-473FB9766E70}.Debug|x64.Build.0 = Debug|Any CPU
		{71EEC663-A1F8-4718-A052-473FB9766E70}.Debug|x86.ActiveCfg = Debug|Any CPU
		{71EEC663-A1F8-4718-A052-473FB9766E70}.Debug|x86.Build.0 = Debug|Any CPU
		{71EEC663-A1F8-4718-A052-473FB9766E70}.Release|Any CPU.ActiveCfg = Release|Any CPU
		{71EEC663-A1F8-4718-A052-473FB9766E70}.Release|Any CPU.Build.0 = Release|Any CPU
		{71EEC663-A1F8-4718-A052-473FB9766E70}.Release|ARM.ActiveCfg = Release|Any CPU
		{71EEC663-A1F8-4718-A052-473FB9766E70}.Release|ARM.Build.0 = Release|Any CPU
		{71EEC663-A1F8-4718-A052-473FB9766E70}.Release|x64.ActiveCfg = Release|Any CPU
		{71EEC663-A1F8-4718-A052-473FB9766E70}.Release|x64.Build.0 = Release|Any CPU
		{71EEC663-A1F8-4718-A052-473FB9766E70}.Release|x86.ActiveCfg = Release|Any CPU
		{71EEC663-A1F8-4718-A052-473FB9766E70}.Release|x86.Build.0 = Release|Any CPU
		{5AE25E6E-53F7-4EBE-94F7-0D7027453BB3}.Debug|Any CPU.ActiveCfg = Debug|Any CPU
		{5AE25E6E-53F7-4EBE-94F7-0D7027453BB3}.Debug|Any CPU.Build.0 = Debug|Any CPU
		{5AE25E6E-53F7-4EBE-94F7-0D7027453BB3}.Debug|ARM.ActiveCfg = Debug|Any CPU
		{5AE25E6E-53F7-4EBE-94F7-0D7027453BB3}.Debug|ARM.Build.0 = Debug|Any CPU
		{5AE25E6E-53F7-4EBE-94F7-0D7027453BB3}.Debug|x64.ActiveCfg = Debug|Any CPU
		{5AE25E6E-53F7-4EBE-94F7-0D7027453BB3}.Debug|x64.Build.0 = Debug|Any CPU
		{5AE25E6E-53F7-4EBE-94F7-0D7027453BB3}.Debug|x86.ActiveCfg = Debug|Any CPU
		{5AE25E6E-53F7-4EBE-94F7-0D7027453BB3}.Debug|x86.Build.0 = Debug|Any CPU
		{5AE25E6E-53F7-4EBE-94F7-0D7027453BB3}.Release|Any CPU.ActiveCfg = Release|Any CPU
		{5AE25E6E-53F7-4EBE-94F7-0D7027453BB3}.Release|Any CPU.Build.0 = Release|Any CPU
		{5AE25E6E-53F7-4EBE-94F7-0D7027453BB3}.Release|ARM.ActiveCfg = Release|Any CPU
		{5AE25E6E-53F7-4EBE-94F7-0D7027453BB3}.Release|ARM.Build.0 = Release|Any CPU
		{5AE25E6E-53F7-4EBE-94F7-0D7027453BB3}.Release|x64.ActiveCfg = Release|Any CPU
		{5AE25E6E-53F7-4EBE-94F7-0D7027453BB3}.Release|x64.Build.0 = Release|Any CPU
		{5AE25E6E-53F7-4EBE-94F7-0D7027453BB3}.Release|x86.ActiveCfg = Release|Any CPU
		{5AE25E6E-53F7-4EBE-94F7-0D7027453BB3}.Release|x86.Build.0 = Release|Any CPU
		{AF436114-C3B8-41D7-8517-C55C721A77CE}.Debug|Any CPU.ActiveCfg = Debug|Any CPU
		{AF436114-C3B8-41D7-8517-C55C721A77CE}.Debug|Any CPU.Build.0 = Debug|Any CPU
		{AF436114-C3B8-41D7-8517-C55C721A77CE}.Debug|ARM.ActiveCfg = Debug|Any CPU
		{AF436114-C3B8-41D7-8517-C55C721A77CE}.Debug|ARM.Build.0 = Debug|Any CPU
		{AF436114-C3B8-41D7-8517-C55C721A77CE}.Debug|x64.ActiveCfg = Debug|Any CPU
		{AF436114-C3B8-41D7-8517-C55C721A77CE}.Debug|x64.Build.0 = Debug|Any CPU
		{AF436114-C3B8-41D7-8517-C55C721A77CE}.Debug|x86.ActiveCfg = Debug|Any CPU
		{AF436114-C3B8-41D7-8517-C55C721A77CE}.Debug|x86.Build.0 = Debug|Any CPU
		{AF436114-C3B8-41D7-8517-C55C721A77CE}.Release|Any CPU.ActiveCfg = Release|Any CPU
		{AF436114-C3B8-41D7-8517-C55C721A77CE}.Release|Any CPU.Build.0 = Release|Any CPU
		{AF436114-C3B8-41D7-8517-C55C721A77CE}.Release|ARM.ActiveCfg = Release|Any CPU
		{AF436114-C3B8-41D7-8517-C55C721A77CE}.Release|ARM.Build.0 = Release|Any CPU
		{AF436114-C3B8-41D7-8517-C55C721A77CE}.Release|x64.ActiveCfg = Release|Any CPU
		{AF436114-C3B8-41D7-8517-C55C721A77CE}.Release|x64.Build.0 = Release|Any CPU
		{AF436114-C3B8-41D7-8517-C55C721A77CE}.Release|x86.ActiveCfg = Release|Any CPU
		{AF436114-C3B8-41D7-8517-C55C721A77CE}.Release|x86.Build.0 = Release|Any CPU
		{C905A052-80D1-4636-9050-E08A68554CEB}.Debug|Any CPU.ActiveCfg = Debug|Any CPU
		{C905A052-80D1-4636-9050-E08A68554CEB}.Debug|Any CPU.Build.0 = Debug|Any CPU
		{C905A052-80D1-4636-9050-E08A68554CEB}.Debug|ARM.ActiveCfg = Debug|Any CPU
		{C905A052-80D1-4636-9050-E08A68554CEB}.Debug|ARM.Build.0 = Debug|Any CPU
		{C905A052-80D1-4636-9050-E08A68554CEB}.Debug|x64.ActiveCfg = Debug|Any CPU
		{C905A052-80D1-4636-9050-E08A68554CEB}.Debug|x64.Build.0 = Debug|Any CPU
		{C905A052-80D1-4636-9050-E08A68554CEB}.Debug|x86.ActiveCfg = Debug|Any CPU
		{C905A052-80D1-4636-9050-E08A68554CEB}.Debug|x86.Build.0 = Debug|Any CPU
		{C905A052-80D1-4636-9050-E08A68554CEB}.Release|Any CPU.ActiveCfg = Release|Any CPU
		{C905A052-80D1-4636-9050-E08A68554CEB}.Release|Any CPU.Build.0 = Release|Any CPU
		{C905A052-80D1-4636-9050-E08A68554CEB}.Release|ARM.ActiveCfg = Release|Any CPU
		{C905A052-80D1-4636-9050-E08A68554CEB}.Release|ARM.Build.0 = Release|Any CPU
		{C905A052-80D1-4636-9050-E08A68554CEB}.Release|x64.ActiveCfg = Release|Any CPU
		{C905A052-80D1-4636-9050-E08A68554CEB}.Release|x64.Build.0 = Release|Any CPU
		{C905A052-80D1-4636-9050-E08A68554CEB}.Release|x86.ActiveCfg = Release|Any CPU
		{C905A052-80D1-4636-9050-E08A68554CEB}.Release|x86.Build.0 = Release|Any CPU
		{C49825D5-613B-452A-B865-33B4B0546D9D}.Debug|Any CPU.ActiveCfg = Debug|x86
		{C49825D5-613B-452A-B865-33B4B0546D9D}.Debug|ARM.ActiveCfg = Debug|ARM
		{C49825D5-613B-452A-B865-33B4B0546D9D}.Debug|ARM.Build.0 = Debug|ARM
		{C49825D5-613B-452A-B865-33B4B0546D9D}.Debug|ARM.Deploy.0 = Debug|ARM
		{C49825D5-613B-452A-B865-33B4B0546D9D}.Debug|x64.ActiveCfg = Debug|x64
		{C49825D5-613B-452A-B865-33B4B0546D9D}.Debug|x64.Build.0 = Debug|x64
		{C49825D5-613B-452A-B865-33B4B0546D9D}.Debug|x64.Deploy.0 = Debug|x64
		{C49825D5-613B-452A-B865-33B4B0546D9D}.Debug|x86.ActiveCfg = Debug|x86
		{C49825D5-613B-452A-B865-33B4B0546D9D}.Debug|x86.Build.0 = Debug|x86
		{C49825D5-613B-452A-B865-33B4B0546D9D}.Debug|x86.Deploy.0 = Debug|x86
		{C49825D5-613B-452A-B865-33B4B0546D9D}.Release|Any CPU.ActiveCfg = Release|x86
		{C49825D5-613B-452A-B865-33B4B0546D9D}.Release|ARM.ActiveCfg = Release|ARM
		{C49825D5-613B-452A-B865-33B4B0546D9D}.Release|ARM.Build.0 = Release|ARM
		{C49825D5-613B-452A-B865-33B4B0546D9D}.Release|ARM.Deploy.0 = Release|ARM
		{C49825D5-613B-452A-B865-33B4B0546D9D}.Release|x64.ActiveCfg = Release|x64
		{C49825D5-613B-452A-B865-33B4B0546D9D}.Release|x64.Build.0 = Release|x64
		{C49825D5-613B-452A-B865-33B4B0546D9D}.Release|x64.Deploy.0 = Release|x64
		{C49825D5-613B-452A-B865-33B4B0546D9D}.Release|x86.ActiveCfg = Release|x86
		{C49825D5-613B-452A-B865-33B4B0546D9D}.Release|x86.Build.0 = Release|x86
		{C49825D5-613B-452A-B865-33B4B0546D9D}.Release|x86.Deploy.0 = Release|x86
		{FEB8C6F8-E0D4-44FE-87AD-A63BE0814609}.Debug|Any CPU.ActiveCfg = Debug|Any CPU
		{FEB8C6F8-E0D4-44FE-87AD-A63BE0814609}.Debug|Any CPU.Build.0 = Debug|Any CPU
		{FEB8C6F8-E0D4-44FE-87AD-A63BE0814609}.Debug|ARM.ActiveCfg = Debug|ARM
		{FEB8C6F8-E0D4-44FE-87AD-A63BE0814609}.Debug|ARM.Build.0 = Debug|ARM
		{FEB8C6F8-E0D4-44FE-87AD-A63BE0814609}.Debug|x64.ActiveCfg = Debug|x64
		{FEB8C6F8-E0D4-44FE-87AD-A63BE0814609}.Debug|x64.Build.0 = Debug|x64
		{FEB8C6F8-E0D4-44FE-87AD-A63BE0814609}.Debug|x86.ActiveCfg = Debug|x86
		{FEB8C6F8-E0D4-44FE-87AD-A63BE0814609}.Debug|x86.Build.0 = Debug|x86
		{FEB8C6F8-E0D4-44FE-87AD-A63BE0814609}.Release|Any CPU.ActiveCfg = Release|Any CPU
		{FEB8C6F8-E0D4-44FE-87AD-A63BE0814609}.Release|Any CPU.Build.0 = Release|Any CPU
		{FEB8C6F8-E0D4-44FE-87AD-A63BE0814609}.Release|ARM.ActiveCfg = Release|ARM
		{FEB8C6F8-E0D4-44FE-87AD-A63BE0814609}.Release|ARM.Build.0 = Release|ARM
		{FEB8C6F8-E0D4-44FE-87AD-A63BE0814609}.Release|x64.ActiveCfg = Release|x64
		{FEB8C6F8-E0D4-44FE-87AD-A63BE0814609}.Release|x64.Build.0 = Release|x64
		{FEB8C6F8-E0D4-44FE-87AD-A63BE0814609}.Release|x86.ActiveCfg = Release|x86
		{FEB8C6F8-E0D4-44FE-87AD-A63BE0814609}.Release|x86.Build.0 = Release|x86
		{0BE1D782-BA06-418B-B433-EE1DD092F34A}.Debug|Any CPU.ActiveCfg = Debug|Any CPU
		{0BE1D782-BA06-418B-B433-EE1DD092F34A}.Debug|Any CPU.Build.0 = Debug|Any CPU
		{0BE1D782-BA06-418B-B433-EE1DD092F34A}.Debug|ARM.ActiveCfg = Debug|ARM
		{0BE1D782-BA06-418B-B433-EE1DD092F34A}.Debug|ARM.Build.0 = Debug|ARM
		{0BE1D782-BA06-418B-B433-EE1DD092F34A}.Debug|x64.ActiveCfg = Debug|x64
		{0BE1D782-BA06-418B-B433-EE1DD092F34A}.Debug|x64.Build.0 = Debug|x64
		{0BE1D782-BA06-418B-B433-EE1DD092F34A}.Debug|x86.ActiveCfg = Debug|x86
		{0BE1D782-BA06-418B-B433-EE1DD092F34A}.Debug|x86.Build.0 = Debug|x86
		{0BE1D782-BA06-418B-B433-EE1DD092F34A}.Release|Any CPU.ActiveCfg = Release|Any CPU
		{0BE1D782-BA06-418B-B433-EE1DD092F34A}.Release|Any CPU.Build.0 = Release|Any CPU
		{0BE1D782-BA06-418B-B433-EE1DD092F34A}.Release|ARM.ActiveCfg = Release|ARM
		{0BE1D782-BA06-418B-B433-EE1DD092F34A}.Release|ARM.Build.0 = Release|ARM
		{0BE1D782-BA06-418B-B433-EE1DD092F34A}.Release|x64.ActiveCfg = Release|x64
		{0BE1D782-BA06-418B-B433-EE1DD092F34A}.Release|x64.Build.0 = Release|x64
		{0BE1D782-BA06-418B-B433-EE1DD092F34A}.Release|x86.ActiveCfg = Release|x86
		{0BE1D782-BA06-418B-B433-EE1DD092F34A}.Release|x86.Build.0 = Release|x86
		{B9C29F95-2FD5-4035-80A6-122B0D5845FE}.Debug|Any CPU.ActiveCfg = Debug|Any CPU
		{B9C29F95-2FD5-4035-80A6-122B0D5845FE}.Debug|Any CPU.Build.0 = Debug|Any CPU
		{B9C29F95-2FD5-4035-80A6-122B0D5845FE}.Debug|ARM.ActiveCfg = Debug|ARM
		{B9C29F95-2FD5-4035-80A6-122B0D5845FE}.Debug|ARM.Build.0 = Debug|ARM
		{B9C29F95-2FD5-4035-80A6-122B0D5845FE}.Debug|x64.ActiveCfg = Debug|x64
		{B9C29F95-2FD5-4035-80A6-122B0D5845FE}.Debug|x64.Build.0 = Debug|x64
		{B9C29F95-2FD5-4035-80A6-122B0D5845FE}.Debug|x86.ActiveCfg = Debug|x86
		{B9C29F95-2FD5-4035-80A6-122B0D5845FE}.Debug|x86.Build.0 = Debug|x86
		{B9C29F95-2FD5-4035-80A6-122B0D5845FE}.Release|Any CPU.ActiveCfg = Release|Any CPU
		{B9C29F95-2FD5-4035-80A6-122B0D5845FE}.Release|Any CPU.Build.0 = Release|Any CPU
		{B9C29F95-2FD5-4035-80A6-122B0D5845FE}.Release|ARM.ActiveCfg = Release|ARM
		{B9C29F95-2FD5-4035-80A6-122B0D5845FE}.Release|ARM.Build.0 = Release|ARM
		{B9C29F95-2FD5-4035-80A6-122B0D5845FE}.Release|x64.ActiveCfg = Release|x64
		{B9C29F95-2FD5-4035-80A6-122B0D5845FE}.Release|x64.Build.0 = Release|x64
		{B9C29F95-2FD5-4035-80A6-122B0D5845FE}.Release|x86.ActiveCfg = Release|x86
		{B9C29F95-2FD5-4035-80A6-122B0D5845FE}.Release|x86.Build.0 = Release|x86
		{277FC82F-BEB3-4D70-A19E-CD9559D49099}.Debug|Any CPU.ActiveCfg = Debug|Any CPU
		{277FC82F-BEB3-4D70-A19E-CD9559D49099}.Debug|Any CPU.Build.0 = Debug|Any CPU
		{277FC82F-BEB3-4D70-A19E-CD9559D49099}.Debug|ARM.ActiveCfg = Debug|Any CPU
		{277FC82F-BEB3-4D70-A19E-CD9559D49099}.Debug|ARM.Build.0 = Debug|Any CPU
		{277FC82F-BEB3-4D70-A19E-CD9559D49099}.Debug|x64.ActiveCfg = Debug|Any CPU
		{277FC82F-BEB3-4D70-A19E-CD9559D49099}.Debug|x64.Build.0 = Debug|Any CPU
		{277FC82F-BEB3-4D70-A19E-CD9559D49099}.Debug|x86.ActiveCfg = Debug|Any CPU
		{277FC82F-BEB3-4D70-A19E-CD9559D49099}.Debug|x86.Build.0 = Debug|Any CPU
		{277FC82F-BEB3-4D70-A19E-CD9559D49099}.Release|Any CPU.ActiveCfg = Release|Any CPU
		{277FC82F-BEB3-4D70-A19E-CD9559D49099}.Release|Any CPU.Build.0 = Release|Any CPU
		{277FC82F-BEB3-4D70-A19E-CD9559D49099}.Release|ARM.ActiveCfg = Release|Any CPU
		{277FC82F-BEB3-4D70-A19E-CD9559D49099}.Release|ARM.Build.0 = Release|Any CPU
		{277FC82F-BEB3-4D70-A19E-CD9559D49099}.Release|x64.ActiveCfg = Release|Any CPU
		{277FC82F-BEB3-4D70-A19E-CD9559D49099}.Release|x64.Build.0 = Release|Any CPU
		{277FC82F-BEB3-4D70-A19E-CD9559D49099}.Release|x86.ActiveCfg = Release|Any CPU
		{277FC82F-BEB3-4D70-A19E-CD9559D49099}.Release|x86.Build.0 = Release|Any CPU
		{ABBDFD72-442E-45F9-A43D-5F0546724D86}.Debug|Any CPU.ActiveCfg = Debug|Any CPU
		{ABBDFD72-442E-45F9-A43D-5F0546724D86}.Debug|Any CPU.Build.0 = Debug|Any CPU
		{ABBDFD72-442E-45F9-A43D-5F0546724D86}.Debug|ARM.ActiveCfg = Debug|Any CPU
		{ABBDFD72-442E-45F9-A43D-5F0546724D86}.Debug|ARM.Build.0 = Debug|Any CPU
		{ABBDFD72-442E-45F9-A43D-5F0546724D86}.Debug|x64.ActiveCfg = Debug|Any CPU
		{ABBDFD72-442E-45F9-A43D-5F0546724D86}.Debug|x64.Build.0 = Debug|Any CPU
		{ABBDFD72-442E-45F9-A43D-5F0546724D86}.Debug|x86.ActiveCfg = Debug|Any CPU
		{ABBDFD72-442E-45F9-A43D-5F0546724D86}.Debug|x86.Build.0 = Debug|Any CPU
		{ABBDFD72-442E-45F9-A43D-5F0546724D86}.Release|Any CPU.ActiveCfg = Release|Any CPU
		{ABBDFD72-442E-45F9-A43D-5F0546724D86}.Release|Any CPU.Build.0 = Release|Any CPU
		{ABBDFD72-442E-45F9-A43D-5F0546724D86}.Release|ARM.ActiveCfg = Release|Any CPU
		{ABBDFD72-442E-45F9-A43D-5F0546724D86}.Release|ARM.Build.0 = Release|Any CPU
		{ABBDFD72-442E-45F9-A43D-5F0546724D86}.Release|x64.ActiveCfg = Release|Any CPU
		{ABBDFD72-442E-45F9-A43D-5F0546724D86}.Release|x64.Build.0 = Release|Any CPU
		{ABBDFD72-442E-45F9-A43D-5F0546724D86}.Release|x86.ActiveCfg = Release|Any CPU
		{ABBDFD72-442E-45F9-A43D-5F0546724D86}.Release|x86.Build.0 = Release|Any CPU
		{66B05475-6D71-40B0-9958-91984764263F}.Debug|Any CPU.ActiveCfg = Debug|Any CPU
		{66B05475-6D71-40B0-9958-91984764263F}.Debug|Any CPU.Build.0 = Debug|Any CPU
		{66B05475-6D71-40B0-9958-91984764263F}.Debug|ARM.ActiveCfg = Debug|ARM
		{66B05475-6D71-40B0-9958-91984764263F}.Debug|ARM.Build.0 = Debug|ARM
		{66B05475-6D71-40B0-9958-91984764263F}.Debug|x64.ActiveCfg = Debug|x64
		{66B05475-6D71-40B0-9958-91984764263F}.Debug|x64.Build.0 = Debug|x64
		{66B05475-6D71-40B0-9958-91984764263F}.Debug|x86.ActiveCfg = Debug|x86
		{66B05475-6D71-40B0-9958-91984764263F}.Debug|x86.Build.0 = Debug|x86
		{66B05475-6D71-40B0-9958-91984764263F}.Release|Any CPU.ActiveCfg = Release|Any CPU
		{66B05475-6D71-40B0-9958-91984764263F}.Release|Any CPU.Build.0 = Release|Any CPU
		{66B05475-6D71-40B0-9958-91984764263F}.Release|ARM.ActiveCfg = Release|ARM
		{66B05475-6D71-40B0-9958-91984764263F}.Release|ARM.Build.0 = Release|ARM
		{66B05475-6D71-40B0-9958-91984764263F}.Release|x64.ActiveCfg = Release|x64
		{66B05475-6D71-40B0-9958-91984764263F}.Release|x64.Build.0 = Release|x64
		{66B05475-6D71-40B0-9958-91984764263F}.Release|x86.ActiveCfg = Release|x86
		{66B05475-6D71-40B0-9958-91984764263F}.Release|x86.Build.0 = Release|x86
		{755D4022-9679-4E16-962D-8CB49156C0FB}.Debug|Any CPU.ActiveCfg = Debug|Any CPU
		{755D4022-9679-4E16-962D-8CB49156C0FB}.Debug|Any CPU.Build.0 = Debug|Any CPU
		{755D4022-9679-4E16-962D-8CB49156C0FB}.Debug|ARM.ActiveCfg = Debug|Any CPU
		{755D4022-9679-4E16-962D-8CB49156C0FB}.Debug|ARM.Build.0 = Debug|Any CPU
		{755D4022-9679-4E16-962D-8CB49156C0FB}.Debug|x64.ActiveCfg = Debug|Any CPU
		{755D4022-9679-4E16-962D-8CB49156C0FB}.Debug|x64.Build.0 = Debug|Any CPU
		{755D4022-9679-4E16-962D-8CB49156C0FB}.Debug|x86.ActiveCfg = Debug|Any CPU
		{755D4022-9679-4E16-962D-8CB49156C0FB}.Debug|x86.Build.0 = Debug|Any CPU
		{755D4022-9679-4E16-962D-8CB49156C0FB}.Release|Any CPU.ActiveCfg = Release|Any CPU
		{755D4022-9679-4E16-962D-8CB49156C0FB}.Release|Any CPU.Build.0 = Release|Any CPU
		{755D4022-9679-4E16-962D-8CB49156C0FB}.Release|ARM.ActiveCfg = Release|Any CPU
		{755D4022-9679-4E16-962D-8CB49156C0FB}.Release|ARM.Build.0 = Release|Any CPU
		{755D4022-9679-4E16-962D-8CB49156C0FB}.Release|x64.ActiveCfg = Release|Any CPU
		{755D4022-9679-4E16-962D-8CB49156C0FB}.Release|x64.Build.0 = Release|Any CPU
		{755D4022-9679-4E16-962D-8CB49156C0FB}.Release|x86.ActiveCfg = Release|Any CPU
		{755D4022-9679-4E16-962D-8CB49156C0FB}.Release|x86.Build.0 = Release|Any CPU
	EndGlobalSection
	GlobalSection(SolutionProperties) = preSolution
		HideSolutionNode = FALSE
	EndGlobalSection
	GlobalSection(NestedProjects) = preSolution
		{E0DD057E-3CB5-43E9-9E27-48A066D58826} = {167921A3-ADA9-4EB8-9118-BEFFCCD8D652}
		{E382197D-3993-4D8E-8BB2-D1479320558C} = {167921A3-ADA9-4EB8-9118-BEFFCCD8D652}
		{DB724AE8-E2C2-4AB2-B208-FF2B9861AA1C} = {167921A3-ADA9-4EB8-9118-BEFFCCD8D652}
		{5F72A07D-0400-4DE4-97F9-F172B955E841} = {167921A3-ADA9-4EB8-9118-BEFFCCD8D652}
		{FFDFE4BE-6E5F-4261-A563-0BBECC772F82} = {167921A3-ADA9-4EB8-9118-BEFFCCD8D652}
		{1F69FFEA-E718-457D-9D55-0D9012336A5E} = {167921A3-ADA9-4EB8-9118-BEFFCCD8D652}
		{10821607-4431-4715-889F-126FA3CA1A06} = {167921A3-ADA9-4EB8-9118-BEFFCCD8D652}
		{71EEC663-A1F8-4718-A052-473FB9766E70} = {167921A3-ADA9-4EB8-9118-BEFFCCD8D652}
		{5AE25E6E-53F7-4EBE-94F7-0D7027453BB3} = {167921A3-ADA9-4EB8-9118-BEFFCCD8D652}
		{AF436114-C3B8-41D7-8517-C55C721A77CE} = {167921A3-ADA9-4EB8-9118-BEFFCCD8D652}
		{C905A052-80D1-4636-9050-E08A68554CEB} = {167921A3-ADA9-4EB8-9118-BEFFCCD8D652}
		{C49825D5-613B-452A-B865-33B4B0546D9D} = {167921A3-ADA9-4EB8-9118-BEFFCCD8D652}
		{FEB8C6F8-E0D4-44FE-87AD-A63BE0814609} = {167921A3-ADA9-4EB8-9118-BEFFCCD8D652}
		{0BE1D782-BA06-418B-B433-EE1DD092F34A} = {167921A3-ADA9-4EB8-9118-BEFFCCD8D652}
		{B9C29F95-2FD5-4035-80A6-122B0D5845FE} = {167921A3-ADA9-4EB8-9118-BEFFCCD8D652}
		{277FC82F-BEB3-4D70-A19E-CD9559D49099} = {167921A3-ADA9-4EB8-9118-BEFFCCD8D652}
		{ABBDFD72-442E-45F9-A43D-5F0546724D86} = {167921A3-ADA9-4EB8-9118-BEFFCCD8D652}
		{66B05475-6D71-40B0-9958-91984764263F} = {167921A3-ADA9-4EB8-9118-BEFFCCD8D652}
		{755D4022-9679-4E16-962D-8CB49156C0FB} = {167921A3-ADA9-4EB8-9118-BEFFCCD8D652}
	EndGlobalSection
	GlobalSection(ExtensibilityGlobals) = postSolution
		SolutionGuid = {CA7AB9B1-3452-4BCE-8C46-11F161EA0868}
	EndGlobalSection
EndGlobal
