
Microsoft Visual Studio Solution File, Format Version 12.00
# Visual Studio 15
VisualStudioVersion = 15.0.26430.6
MinimumVisualStudioVersion = 10.0.40219.1
Project("{FAE04EC0-301F-11D3-BF4B-00C04F79EFBC}") = "VGtime.Uwp.15063", "VGtime.Uwp.15063\VGtime.Uwp.15063.csproj", "{EAD37BBC-5525-4A4A-82EB-7497666D0F0A}"
EndProject
Project("{FAE04EC0-301F-11D3-BF4B-00C04F79EFBC}") = "VGtime.Utils", "VGtime.Utils\VGtime.Utils.csproj", "{F203414A-213F-4DA2-9C6E-9DF10A450514}"
EndProject
Project("{FAE04EC0-301F-11D3-BF4B-00C04F79EFBC}") = "VGtime.Services", "VGtime.Services\VGtime.Services.csproj", "{5D75A74E-97DB-4113-A9C9-0E44B25073F4}"
EndProject
Project("{FAE04EC0-301F-11D3-BF4B-00C04F79EFBC}") = "VGtime.Services.Test", "VGtime.Services.Test\VGtime.Services.Test.csproj", "{D8DD4D83-EB75-493A-A7FD-E30CAAAE1DED}"
EndProject
Project("{2150E333-8FDC-42A3-9474-1A3956D46DE8}") = "Libraries", "Libraries", "{02526F9F-096E-4C8C-926F-D1A2603ED08F}"
EndProject
Project("{9A19103F-16F7-4668-BE54-9A1E7A4F7556}") = "SoftwareKobo.Controls.ImageEx.Core", "..\Libraries\SoftwareKobo.Controls.ImageEx.Core\SoftwareKobo.Controls.ImageEx.Core.csproj", "{908D60C4-7F3B-4B2C-B79F-F9087835272B}"
EndProject
Project("{9A19103F-16F7-4668-BE54-9A1E7A4F7556}") = "SoftwareKobo.Utils", "..\Libraries\SoftwareKobo.Utils\SoftwareKobo.Utils.csproj", "{D9521F27-BC47-4AF1-B370-1413E796187E}"
EndProject
Project("{FAE04EC0-301F-11D3-BF4B-00C04F79EFBC}") = "VGtime.Configuration", "VGtime.Configuration\VGtime.Configuration.csproj", "{3B9B899B-5ED9-4074-8A62-C396227B98E2}"
EndProject
Project("{FAE04EC0-301F-11D3-BF4B-00C04F79EFBC}") = "VGtime.Configuration.Uwp.15063", "VGtime.Configuration.Uwp.15063\VGtime.Configuration.Uwp.15063.csproj", "{BF6F62F6-713B-4C2A-9AA5-768F4D8E5C06}"
EndProject
Project("{FAE04EC0-301F-11D3-BF4B-00C04F79EFBC}") = "SoftwareKobo.Utils.Uwp", "..\Libraries\SoftwareKobo.Utils.Uwp\SoftwareKobo.Utils.Uwp.csproj", "{E325FCD6-2E6B-44FC-85D0-D49957258C98}"
EndProject
Project("{FAE04EC0-301F-11D3-BF4B-00C04F79EFBC}") = "SoftwareKobo.Controls.ImageEx.Uwp.15063", "..\Libraries\SoftwareKobo.Controls.ImageEx.Uwp.15063\SoftwareKobo.Controls.ImageEx.Uwp.15063.csproj", "{5AF5D966-EE34-48CD-A100-28FD22B9D8B8}"
EndProject
Project("{FAE04EC0-301F-11D3-BF4B-00C04F79EFBC}") = "VGtime.Models", "VGtime.Models\VGtime.Models.csproj", "{F9A50EB5-BC0F-4159-AEFB-329BBFCFAF2B}"
EndProject
Global
	GlobalSection(SharedMSBuildProjectFiles) = preSolution
		..\Libraries\SoftwareKobo.Controls.ImageEx.Shared\SoftwareKobo.Controls.ImageEx.Shared.projitems*{5af5d966-ee34-48cd-a100-28fd22b9d8b8}*SharedItemsImports = 4
	EndGlobalSection
	GlobalSection(SolutionConfigurationPlatforms) = preSolution
		Debug|Any CPU = Debug|Any CPU
		Debug|ARM = Debug|ARM
		Debug|x64 = Debug|x64
		Debug|x86 = Debug|x86
		Release|Any CPU = Release|Any CPU
		Release|ARM = Release|ARM
		Release|x64 = Release|x64
		Release|x86 = Release|x86
	EndGlobalSection
	GlobalSection(ProjectConfigurationPlatforms) = postSolution
		{EAD37BBC-5525-4A4A-82EB-7497666D0F0A}.Debug|Any CPU.ActiveCfg = Debug|x86
		{EAD37BBC-5525-4A4A-82EB-7497666D0F0A}.Debug|ARM.ActiveCfg = Debug|ARM
		{EAD37BBC-5525-4A4A-82EB-7497666D0F0A}.Debug|ARM.Build.0 = Debug|ARM
		{EAD37BBC-5525-4A4A-82EB-7497666D0F0A}.Debug|ARM.Deploy.0 = Debug|ARM
		{EAD37BBC-5525-4A4A-82EB-7497666D0F0A}.Debug|x64.ActiveCfg = Debug|x64
		{EAD37BBC-5525-4A4A-82EB-7497666D0F0A}.Debug|x64.Build.0 = Debug|x64
		{EAD37BBC-5525-4A4A-82EB-7497666D0F0A}.Debug|x64.Deploy.0 = Debug|x64
		{EAD37BBC-5525-4A4A-82EB-7497666D0F0A}.Debug|x86.ActiveCfg = Debug|x86
		{EAD37BBC-5525-4A4A-82EB-7497666D0F0A}.Debug|x86.Build.0 = Debug|x86
		{EAD37BBC-5525-4A4A-82EB-7497666D0F0A}.Debug|x86.Deploy.0 = Debug|x86
		{EAD37BBC-5525-4A4A-82EB-7497666D0F0A}.Release|Any CPU.ActiveCfg = Release|x86
		{EAD37BBC-5525-4A4A-82EB-7497666D0F0A}.Release|ARM.ActiveCfg = Release|ARM
		{EAD37BBC-5525-4A4A-82EB-7497666D0F0A}.Release|ARM.Build.0 = Release|ARM
		{EAD37BBC-5525-4A4A-82EB-7497666D0F0A}.Release|ARM.Deploy.0 = Release|ARM
		{EAD37BBC-5525-4A4A-82EB-7497666D0F0A}.Release|x64.ActiveCfg = Release|x64
		{EAD37BBC-5525-4A4A-82EB-7497666D0F0A}.Release|x64.Build.0 = Release|x64
		{EAD37BBC-5525-4A4A-82EB-7497666D0F0A}.Release|x64.Deploy.0 = Release|x64
		{EAD37BBC-5525-4A4A-82EB-7497666D0F0A}.Release|x86.ActiveCfg = Release|x86
		{EAD37BBC-5525-4A4A-82EB-7497666D0F0A}.Release|x86.Build.0 = Release|x86
		{EAD37BBC-5525-4A4A-82EB-7497666D0F0A}.Release|x86.Deploy.0 = Release|x86
		{F203414A-213F-4DA2-9C6E-9DF10A450514}.Debug|Any CPU.ActiveCfg = Debug|Any CPU
		{F203414A-213F-4DA2-9C6E-9DF10A450514}.Debug|Any CPU.Build.0 = Debug|Any CPU
		{F203414A-213F-4DA2-9C6E-9DF10A450514}.Debug|ARM.ActiveCfg = Debug|Any CPU
		{F203414A-213F-4DA2-9C6E-9DF10A450514}.Debug|ARM.Build.0 = Debug|Any CPU
		{F203414A-213F-4DA2-9C6E-9DF10A450514}.Debug|x64.ActiveCfg = Debug|Any CPU
		{F203414A-213F-4DA2-9C6E-9DF10A450514}.Debug|x64.Build.0 = Debug|Any CPU
		{F203414A-213F-4DA2-9C6E-9DF10A450514}.Debug|x86.ActiveCfg = Debug|Any CPU
		{F203414A-213F-4DA2-9C6E-9DF10A450514}.Debug|x86.Build.0 = Debug|Any CPU
		{F203414A-213F-4DA2-9C6E-9DF10A450514}.Release|Any CPU.ActiveCfg = Release|Any CPU
		{F203414A-213F-4DA2-9C6E-9DF10A450514}.Release|Any CPU.Build.0 = Release|Any CPU
		{F203414A-213F-4DA2-9C6E-9DF10A450514}.Release|ARM.ActiveCfg = Release|Any CPU
		{F203414A-213F-4DA2-9C6E-9DF10A450514}.Release|ARM.Build.0 = Release|Any CPU
		{F203414A-213F-4DA2-9C6E-9DF10A450514}.Release|x64.ActiveCfg = Release|Any CPU
		{F203414A-213F-4DA2-9C6E-9DF10A450514}.Release|x64.Build.0 = Release|Any CPU
		{F203414A-213F-4DA2-9C6E-9DF10A450514}.Release|x86.ActiveCfg = Release|Any CPU
		{F203414A-213F-4DA2-9C6E-9DF10A450514}.Release|x86.Build.0 = Release|Any CPU
		{5D75A74E-97DB-4113-A9C9-0E44B25073F4}.Debug|Any CPU.ActiveCfg = Debug|Any CPU
		{5D75A74E-97DB-4113-A9C9-0E44B25073F4}.Debug|Any CPU.Build.0 = Debug|Any CPU
		{5D75A74E-97DB-4113-A9C9-0E44B25073F4}.Debug|ARM.ActiveCfg = Debug|Any CPU
		{5D75A74E-97DB-4113-A9C9-0E44B25073F4}.Debug|ARM.Build.0 = Debug|Any CPU
		{5D75A74E-97DB-4113-A9C9-0E44B25073F4}.Debug|x64.ActiveCfg = Debug|Any CPU
		{5D75A74E-97DB-4113-A9C9-0E44B25073F4}.Debug|x64.Build.0 = Debug|Any CPU
		{5D75A74E-97DB-4113-A9C9-0E44B25073F4}.Debug|x86.ActiveCfg = Debug|Any CPU
		{5D75A74E-97DB-4113-A9C9-0E44B25073F4}.Debug|x86.Build.0 = Debug|Any CPU
		{5D75A74E-97DB-4113-A9C9-0E44B25073F4}.Release|Any CPU.ActiveCfg = Release|Any CPU
		{5D75A74E-97DB-4113-A9C9-0E44B25073F4}.Release|Any CPU.Build.0 = Release|Any CPU
		{5D75A74E-97DB-4113-A9C9-0E44B25073F4}.Release|ARM.ActiveCfg = Release|Any CPU
		{5D75A74E-97DB-4113-A9C9-0E44B25073F4}.Release|ARM.Build.0 = Release|Any CPU
		{5D75A74E-97DB-4113-A9C9-0E44B25073F4}.Release|x64.ActiveCfg = Release|Any CPU
		{5D75A74E-97DB-4113-A9C9-0E44B25073F4}.Release|x64.Build.0 = Release|Any CPU
		{5D75A74E-97DB-4113-A9C9-0E44B25073F4}.Release|x86.ActiveCfg = Release|Any CPU
		{5D75A74E-97DB-4113-A9C9-0E44B25073F4}.Release|x86.Build.0 = Release|Any CPU
		{D8DD4D83-EB75-493A-A7FD-E30CAAAE1DED}.Debug|Any CPU.ActiveCfg = Debug|Any CPU
		{D8DD4D83-EB75-493A-A7FD-E30CAAAE1DED}.Debug|Any CPU.Build.0 = Debug|Any CPU
		{D8DD4D83-EB75-493A-A7FD-E30CAAAE1DED}.Debug|ARM.ActiveCfg = Debug|Any CPU
		{D8DD4D83-EB75-493A-A7FD-E30CAAAE1DED}.Debug|ARM.Build.0 = Debug|Any CPU
		{D8DD4D83-EB75-493A-A7FD-E30CAAAE1DED}.Debug|x64.ActiveCfg = Debug|Any CPU
		{D8DD4D83-EB75-493A-A7FD-E30CAAAE1DED}.Debug|x64.Build.0 = Debug|Any CPU
		{D8DD4D83-EB75-493A-A7FD-E30CAAAE1DED}.Debug|x86.ActiveCfg = Debug|Any CPU
		{D8DD4D83-EB75-493A-A7FD-E30CAAAE1DED}.Debug|x86.Build.0 = Debug|Any CPU
		{D8DD4D83-EB75-493A-A7FD-E30CAAAE1DED}.Release|Any CPU.ActiveCfg = Release|Any CPU
		{D8DD4D83-EB75-493A-A7FD-E30CAAAE1DED}.Release|Any CPU.Build.0 = Release|Any CPU
		{D8DD4D83-EB75-493A-A7FD-E30CAAAE1DED}.Release|ARM.ActiveCfg = Release|Any CPU
		{D8DD4D83-EB75-493A-A7FD-E30CAAAE1DED}.Release|ARM.Build.0 = Release|Any CPU
		{D8DD4D83-EB75-493A-A7FD-E30CAAAE1DED}.Release|x64.ActiveCfg = Release|Any CPU
		{D8DD4D83-EB75-493A-A7FD-E30CAAAE1DED}.Release|x64.Build.0 = Release|Any CPU
		{D8DD4D83-EB75-493A-A7FD-E30CAAAE1DED}.Release|x86.ActiveCfg = Release|Any CPU
		{D8DD4D83-EB75-493A-A7FD-E30CAAAE1DED}.Release|x86.Build.0 = Release|Any CPU
		{908D60C4-7F3B-4B2C-B79F-F9087835272B}.Debug|Any CPU.ActiveCfg = Debug|Any CPU
		{908D60C4-7F3B-4B2C-B79F-F9087835272B}.Debug|Any CPU.Build.0 = Debug|Any CPU
		{908D60C4-7F3B-4B2C-B79F-F9087835272B}.Debug|ARM.ActiveCfg = Debug|Any CPU
		{908D60C4-7F3B-4B2C-B79F-F9087835272B}.Debug|ARM.Build.0 = Debug|Any CPU
		{908D60C4-7F3B-4B2C-B79F-F9087835272B}.Debug|x64.ActiveCfg = Debug|Any CPU
		{908D60C4-7F3B-4B2C-B79F-F9087835272B}.Debug|x64.Build.0 = Debug|Any CPU
		{908D60C4-7F3B-4B2C-B79F-F9087835272B}.Debug|x86.ActiveCfg = Debug|Any CPU
		{908D60C4-7F3B-4B2C-B79F-F9087835272B}.Debug|x86.Build.0 = Debug|Any CPU
		{908D60C4-7F3B-4B2C-B79F-F9087835272B}.Release|Any CPU.ActiveCfg = Release|Any CPU
		{908D60C4-7F3B-4B2C-B79F-F9087835272B}.Release|Any CPU.Build.0 = Release|Any CPU
		{908D60C4-7F3B-4B2C-B79F-F9087835272B}.Release|ARM.ActiveCfg = Release|Any CPU
		{908D60C4-7F3B-4B2C-B79F-F9087835272B}.Release|ARM.Build.0 = Release|Any CPU
		{908D60C4-7F3B-4B2C-B79F-F9087835272B}.Release|x64.ActiveCfg = Release|Any CPU
		{908D60C4-7F3B-4B2C-B79F-F9087835272B}.Release|x64.Build.0 = Release|Any CPU
		{908D60C4-7F3B-4B2C-B79F-F9087835272B}.Release|x86.ActiveCfg = Release|Any CPU
		{908D60C4-7F3B-4B2C-B79F-F9087835272B}.Release|x86.Build.0 = Release|Any CPU
		{D9521F27-BC47-4AF1-B370-1413E796187E}.Debug|Any CPU.ActiveCfg = Debug|Any CPU
		{D9521F27-BC47-4AF1-B370-1413E796187E}.Debug|Any CPU.Build.0 = Debug|Any CPU
		{D9521F27-BC47-4AF1-B370-1413E796187E}.Debug|ARM.ActiveCfg = Debug|Any CPU
		{D9521F27-BC47-4AF1-B370-1413E796187E}.Debug|ARM.Build.0 = Debug|Any CPU
		{D9521F27-BC47-4AF1-B370-1413E796187E}.Debug|x64.ActiveCfg = Debug|Any CPU
		{D9521F27-BC47-4AF1-B370-1413E796187E}.Debug|x64.Build.0 = Debug|Any CPU
		{D9521F27-BC47-4AF1-B370-1413E796187E}.Debug|x86.ActiveCfg = Debug|Any CPU
		{D9521F27-BC47-4AF1-B370-1413E796187E}.Debug|x86.Build.0 = Debug|Any CPU
		{D9521F27-BC47-4AF1-B370-1413E796187E}.Release|Any CPU.ActiveCfg = Release|Any CPU
		{D9521F27-BC47-4AF1-B370-1413E796187E}.Release|Any CPU.Build.0 = Release|Any CPU
		{D9521F27-BC47-4AF1-B370-1413E796187E}.Release|ARM.ActiveCfg = Release|Any CPU
		{D9521F27-BC47-4AF1-B370-1413E796187E}.Release|ARM.Build.0 = Release|Any CPU
		{D9521F27-BC47-4AF1-B370-1413E796187E}.Release|x64.ActiveCfg = Release|Any CPU
		{D9521F27-BC47-4AF1-B370-1413E796187E}.Release|x64.Build.0 = Release|Any CPU
		{D9521F27-BC47-4AF1-B370-1413E796187E}.Release|x86.ActiveCfg = Release|Any CPU
		{D9521F27-BC47-4AF1-B370-1413E796187E}.Release|x86.Build.0 = Release|Any CPU
		{3B9B899B-5ED9-4074-8A62-C396227B98E2}.Debug|Any CPU.ActiveCfg = Debug|Any CPU
		{3B9B899B-5ED9-4074-8A62-C396227B98E2}.Debug|Any CPU.Build.0 = Debug|Any CPU
		{3B9B899B-5ED9-4074-8A62-C396227B98E2}.Debug|ARM.ActiveCfg = Debug|Any CPU
		{3B9B899B-5ED9-4074-8A62-C396227B98E2}.Debug|ARM.Build.0 = Debug|Any CPU
		{3B9B899B-5ED9-4074-8A62-C396227B98E2}.Debug|x64.ActiveCfg = Debug|Any CPU
		{3B9B899B-5ED9-4074-8A62-C396227B98E2}.Debug|x64.Build.0 = Debug|Any CPU
		{3B9B899B-5ED9-4074-8A62-C396227B98E2}.Debug|x86.ActiveCfg = Debug|Any CPU
		{3B9B899B-5ED9-4074-8A62-C396227B98E2}.Debug|x86.Build.0 = Debug|Any CPU
		{3B9B899B-5ED9-4074-8A62-C396227B98E2}.Release|Any CPU.ActiveCfg = Release|Any CPU
		{3B9B899B-5ED9-4074-8A62-C396227B98E2}.Release|Any CPU.Build.0 = Release|Any CPU
		{3B9B899B-5ED9-4074-8A62-C396227B98E2}.Release|ARM.ActiveCfg = Release|Any CPU
		{3B9B899B-5ED9-4074-8A62-C396227B98E2}.Release|ARM.Build.0 = Release|Any CPU
		{3B9B899B-5ED9-4074-8A62-C396227B98E2}.Release|x64.ActiveCfg = Release|Any CPU
		{3B9B899B-5ED9-4074-8A62-C396227B98E2}.Release|x64.Build.0 = Release|Any CPU
		{3B9B899B-5ED9-4074-8A62-C396227B98E2}.Release|x86.ActiveCfg = Release|Any CPU
		{3B9B899B-5ED9-4074-8A62-C396227B98E2}.Release|x86.Build.0 = Release|Any CPU
		{BF6F62F6-713B-4C2A-9AA5-768F4D8E5C06}.Debug|Any CPU.ActiveCfg = Debug|Any CPU
		{BF6F62F6-713B-4C2A-9AA5-768F4D8E5C06}.Debug|Any CPU.Build.0 = Debug|Any CPU
		{BF6F62F6-713B-4C2A-9AA5-768F4D8E5C06}.Debug|ARM.ActiveCfg = Debug|ARM
		{BF6F62F6-713B-4C2A-9AA5-768F4D8E5C06}.Debug|ARM.Build.0 = Debug|ARM
		{BF6F62F6-713B-4C2A-9AA5-768F4D8E5C06}.Debug|x64.ActiveCfg = Debug|x64
		{BF6F62F6-713B-4C2A-9AA5-768F4D8E5C06}.Debug|x64.Build.0 = Debug|x64
		{BF6F62F6-713B-4C2A-9AA5-768F4D8E5C06}.Debug|x86.ActiveCfg = Debug|x86
		{BF6F62F6-713B-4C2A-9AA5-768F4D8E5C06}.Debug|x86.Build.0 = Debug|x86
		{BF6F62F6-713B-4C2A-9AA5-768F4D8E5C06}.Release|Any CPU.ActiveCfg = Release|Any CPU
		{BF6F62F6-713B-4C2A-9AA5-768F4D8E5C06}.Release|Any CPU.Build.0 = Release|Any CPU
		{BF6F62F6-713B-4C2A-9AA5-768F4D8E5C06}.Release|ARM.ActiveCfg = Release|ARM
		{BF6F62F6-713B-4C2A-9AA5-768F4D8E5C06}.Release|ARM.Build.0 = Release|ARM
		{BF6F62F6-713B-4C2A-9AA5-768F4D8E5C06}.Release|x64.ActiveCfg = Release|x64
		{BF6F62F6-713B-4C2A-9AA5-768F4D8E5C06}.Release|x64.Build.0 = Release|x64
		{BF6F62F6-713B-4C2A-9AA5-768F4D8E5C06}.Release|x86.ActiveCfg = Release|x86
		{BF6F62F6-713B-4C2A-9AA5-768F4D8E5C06}.Release|x86.Build.0 = Release|x86
		{E325FCD6-2E6B-44FC-85D0-D49957258C98}.Debug|Any CPU.ActiveCfg = Debug|Any CPU
		{E325FCD6-2E6B-44FC-85D0-D49957258C98}.Debug|Any CPU.Build.0 = Debug|Any CPU
		{E325FCD6-2E6B-44FC-85D0-D49957258C98}.Debug|ARM.ActiveCfg = Debug|ARM
		{E325FCD6-2E6B-44FC-85D0-D49957258C98}.Debug|ARM.Build.0 = Debug|ARM
		{E325FCD6-2E6B-44FC-85D0-D49957258C98}.Debug|x64.ActiveCfg = Debug|x64
		{E325FCD6-2E6B-44FC-85D0-D49957258C98}.Debug|x64.Build.0 = Debug|x64
		{E325FCD6-2E6B-44FC-85D0-D49957258C98}.Debug|x86.ActiveCfg = Debug|x86
		{E325FCD6-2E6B-44FC-85D0-D49957258C98}.Debug|x86.Build.0 = Debug|x86
		{E325FCD6-2E6B-44FC-85D0-D49957258C98}.Release|Any CPU.ActiveCfg = Release|Any CPU
		{E325FCD6-2E6B-44FC-85D0-D49957258C98}.Release|Any CPU.Build.0 = Release|Any CPU
		{E325FCD6-2E6B-44FC-85D0-D49957258C98}.Release|ARM.ActiveCfg = Release|ARM
		{E325FCD6-2E6B-44FC-85D0-D49957258C98}.Release|ARM.Build.0 = Release|ARM
		{E325FCD6-2E6B-44FC-85D0-D49957258C98}.Release|x64.ActiveCfg = Release|x64
		{E325FCD6-2E6B-44FC-85D0-D49957258C98}.Release|x64.Build.0 = Release|x64
		{E325FCD6-2E6B-44FC-85D0-D49957258C98}.Release|x86.ActiveCfg = Release|x86
		{E325FCD6-2E6B-44FC-85D0-D49957258C98}.Release|x86.Build.0 = Release|x86
		{5AF5D966-EE34-48CD-A100-28FD22B9D8B8}.Debug|Any CPU.ActiveCfg = Debug|Any CPU
		{5AF5D966-EE34-48CD-A100-28FD22B9D8B8}.Debug|Any CPU.Build.0 = Debug|Any CPU
		{5AF5D966-EE34-48CD-A100-28FD22B9D8B8}.Debug|ARM.ActiveCfg = Debug|ARM
		{5AF5D966-EE34-48CD-A100-28FD22B9D8B8}.Debug|ARM.Build.0 = Debug|ARM
		{5AF5D966-EE34-48CD-A100-28FD22B9D8B8}.Debug|x64.ActiveCfg = Debug|x64
		{5AF5D966-EE34-48CD-A100-28FD22B9D8B8}.Debug|x64.Build.0 = Debug|x64
		{5AF5D966-EE34-48CD-A100-28FD22B9D8B8}.Debug|x86.ActiveCfg = Debug|x86
		{5AF5D966-EE34-48CD-A100-28FD22B9D8B8}.Debug|x86.Build.0 = Debug|x86
		{5AF5D966-EE34-48CD-A100-28FD22B9D8B8}.Release|Any CPU.ActiveCfg = Release|Any CPU
		{5AF5D966-EE34-48CD-A100-28FD22B9D8B8}.Release|Any CPU.Build.0 = Release|Any CPU
		{5AF5D966-EE34-48CD-A100-28FD22B9D8B8}.Release|ARM.ActiveCfg = Release|ARM
		{5AF5D966-EE34-48CD-A100-28FD22B9D8B8}.Release|ARM.Build.0 = Release|ARM
		{5AF5D966-EE34-48CD-A100-28FD22B9D8B8}.Release|x64.ActiveCfg = Release|x64
		{5AF5D966-EE34-48CD-A100-28FD22B9D8B8}.Release|x64.Build.0 = Release|x64
		{5AF5D966-EE34-48CD-A100-28FD22B9D8B8}.Release|x86.ActiveCfg = Release|x86
		{5AF5D966-EE34-48CD-A100-28FD22B9D8B8}.Release|x86.Build.0 = Release|x86
		{F9A50EB5-BC0F-4159-AEFB-329BBFCFAF2B}.Debug|Any CPU.ActiveCfg = Debug|Any CPU
		{F9A50EB5-BC0F-4159-AEFB-329BBFCFAF2B}.Debug|Any CPU.Build.0 = Debug|Any CPU
		{F9A50EB5-BC0F-4159-AEFB-329BBFCFAF2B}.Debug|ARM.ActiveCfg = Debug|Any CPU
		{F9A50EB5-BC0F-4159-AEFB-329BBFCFAF2B}.Debug|ARM.Build.0 = Debug|Any CPU
		{F9A50EB5-BC0F-4159-AEFB-329BBFCFAF2B}.Debug|x64.ActiveCfg = Debug|Any CPU
		{F9A50EB5-BC0F-4159-AEFB-329BBFCFAF2B}.Debug|x64.Build.0 = Debug|Any CPU
		{F9A50EB5-BC0F-4159-AEFB-329BBFCFAF2B}.Debug|x86.ActiveCfg = Debug|Any CPU
		{F9A50EB5-BC0F-4159-AEFB-329BBFCFAF2B}.Debug|x86.Build.0 = Debug|Any CPU
		{F9A50EB5-BC0F-4159-AEFB-329BBFCFAF2B}.Release|Any CPU.ActiveCfg = Release|Any CPU
		{F9A50EB5-BC0F-4159-AEFB-329BBFCFAF2B}.Release|Any CPU.Build.0 = Release|Any CPU
		{F9A50EB5-BC0F-4159-AEFB-329BBFCFAF2B}.Release|ARM.ActiveCfg = Release|Any CPU
		{F9A50EB5-BC0F-4159-AEFB-329BBFCFAF2B}.Release|ARM.Build.0 = Release|Any CPU
		{F9A50EB5-BC0F-4159-AEFB-329BBFCFAF2B}.Release|x64.ActiveCfg = Release|Any CPU
		{F9A50EB5-BC0F-4159-AEFB-329BBFCFAF2B}.Release|x64.Build.0 = Release|Any CPU
		{F9A50EB5-BC0F-4159-AEFB-329BBFCFAF2B}.Release|x86.ActiveCfg = Release|Any CPU
		{F9A50EB5-BC0F-4159-AEFB-329BBFCFAF2B}.Release|x86.Build.0 = Release|Any CPU
	EndGlobalSection
	GlobalSection(SolutionProperties) = preSolution
		HideSolutionNode = FALSE
	EndGlobalSection
	GlobalSection(NestedProjects) = preSolution
		{908D60C4-7F3B-4B2C-B79F-F9087835272B} = {02526F9F-096E-4C8C-926F-D1A2603ED08F}
		{D9521F27-BC47-4AF1-B370-1413E796187E} = {02526F9F-096E-4C8C-926F-D1A2603ED08F}
		{E325FCD6-2E6B-44FC-85D0-D49957258C98} = {02526F9F-096E-4C8C-926F-D1A2603ED08F}
		{5AF5D966-EE34-48CD-A100-28FD22B9D8B8} = {02526F9F-096E-4C8C-926F-D1A2603ED08F}
	EndGlobalSection
EndGlobal
