
Microsoft Visual Studio Solution File, Format Version 12.00
# Visual Studio 15
VisualStudioVersion = 15.0.26430.6
MinimumVisualStudioVersion = 10.0.40219.1
Project("{FAE04EC0-301F-11D3-BF4B-00C04F79EFBC}") = "VGtime.Models", "VGtime.Models\VGtime.Models.csproj", "{3A47FCD2-8CBC-44F8-B863-618FF5650249}"
EndProject
Project("{FAE04EC0-301F-11D3-BF4B-00C04F79EFBC}") = "VGtime.Uwp.15063", "VGtime.Uwp.15063\VGtime.Uwp.15063.csproj", "{EAD37BBC-5525-4A4A-82EB-7497666D0F0A}"
EndProject
Project("{FAE04EC0-301F-11D3-BF4B-00C04F79EFBC}") = "VGtime.Utils", "VGtime.Utils\VGtime.Utils.csproj", "{F203414A-213F-4DA2-9C6E-9DF10A450514}"
EndProject
Project("{FAE04EC0-301F-11D3-BF4B-00C04F79EFBC}") = "VGtime.Services", "VGtime.Services\VGtime.Services.csproj", "{5D75A74E-97DB-4113-A9C9-0E44B25073F4}"
EndProject
Project("{FAE04EC0-301F-11D3-BF4B-00C04F79EFBC}") = "VGtime.Services.Test", "VGtime.Services.Test\VGtime.Services.Test.csproj", "{D8DD4D83-EB75-493A-A7FD-E30CAAAE1DED}"
EndProject
Global
	GlobalSection(SolutionConfigurationPlatforms) = preSolution
		Debug|Any CPU = Debug|Any CPU
		Debug|ARM = Debug|ARM
		Debug|x64 = Debug|x64
		Debug|x86 = Debug|x86
		Release|Any CPU = Release|Any CPU
		Release|ARM = Release|ARM
		Release|x64 = Release|x64
		Release|x86 = Release|x86
	EndGlobalSection
	GlobalSection(ProjectConfigurationPlatforms) = postSolution
		{3A47FCD2-8CBC-44F8-B863-618FF5650249}.Debug|Any CPU.ActiveCfg = Debug|Any CPU
		{3A47FCD2-8CBC-44F8-B863-618FF5650249}.Debug|Any CPU.Build.0 = Debug|Any CPU
		{3A47FCD2-8CBC-44F8-B863-618FF5650249}.Debug|ARM.ActiveCfg = Debug|Any CPU
		{3A47FCD2-8CBC-44F8-B863-618FF5650249}.Debug|ARM.Build.0 = Debug|Any CPU
		{3A47FCD2-8CBC-44F8-B863-618FF5650249}.Debug|x64.ActiveCfg = Debug|Any CPU
		{3A47FCD2-8CBC-44F8-B863-618FF5650249}.Debug|x64.Build.0 = Debug|Any CPU
		{3A47FCD2-8CBC-44F8-B863-618FF5650249}.Debug|x86.ActiveCfg = Debug|Any CPU
		{3A47FCD2-8CBC-44F8-B863-618FF5650249}.Debug|x86.Build.0 = Debug|Any CPU
		{3A47FCD2-8CBC-44F8-B863-618FF5650249}.Release|Any CPU.ActiveCfg = Release|Any CPU
		{3A47FCD2-8CBC-44F8-B863-618FF5650249}.Release|Any CPU.Build.0 = Release|Any CPU
		{3A47FCD2-8CBC-44F8-B863-618FF5650249}.Release|ARM.ActiveCfg = Release|Any CPU
		{3A47FCD2-8CBC-44F8-B863-618FF5650249}.Release|ARM.Build.0 = Release|Any CPU
		{3A47FCD2-8CBC-44F8-B863-618FF5650249}.Release|x64.ActiveCfg = Release|Any CPU
		{3A47FCD2-8CBC-44F8-B863-618FF5650249}.Release|x64.Build.0 = Release|Any CPU
		{3A47FCD2-8CBC-44F8-B863-618FF5650249}.Release|x86.ActiveCfg = Release|Any CPU
		{3A47FCD2-8CBC-44F8-B863-618FF5650249}.Release|x86.Build.0 = Release|Any CPU
		{EAD37BBC-5525-4A4A-82EB-7497666D0F0A}.Debug|Any CPU.ActiveCfg = Debug|x86
		{EAD37BBC-5525-4A4A-82EB-7497666D0F0A}.Debug|ARM.ActiveCfg = Debug|ARM
		{EAD37BBC-5525-4A4A-82EB-7497666D0F0A}.Debug|ARM.Build.0 = Debug|ARM
		{EAD37BBC-5525-4A4A-82EB-7497666D0F0A}.Debug|ARM.Deploy.0 = Debug|ARM
		{EAD37BBC-5525-4A4A-82EB-7497666D0F0A}.Debug|x64.ActiveCfg = Debug|x64
		{EAD37BBC-5525-4A4A-82EB-7497666D0F0A}.Debug|x64.Build.0 = Debug|x64
		{EAD37BBC-5525-4A4A-82EB-7497666D0F0A}.Debug|x64.Deploy.0 = Debug|x64
		{EAD37BBC-5525-4A4A-82EB-7497666D0F0A}.Debug|x86.ActiveCfg = Debug|x86
		{EAD37BBC-5525-4A4A-82EB-7497666D0F0A}.Debug|x86.Build.0 = Debug|x86
		{EAD37BBC-5525-4A4A-82EB-7497666D0F0A}.Debug|x86.Deploy.0 = Debug|x86
		{EAD37BBC-5525-4A4A-82EB-7497666D0F0A}.Release|Any CPU.ActiveCfg = Release|x86
		{EAD37BBC-5525-4A4A-82EB-7497666D0F0A}.Release|ARM.ActiveCfg = Release|ARM
		{EAD37BBC-5525-4A4A-82EB-7497666D0F0A}.Release|ARM.Build.0 = Release|ARM
		{EAD37BBC-5525-4A4A-82EB-7497666D0F0A}.Release|ARM.Deploy.0 = Release|ARM
		{EAD37BBC-5525-4A4A-82EB-7497666D0F0A}.Release|x64.ActiveCfg = Release|x64
		{EAD37BBC-5525-4A4A-82EB-7497666D0F0A}.Release|x64.Build.0 = Release|x64
		{EAD37BBC-5525-4A4A-82EB-7497666D0F0A}.Release|x64.Deploy.0 = Release|x64
		{EAD37BBC-5525-4A4A-82EB-7497666D0F0A}.Release|x86.ActiveCfg = Release|x86
		{EAD37BBC-5525-4A4A-82EB-7497666D0F0A}.Release|x86.Build.0 = Release|x86
		{EAD37BBC-5525-4A4A-82EB-7497666D0F0A}.Release|x86.Deploy.0 = Release|x86
		{F203414A-213F-4DA2-9C6E-9DF10A450514}.Debug|Any CPU.ActiveCfg = Debug|Any CPU
		{F203414A-213F-4DA2-9C6E-9DF10A450514}.Debug|Any CPU.Build.0 = Debug|Any CPU
		{F203414A-213F-4DA2-9C6E-9DF10A450514}.Debug|ARM.ActiveCfg = Debug|Any CPU
		{F203414A-213F-4DA2-9C6E-9DF10A450514}.Debug|ARM.Build.0 = Debug|Any CPU
		{F203414A-213F-4DA2-9C6E-9DF10A450514}.Debug|x64.ActiveCfg = Debug|Any CPU
		{F203414A-213F-4DA2-9C6E-9DF10A450514}.Debug|x64.Build.0 = Debug|Any CPU
		{F203414A-213F-4DA2-9C6E-9DF10A450514}.Debug|x86.ActiveCfg = Debug|Any CPU
		{F203414A-213F-4DA2-9C6E-9DF10A450514}.Debug|x86.Build.0 = Debug|Any CPU
		{F203414A-213F-4DA2-9C6E-9DF10A450514}.Release|Any CPU.ActiveCfg = Release|Any CPU
		{F203414A-213F-4DA2-9C6E-9DF10A450514}.Release|Any CPU.Build.0 = Release|Any CPU
		{F203414A-213F-4DA2-9C6E-9DF10A450514}.Release|ARM.ActiveCfg = Release|Any CPU
		{F203414A-213F-4DA2-9C6E-9DF10A450514}.Release|ARM.Build.0 = Release|Any CPU
		{F203414A-213F-4DA2-9C6E-9DF10A450514}.Release|x64.ActiveCfg = Release|Any CPU
		{F203414A-213F-4DA2-9C6E-9DF10A450514}.Release|x64.Build.0 = Release|Any CPU
		{F203414A-213F-4DA2-9C6E-9DF10A450514}.Release|x86.ActiveCfg = Release|Any CPU
		{F203414A-213F-4DA2-9C6E-9DF10A450514}.Release|x86.Build.0 = Release|Any CPU
		{5D75A74E-97DB-4113-A9C9-0E44B25073F4}.Debug|Any CPU.ActiveCfg = Debug|Any CPU
		{5D75A74E-97DB-4113-A9C9-0E44B25073F4}.Debug|Any CPU.Build.0 = Debug|Any CPU
		{5D75A74E-97DB-4113-A9C9-0E44B25073F4}.Debug|ARM.ActiveCfg = Debug|Any CPU
		{5D75A74E-97DB-4113-A9C9-0E44B25073F4}.Debug|ARM.Build.0 = Debug|Any CPU
		{5D75A74E-97DB-4113-A9C9-0E44B25073F4}.Debug|x64.ActiveCfg = Debug|Any CPU
		{5D75A74E-97DB-4113-A9C9-0E44B25073F4}.Debug|x64.Build.0 = Debug|Any CPU
		{5D75A74E-97DB-4113-A9C9-0E44B25073F4}.Debug|x86.ActiveCfg = Debug|Any CPU
		{5D75A74E-97DB-4113-A9C9-0E44B25073F4}.Debug|x86.Build.0 = Debug|Any CPU
		{5D75A74E-97DB-4113-A9C9-0E44B25073F4}.Release|Any CPU.ActiveCfg = Release|Any CPU
		{5D75A74E-97DB-4113-A9C9-0E44B25073F4}.Release|Any CPU.Build.0 = Release|Any CPU
		{5D75A74E-97DB-4113-A9C9-0E44B25073F4}.Release|ARM.ActiveCfg = Release|Any CPU
		{5D75A74E-97DB-4113-A9C9-0E44B25073F4}.Release|ARM.Build.0 = Release|Any CPU
		{5D75A74E-97DB-4113-A9C9-0E44B25073F4}.Release|x64.ActiveCfg = Release|Any CPU
		{5D75A74E-97DB-4113-A9C9-0E44B25073F4}.Release|x64.Build.0 = Release|Any CPU
		{5D75A74E-97DB-4113-A9C9-0E44B25073F4}.Release|x86.ActiveCfg = Release|Any CPU
		{5D75A74E-97DB-4113-A9C9-0E44B25073F4}.Release|x86.Build.0 = Release|Any CPU
		{D8DD4D83-EB75-493A-A7FD-E30CAAAE1DED}.Debug|Any CPU.ActiveCfg = Debug|Any CPU
		{D8DD4D83-EB75-493A-A7FD-E30CAAAE1DED}.Debug|Any CPU.Build.0 = Debug|Any CPU
		{D8DD4D83-EB75-493A-A7FD-E30CAAAE1DED}.Debug|ARM.ActiveCfg = Debug|Any CPU
		{D8DD4D83-EB75-493A-A7FD-E30CAAAE1DED}.Debug|ARM.Build.0 = Debug|Any CPU
		{D8DD4D83-EB75-493A-A7FD-E30CAAAE1DED}.Debug|x64.ActiveCfg = Debug|Any CPU
		{D8DD4D83-EB75-493A-A7FD-E30CAAAE1DED}.Debug|x64.Build.0 = Debug|Any CPU
		{D8DD4D83-EB75-493A-A7FD-E30CAAAE1DED}.Debug|x86.ActiveCfg = Debug|Any CPU
		{D8DD4D83-EB75-493A-A7FD-E30CAAAE1DED}.Debug|x86.Build.0 = Debug|Any CPU
		{D8DD4D83-EB75-493A-A7FD-E30CAAAE1DED}.Release|Any CPU.ActiveCfg = Release|Any CPU
		{D8DD4D83-EB75-493A-A7FD-E30CAAAE1DED}.Release|Any CPU.Build.0 = Release|Any CPU
		{D8DD4D83-EB75-493A-A7FD-E30CAAAE1DED}.Release|ARM.ActiveCfg = Release|Any CPU
		{D8DD4D83-EB75-493A-A7FD-E30CAAAE1DED}.Release|ARM.Build.0 = Release|Any CPU
		{D8DD4D83-EB75-493A-A7FD-E30CAAAE1DED}.Release|x64.ActiveCfg = Release|Any CPU
		{D8DD4D83-EB75-493A-A7FD-E30CAAAE1DED}.Release|x64.Build.0 = Release|Any CPU
		{D8DD4D83-EB75-493A-A7FD-E30CAAAE1DED}.Release|x86.ActiveCfg = Release|Any CPU
		{D8DD4D83-EB75-493A-A7FD-E30CAAAE1DED}.Release|x86.Build.0 = Release|Any CPU
	EndGlobalSection
	GlobalSection(SolutionProperties) = preSolution
		HideSolutionNode = FALSE
	EndGlobalSection
EndGlobal
